// !$*UTF8*$!
{
	archiveVersion = 1;
	classes = {
	};
	objectVersion = 46;
	objects = {

/* Begin PBXBuildFile section */
		203A8D621BE10F4400334D3F /* Assets.xcassets in Resources */ = {isa = PBXBuildFile; fileRef = 203A8D5A1BE10F4400334D3F /* Assets.xcassets */; };
		203A8D631BE10F4400334D3F /* Info.plist in Resources */ = {isa = PBXBuildFile; fileRef = 203A8D5B1BE10F4400334D3F /* Info.plist */; };
		203A8D641BE10F4400334D3F /* Main.storyboard in Resources */ = {isa = PBXBuildFile; fileRef = 203A8D5E1BE10F4400334D3F /* Main.storyboard */; };
		203A8D651BE10F4400334D3F /* AppDelegate.swift in Sources */ = {isa = PBXBuildFile; fileRef = 203A8D601BE10F4400334D3F /* AppDelegate.swift */; };
		203A8D661BE10F4400334D3F /* ViewController.swift in Sources */ = {isa = PBXBuildFile; fileRef = 203A8D611BE10F4400334D3F /* ViewController.swift */; };
		20C902661BE36FC70004608A /* Fabric.framework in Frameworks */ = {isa = PBXBuildFile; fileRef = 20C902641BE36FC70004608A /* Fabric.framework */; };
		20C902671BE36FC70004608A /* Crashlytics.framework in Frameworks */ = {isa = PBXBuildFile; fileRef = 20C902651BE36FC70004608A /* Crashlytics.framework */; };
		20C9026B1BE378570004608A /* Core.framework in Frameworks */ = {isa = PBXBuildFile; fileRef = 20C9026A1BE378570004608A /* Core.framework */; };
		20C9026C1BE378730004608A /* RxSwift.framework in Frameworks */ = {isa = PBXBuildFile; fileRef = CEDCA9D11BD639880000C140 /* RxSwift.framework */; };
		CEFD2BCA1BD1586A000067CD /* App_OSXTests.swift in Sources */ = {isa = PBXBuildFile; fileRef = CEFD2BC91BD1586A000067CD /* App_OSXTests.swift */; };
/* End PBXBuildFile section */

/* Begin PBXContainerItemProxy section */
		CEFD2BC61BD1586A000067CD /* PBXContainerItemProxy */ = {
			isa = PBXContainerItemProxy;
			containerPortal = CEFD2BAC1BD1586A000067CD /* Project object */;
			proxyType = 1;
			remoteGlobalIDString = CEFD2BB31BD1586A000067CD;
			remoteInfo = "App-OSX";
		};
/* End PBXContainerItemProxy section */

/* Begin PBXFileReference section */
		203A8D5A1BE10F4400334D3F /* Assets.xcassets */ = {isa = PBXFileReference; lastKnownFileType = folder.assetcatalog; path = Assets.xcassets; sourceTree = "<group>"; };
		203A8D5B1BE10F4400334D3F /* Info.plist */ = {isa = PBXFileReference; fileEncoding = 4; lastKnownFileType = text.plist.xml; path = Info.plist; sourceTree = "<group>"; };
		203A8D5E1BE10F4400334D3F /* Main.storyboard */ = {isa = PBXFileReference; fileEncoding = 4; lastKnownFileType = file.storyboard; path = Main.storyboard; sourceTree = "<group>"; };
		203A8D601BE10F4400334D3F /* AppDelegate.swift */ = {isa = PBXFileReference; fileEncoding = 4; lastKnownFileType = sourcecode.swift; path = AppDelegate.swift; sourceTree = "<group>"; };
		203A8D611BE10F4400334D3F /* ViewController.swift */ = {isa = PBXFileReference; fileEncoding = 4; lastKnownFileType = sourcecode.swift; path = ViewController.swift; sourceTree = "<group>"; };
		20C902641BE36FC70004608A /* Fabric.framework */ = {isa = PBXFileReference; lastKnownFileType = wrapper.framework; path = Fabric.framework; sourceTree = "<group>"; };
		20C902651BE36FC70004608A /* Crashlytics.framework */ = {isa = PBXFileReference; lastKnownFileType = wrapper.framework; path = Crashlytics.framework; sourceTree = "<group>"; };
		20C9026A1BE378570004608A /* Core.framework */ = {isa = PBXFileReference; lastKnownFileType = wrapper.framework; name = Core.framework; path = "../../../../../../Library/Developer/Xcode/DerivedData/Template1-edutljhphddznlfkgkxodleorbcp/Build/Products/Debug-iphoneos/Core.framework"; sourceTree = "<group>"; };
		CEDCA9D11BD639880000C140 /* RxSwift.framework */ = {isa = PBXFileReference; lastKnownFileType = wrapper.framework; name = RxSwift.framework; path = ../Carthage/Carthage/Build/Mac/RxSwift.framework; sourceTree = "<group>"; };
		CEFD2BB41BD1586A000067CD /* Template1.app */ = {isa = PBXFileReference; explicitFileType = wrapper.application; includeInIndex = 0; path = Template1.app; sourceTree = BUILT_PRODUCTS_DIR; };
		CEFD2BC51BD1586A000067CD /* Template1.xctest */ = {isa = PBXFileReference; explicitFileType = wrapper.cfbundle; includeInIndex = 0; path = Template1.xctest; sourceTree = BUILT_PRODUCTS_DIR; };
		CEFD2BC91BD1586A000067CD /* App_OSXTests.swift */ = {isa = PBXFileReference; lastKnownFileType = sourcecode.swift; path = App_OSXTests.swift; sourceTree = "<group>"; };
		CEFD2BCB1BD1586A000067CD /* Info.plist */ = {isa = PBXFileReference; lastKnownFileType = text.plist.xml; path = Info.plist; sourceTree = "<group>"; };
		CEFD2BD41BD1586A000067CD /* App_OSXUITests.swift */ = {isa = PBXFileReference; lastKnownFileType = sourcecode.swift; path = App_OSXUITests.swift; sourceTree = "<group>"; };
		CEFD2BD61BD1586A000067CD /* Info.plist */ = {isa = PBXFileReference; lastKnownFileType = text.plist.xml; path = Info.plist; sourceTree = "<group>"; };
/* End PBXFileReference section */

/* Begin PBXFrameworksBuildPhase section */
		CEFD2BB11BD1586A000067CD /* Frameworks */ = {
			isa = PBXFrameworksBuildPhase;
			buildActionMask = 2147483647;
			files = (
				20C9026C1BE378730004608A /* RxSwift.framework in Frameworks */,
				20C9026B1BE378570004608A /* Core.framework in Frameworks */,
				20C902671BE36FC70004608A /* Crashlytics.framework in Frameworks */,
				20C902661BE36FC70004608A /* Fabric.framework in Frameworks */,
			);
			runOnlyForDeploymentPostprocessing = 0;
		};
		CEFD2BC21BD1586A000067CD /* Frameworks */ = {
			isa = PBXFrameworksBuildPhase;
			buildActionMask = 2147483647;
			files = (
			);
			runOnlyForDeploymentPostprocessing = 0;
		};
/* End PBXFrameworksBuildPhase section */

/* Begin PBXGroup section */
		203A8D5C1BE10F4400334D3F /* Source */ = {
			isa = PBXGroup;
			children = (
				203A8D5D1BE10F4400334D3F /* Layout */,
				203A8D5F1BE10F4400334D3F /* Swift */,
			);
			path = Source;
			sourceTree = "<group>";
		};
		203A8D5D1BE10F4400334D3F /* Layout */ = {
			isa = PBXGroup;
			children = (
				203A8D5E1BE10F4400334D3F /* Main.storyboard */,
			);
			path = Layout;
			sourceTree = "<group>";
		};
		203A8D5F1BE10F4400334D3F /* Swift */ = {
			isa = PBXGroup;
			children = (
				203A8D601BE10F4400334D3F /* AppDelegate.swift */,
				203A8D611BE10F4400334D3F /* ViewController.swift */,
			);
			path = Swift;
			sourceTree = "<group>";
		};
		CEE6FBCB1BD15AF700594649 /* Frameworks */ = {
			isa = PBXGroup;
			children = (
				20C9026A1BE378570004608A /* Core.framework */,
				20C902641BE36FC70004608A /* Fabric.framework */,
				20C902651BE36FC70004608A /* Crashlytics.framework */,
				CEDCA9D11BD639880000C140 /* RxSwift.framework */,
			);
			name = Frameworks;
			sourceTree = "<group>";
		};
		CEFD2BAB1BD1586A000067CD = {
			isa = PBXGroup;
			children = (
				CEFD2BB61BD1586A000067CD /* Code */,
				CEFD2BC81BD1586A000067CD /* Tests */,
				CEFD2BD31BD1586A000067CD /* UITests */,
				CEE6FBCB1BD15AF700594649 /* Frameworks */,
				CEFD2BB51BD1586A000067CD /* Products */,
			);
			sourceTree = "<group>";
		};
		CEFD2BB51BD1586A000067CD /* Products */ = {
			isa = PBXGroup;
			children = (
				CEFD2BB41BD1586A000067CD /* Template1.app */,
				CEFD2BC51BD1586A000067CD /* Template1.xctest */,
			);
			name = Products;
			sourceTree = "<group>";
		};
		CEFD2BB61BD1586A000067CD /* Code */ = {
			isa = PBXGroup;
			children = (
				203A8D5A1BE10F4400334D3F /* Assets.xcassets */,
				203A8D5B1BE10F4400334D3F /* Info.plist */,
				203A8D5C1BE10F4400334D3F /* Source */,
			);
			path = Code;
			sourceTree = "<group>";
		};
		CEFD2BC81BD1586A000067CD /* Tests */ = {
			isa = PBXGroup;
			children = (
				CEFD2BC91BD1586A000067CD /* App_OSXTests.swift */,
				CEFD2BCB1BD1586A000067CD /* Info.plist */,
			);
			path = Tests;
			sourceTree = "<group>";
		};
		CEFD2BD31BD1586A000067CD /* UITests */ = {
			isa = PBXGroup;
			children = (
				CEFD2BD41BD1586A000067CD /* App_OSXUITests.swift */,
				CEFD2BD61BD1586A000067CD /* Info.plist */,
			);
			path = UITests;
			sourceTree = "<group>";
		};
/* End PBXGroup section */

/* Begin PBXNativeTarget section */
		CEFD2BB31BD1586A000067CD /* Template1 */ = {
			isa = PBXNativeTarget;
			buildConfigurationList = CEFD2BD91BD1586A000067CD /* Build configuration list for PBXNativeTarget "Template1" */;
			buildPhases = (
				CEFD2BB01BD1586A000067CD /* Sources */,
				CEFD2BB11BD1586A000067CD /* Frameworks */,
				CEFD2BB21BD1586A000067CD /* Resources */,
				CEE6FBCF1BD15BD100594649 /* Carthage Script */,
				20C902631BE36F6F0004608A /* Carshalytics */,
			);
			buildRules = (
			);
			dependencies = (
			);
			name = Template1;
			productName = Template1;
			productReference = CEFD2BB41BD1586A000067CD /* Template1.app */;
			productType = "com.apple.product-type.application";
		};
		CEFD2BC41BD1586A000067CD /* Tests */ = {
			isa = PBXNativeTarget;
			buildConfigurationList = CEFD2BDC1BD1586A000067CD /* Build configuration list for PBXNativeTarget "Tests" */;
			buildPhases = (
				CEFD2BC11BD1586A000067CD /* Sources */,
				CEFD2BC21BD1586A000067CD /* Frameworks */,
				CEFD2BC31BD1586A000067CD /* Resources */,
			);
			buildRules = (
			);
			dependencies = (
				CEFD2BC71BD1586A000067CD /* PBXTargetDependency */,
			);
			name = Tests;
			productName = Tests;
			productReference = CEFD2BC51BD1586A000067CD /* Template1.xctest */;
			productType = "com.apple.product-type.bundle.unit-test";
		};
/* End PBXNativeTarget section */

/* Begin PBXProject section */
		CEFD2BAC1BD1586A000067CD /* Project object */ = {
			isa = PBXProject;
			attributes = {
				LastUpgradeCheck = 0700;
				ORGANIZATIONNAME = "Syerit Limited";
				TargetAttributes = {
					CEFD2BB31BD1586A000067CD = {
						CreatedOnToolsVersion = 7.0.1;
					};
					CEFD2BC41BD1586A000067CD = {
						CreatedOnToolsVersion = 7.0.1;
						TestTargetID = CEFD2BB31BD1586A000067CD;
					};
				};
			};
			buildConfigurationList = CEFD2BAF1BD1586A000067CD /* Build configuration list for PBXProject "App-OSX" */;
			compatibilityVersion = "Xcode 3.2";
			developmentRegion = English;
			hasScannedForEncodings = 0;
			knownRegions = (
				en,
				Base,
			);
			mainGroup = CEFD2BAB1BD1586A000067CD;
			productRefGroup = CEFD2BB51BD1586A000067CD /* Products */;
			projectDirPath = "";
			projectRoot = "";
			targets = (
				CEFD2BB31BD1586A000067CD /* Template1 */,
				CEFD2BC41BD1586A000067CD /* Tests */,
			);
		};
/* End PBXProject section */

/* Begin PBXResourcesBuildPhase section */
		CEFD2BB21BD1586A000067CD /* Resources */ = {
			isa = PBXResourcesBuildPhase;
			buildActionMask = 2147483647;
			files = (
				203A8D641BE10F4400334D3F /* Main.storyboard in Resources */,
				203A8D631BE10F4400334D3F /* Info.plist in Resources */,
				203A8D621BE10F4400334D3F /* Assets.xcassets in Resources */,
			);
			runOnlyForDeploymentPostprocessing = 0;
		};
		CEFD2BC31BD1586A000067CD /* Resources */ = {
			isa = PBXResourcesBuildPhase;
			buildActionMask = 2147483647;
			files = (
			);
			runOnlyForDeploymentPostprocessing = 0;
		};
/* End PBXResourcesBuildPhase section */

/* Begin PBXShellScriptBuildPhase section */
		20C902631BE36F6F0004608A /* Carshalytics */ = {
			isa = PBXShellScriptBuildPhase;
			buildActionMask = 2147483647;
			files = (
			);
			inputPaths = (
			);
			name = Carshalytics;
			outputPaths = (
			);
			runOnlyForDeploymentPostprocessing = 0;
			shellPath = /bin/sh;
			shellScript = "./Fabric.framework/run 2fd4e5361e810d659fa0bf5490388ee951d345a6 b015301063be99469649109666ff4a67b4a0aff0b12524cf7d711b033826625a";
		};
		CEE6FBCF1BD15BD100594649 /* Carthage Script */ = {
			isa = PBXShellScriptBuildPhase;
			buildActionMask = 2147483647;
			files = (
			);
			inputPaths = (
				"$(SRCROOT)/../Carthage/Carthage/Build/Mac/RxSwift.framework",
			);
			name = "Carthage Script";
			outputPaths = (
			);
			runOnlyForDeploymentPostprocessing = 0;
			shellPath = /bin/sh;
			shellScript = "/usr/local/bin/carthage copy-frameworks";
		};
/* End PBXShellScriptBuildPhase section */

/* Begin PBXSourcesBuildPhase section */
		CEFD2BB01BD1586A000067CD /* Sources */ = {
			isa = PBXSourcesBuildPhase;
			buildActionMask = 2147483647;
			files = (
				203A8D661BE10F4400334D3F /* ViewController.swift in Sources */,
				203A8D651BE10F4400334D3F /* AppDelegate.swift in Sources */,
			);
			runOnlyForDeploymentPostprocessing = 0;
		};
		CEFD2BC11BD1586A000067CD /* Sources */ = {
			isa = PBXSourcesBuildPhase;
			buildActionMask = 2147483647;
			files = (
				CEFD2BCA1BD1586A000067CD /* App_OSXTests.swift in Sources */,
			);
			runOnlyForDeploymentPostprocessing = 0;
		};
/* End PBXSourcesBuildPhase section */

/* Begin PBXTargetDependency section */
		CEFD2BC71BD1586A000067CD /* PBXTargetDependency */ = {
			isa = PBXTargetDependency;
			target = CEFD2BB31BD1586A000067CD /* Template1 */;
			targetProxy = CEFD2BC61BD1586A000067CD /* PBXContainerItemProxy */;
		};
/* End PBXTargetDependency section */

/* Begin XCBuildConfiguration section */
		CEFD2BD71BD1586A000067CD /* Debug */ = {
			isa = XCBuildConfiguration;
			buildSettings = {
				ALWAYS_SEARCH_USER_PATHS = NO;
				CLANG_CXX_LANGUAGE_STANDARD = "gnu++0x";
				CLANG_CXX_LIBRARY = "libc++";
				CLANG_ENABLE_MODULES = YES;
				CLANG_ENABLE_OBJC_ARC = YES;
				CLANG_WARN_BOOL_CONVERSION = YES;
				CLANG_WARN_CONSTANT_CONVERSION = YES;
				CLANG_WARN_DIRECT_OBJC_ISA_USAGE = YES_ERROR;
				CLANG_WARN_EMPTY_BODY = YES;
				CLANG_WARN_ENUM_CONVERSION = YES;
				CLANG_WARN_INT_CONVERSION = YES;
				CLANG_WARN_OBJC_ROOT_CLASS = YES_ERROR;
				CLANG_WARN_UNREACHABLE_CODE = YES;
				CLANG_WARN__DUPLICATE_METHOD_MATCH = YES;
				CODE_SIGN_IDENTITY = "-";
				COPY_PHASE_STRIP = NO;
				DEBUG_INFORMATION_FORMAT = dwarf;
				ENABLE_STRICT_OBJC_MSGSEND = YES;
				ENABLE_TESTABILITY = YES;
				FRAMEWORK_SEARCH_PATHS = "$(SRCROOT)/../Carthage/Carthage/Build/Mac";
				GCC_C_LANGUAGE_STANDARD = gnu99;
				GCC_DYNAMIC_NO_PIC = NO;
				GCC_NO_COMMON_BLOCKS = YES;
				GCC_OPTIMIZATION_LEVEL = 0;
				GCC_PREPROCESSOR_DEFINITIONS = (
					"DEBUG=1",
					"$(inherited)",
				);
				GCC_WARN_64_TO_32_BIT_CONVERSION = YES;
				GCC_WARN_ABOUT_RETURN_TYPE = YES_ERROR;
				GCC_WARN_UNDECLARED_SELECTOR = YES;
				GCC_WARN_UNINITIALIZED_AUTOS = YES_AGGRESSIVE;
				GCC_WARN_UNUSED_FUNCTION = YES;
				GCC_WARN_UNUSED_VARIABLE = YES;
				MACOSX_DEPLOYMENT_TARGET = 10.10;
				MTL_ENABLE_DEBUG_INFO = YES;
				ONLY_ACTIVE_ARCH = YES;
				SDKROOT = macosx;
				SWIFT_OPTIMIZATION_LEVEL = "-Onone";
			};
			name = Debug;
		};
		CEFD2BD81BD1586A000067CD /* Release */ = {
			isa = XCBuildConfiguration;
			buildSettings = {
				ALWAYS_SEARCH_USER_PATHS = NO;
				CLANG_CXX_LANGUAGE_STANDARD = "gnu++0x";
				CLANG_CXX_LIBRARY = "libc++";
				CLANG_ENABLE_MODULES = YES;
				CLANG_ENABLE_OBJC_ARC = YES;
				CLANG_WARN_BOOL_CONVERSION = YES;
				CLANG_WARN_CONSTANT_CONVERSION = YES;
				CLANG_WARN_DIRECT_OBJC_ISA_USAGE = YES_ERROR;
				CLANG_WARN_EMPTY_BODY = YES;
				CLANG_WARN_ENUM_CONVERSION = YES;
				CLANG_WARN_INT_CONVERSION = YES;
				CLANG_WARN_OBJC_ROOT_CLASS = YES_ERROR;
				CLANG_WARN_UNREACHABLE_CODE = YES;
				CLANG_WARN__DUPLICATE_METHOD_MATCH = YES;
				CODE_SIGN_IDENTITY = "-";
				COPY_PHASE_STRIP = NO;
				DEBUG_INFORMATION_FORMAT = "dwarf-with-dsym";
				ENABLE_NS_ASSERTIONS = NO;
				ENABLE_STRICT_OBJC_MSGSEND = YES;
				FRAMEWORK_SEARCH_PATHS = "$(SRCROOT)/../Carthage/Carthage/Build/Mac";
				GCC_C_LANGUAGE_STANDARD = gnu99;
				GCC_NO_COMMON_BLOCKS = YES;
				GCC_WARN_64_TO_32_BIT_CONVERSION = YES;
				GCC_WARN_ABOUT_RETURN_TYPE = YES_ERROR;
				GCC_WARN_UNDECLARED_SELECTOR = YES;
				GCC_WARN_UNINITIALIZED_AUTOS = YES_AGGRESSIVE;
				GCC_WARN_UNUSED_FUNCTION = YES;
				GCC_WARN_UNUSED_VARIABLE = YES;
				MACOSX_DEPLOYMENT_TARGET = 10.10;
				MTL_ENABLE_DEBUG_INFO = NO;
				SDKROOT = macosx;
			};
			name = Release;
		};
		CEFD2BDA1BD1586A000067CD /* Debug */ = {
			isa = XCBuildConfiguration;
			buildSettings = {
				ASSETCATALOG_COMPILER_APPICON_NAME = AppIcon;
				COMBINE_HIDPI_IMAGES = YES;
				FRAMEWORK_SEARCH_PATHS = (
					"$(inherited)",
					"$(PROJECT_DIR)",
				);
				INFOPLIST_FILE = Code/Info.plist;
				LD_RUNPATH_SEARCH_PATHS = "$(inherited) @executable_path/../Frameworks";
				MACOSX_DEPLOYMENT_TARGET = 10.10;
				PRODUCT_BUNDLE_IDENTIFIER = com.syerit.template1.osx;
				PRODUCT_NAME = Template1;
			};
			name = Debug;
		};
		CEFD2BDB1BD1586A000067CD /* Release */ = {
			isa = XCBuildConfiguration;
			buildSettings = {
				ASSETCATALOG_COMPILER_APPICON_NAME = AppIcon;
				COMBINE_HIDPI_IMAGES = YES;
				FRAMEWORK_SEARCH_PATHS = (
					"$(inherited)",
					"$(PROJECT_DIR)",
				);
				INFOPLIST_FILE = Code/Info.plist;
				LD_RUNPATH_SEARCH_PATHS = "$(inherited) @executable_path/../Frameworks";
				MACOSX_DEPLOYMENT_TARGET = 10.10;
				PRODUCT_BUNDLE_IDENTIFIER = com.syerit.template1.osx;
				PRODUCT_NAME = Template1;
			};
			name = Release;
		};
		CEFD2BDD1BD1586A000067CD /* Debug */ = {
			isa = XCBuildConfiguration;
			buildSettings = {
				BUNDLE_LOADER = "$(TEST_HOST)";
				COMBINE_HIDPI_IMAGES = YES;
				INFOPLIST_FILE = Tests/Info.plist;
				LD_RUNPATH_SEARCH_PATHS = "$(inherited) @executable_path/../Frameworks @loader_path/../Frameworks";
				PRODUCT_BUNDLE_IDENTIFIER = com.Tests;
				PRODUCT_NAME = Template1;
				TEST_HOST = "$(BUILT_PRODUCTS_DIR)/App-OSX.app/Contents/MacOS/App-OSX";
			};
			name = Debug;
		};
		CEFD2BDE1BD1586A000067CD /* Release */ = {
			isa = XCBuildConfiguration;
			buildSettings = {
				BUNDLE_LOADER = "$(TEST_HOST)";
				COMBINE_HIDPI_IMAGES = YES;
				INFOPLIST_FILE = Tests/Info.plist;
				LD_RUNPATH_SEARCH_PATHS = "$(inherited) @executable_path/../Frameworks @loader_path/../Frameworks";
				PRODUCT_BUNDLE_IDENTIFIER = com.Tests;
				PRODUCT_NAME = Template1;
				TEST_HOST = "$(BUILT_PRODUCTS_DIR)/App-OSX.app/Contents/MacOS/App-OSX";
			};
			name = Release;
		};
/* End XCBuildConfiguration section */

/* Begin XCConfigurationList section */
		CEFD2BAF1BD1586A000067CD /* Build configuration list for PBXProject "App-OSX" */ = {
			isa = XCConfigurationList;
			buildConfigurations = (
				CEFD2BD71BD1586A000067CD /* Debug */,
				CEFD2BD81BD1586A000067CD /* Release */,
			);
			defaultConfigurationIsVisible = 0;
			defaultConfigurationName = Release;
		};
		CEFD2BD91BD1586A000067CD /* Build configuration list for PBXNativeTarget "Template1" */ = {
			isa = XCConfigurationList;
			buildConfigurations = (
				CEFD2BDA1BD1586A000067CD /* Debug */,
				CEFD2BDB1BD1586A000067CD /* Release */,
			);
			defaultConfigurationIsVisible = 0;
			defaultConfigurationName = Release;
		};
		CEFD2BDC1BD1586A000067CD /* Build configuration list for PBXNativeTarget "Tests" */ = {
			isa = XCConfigurationList;
			buildConfigurations = (
				CEFD2BDD1BD1586A000067CD /* Debug */,
				CEFD2BDE1BD1586A000067CD /* Release */,
			);
			defaultConfigurationIsVisible = 0;
			defaultConfigurationName = Release;
		};
/* End XCConfigurationList section */
	};
	rootObject = CEFD2BAC1BD1586A000067CD /* Project object */;
}
