// !$*UTF8*$!
{
	archiveVersion = 1;
	classes = {
	};
	objectVersion = 46;
	objects = {

/* Begin PBXBuildFile section */
		06DC07A3EEC0CFABAC185879 /* Pods_App_Watch_Extension.framework in Frameworks */ = {isa = PBXBuildFile; fileRef = EFD785C17B3403E7646254F4 /* Pods_App_Watch_Extension.framework */; };
		203EF1AC1BF1DFA200BA42B7 /* App_iOSTests.swift in Sources */ = {isa = PBXBuildFile; fileRef = 203EF1AB1BF1DFA200BA42B7 /* App_iOSTests.swift */; };
		203EF1B71BF1DFA200BA42B7 /* App_iOSUITests.swift in Sources */ = {isa = PBXBuildFile; fileRef = 203EF1B61BF1DFA200BA42B7 /* App_iOSUITests.swift */; };
		203EF1D31BF1DFE100BA42B7 /* App_Watch Extension.appex in Embed App Extensions */ = {isa = PBXBuildFile; fileRef = 203EF1D21BF1DFE100BA42B7 /* App_Watch Extension.appex */; settings = {ATTRIBUTES = (RemoveHeadersOnCopy, ); }; };
		203EF1E41BF1DFE100BA42B7 /* App_Watch.app in Embed Watch Content */ = {isa = PBXBuildFile; fileRef = 203EF1C61BF1DFE100BA42B7 /* App_Watch.app */; };
		20F0AA8E1BF21BEB00835C79 /* App_iOS.xcdatamodeld in Sources */ = {isa = PBXBuildFile; fileRef = 20F0AA6C1BF21BEB00835C79 /* App_iOS.xcdatamodeld */; };
		20F0AA8F1BF21BEB00835C79 /* Assets.xcassets in Resources */ = {isa = PBXBuildFile; fileRef = 20F0AA6E1BF21BEB00835C79 /* Assets.xcassets */; };
		20F0AA901BF21BEB00835C79 /* Info.plist in Resources */ = {isa = PBXBuildFile; fileRef = 20F0AA6F1BF21BEB00835C79 /* Info.plist */; };
		20F0AA911BF21BEB00835C79 /* ImageCell.xib in Resources */ = {isa = PBXBuildFile; fileRef = 20F0AA721BF21BEB00835C79 /* ImageCell.xib */; };
		20F0AA921BF21BEB00835C79 /* LaunchScreen.xib in Resources */ = {isa = PBXBuildFile; fileRef = 20F0AA731BF21BEB00835C79 /* LaunchScreen.xib */; };
		20F0AA931BF21BEB00835C79 /* Main.storyboard in Resources */ = {isa = PBXBuildFile; fileRef = 20F0AA741BF21BEB00835C79 /* Main.storyboard */; };
		20F0AA941BF21BEB00835C79 /* AwsViewCell.xib in Resources */ = {isa = PBXBuildFile; fileRef = 20F0AA751BF21BEB00835C79 /* AwsViewCell.xib */; };
		20F0AA951BF21BEB00835C79 /* SearchCell.xib in Resources */ = {isa = PBXBuildFile; fileRef = 20F0AA761BF21BEB00835C79 /* SearchCell.xib */; };
		20F0AA971BF21BEB00835C79 /* AppDelegate.swift in Sources */ = {isa = PBXBuildFile; fileRef = 20F0AA7C1BF21BEB00835C79 /* AppDelegate.swift */; };
		20F0AA981BF21BEB00835C79 /* ApplicationAssembly.swift in Sources */ = {isa = PBXBuildFile; fileRef = 20F0AA7D1BF21BEB00835C79 /* ApplicationAssembly.swift */; };
		20F0AA991BF21BEB00835C79 /* AwsViewController.swift in Sources */ = {isa = PBXBuildFile; fileRef = 20F0AA7E1BF21BEB00835C79 /* AwsViewController.swift */; };
		20F0AA9A1BF21BEB00835C79 /* CameraViewController.swift in Sources */ = {isa = PBXBuildFile; fileRef = 20F0AA7F1BF21BEB00835C79 /* CameraViewController.swift */; };
		20F0AA9B1BF21BEB00835C79 /* CollectionViewController.swift in Sources */ = {isa = PBXBuildFile; fileRef = 20F0AA801BF21BEB00835C79 /* CollectionViewController.swift */; };
		20F0AA9C1BF21BEB00835C79 /* CollectionViewImageCell.swift in Sources */ = {isa = PBXBuildFile; fileRef = 20F0AA811BF21BEB00835C79 /* CollectionViewImageCell.swift */; };
		20F0AA9D1BF21BEB00835C79 /* GridCell.swift in Sources */ = {isa = PBXBuildFile; fileRef = 20F0AA821BF21BEB00835C79 /* GridCell.swift */; };
		20F0AA9E1BF21BEB00835C79 /* ImageService.swift in Sources */ = {isa = PBXBuildFile; fileRef = 20F0AA831BF21BEB00835C79 /* ImageService.swift */; };
		20F0AA9F1BF21BEB00835C79 /* LoginViewController.swift in Sources */ = {isa = PBXBuildFile; fileRef = 20F0AA841BF21BEB00835C79 /* LoginViewController.swift */; };
		20F0AAA01BF21BEB00835C79 /* MapsViewController.swift in Sources */ = {isa = PBXBuildFile; fileRef = 20F0AA851BF21BEB00835C79 /* MapsViewController.swift */; };
		20F0AAA11BF21BEB00835C79 /* MenuItemViewCell.swift in Sources */ = {isa = PBXBuildFile; fileRef = 20F0AA861BF21BEB00835C79 /* MenuItemViewCell.swift */; };
		20F0AAA21BF21BEB00835C79 /* MenuViewController.swift in Sources */ = {isa = PBXBuildFile; fileRef = 20F0AA871BF21BEB00835C79 /* MenuViewController.swift */; };
		20F0AAA31BF21BEB00835C79 /* SearchCell.swift in Sources */ = {isa = PBXBuildFile; fileRef = 20F0AA881BF21BEB00835C79 /* SearchCell.swift */; };
		20F0AAA41BF21BEB00835C79 /* SearchResultViewModel.swift in Sources */ = {isa = PBXBuildFile; fileRef = 20F0AA891BF21BEB00835C79 /* SearchResultViewModel.swift */; };
		20F0AAA51BF21BEB00835C79 /* SearchViewController.swift in Sources */ = {isa = PBXBuildFile; fileRef = 20F0AA8A1BF21BEB00835C79 /* SearchViewController.swift */; };
		20F0AAA61BF21BEB00835C79 /* SearchViewModel.swift in Sources */ = {isa = PBXBuildFile; fileRef = 20F0AA8B1BF21BEB00835C79 /* SearchViewModel.swift */; };
		20F0AAA71BF21BEB00835C79 /* ViewController.swift in Sources */ = {isa = PBXBuildFile; fileRef = 20F0AA8C1BF21BEB00835C79 /* ViewController.swift */; };
		20F0AAA81BF21BEB00835C79 /* Wireframe.swift in Sources */ = {isa = PBXBuildFile; fileRef = 20F0AA8D1BF21BEB00835C79 /* Wireframe.swift */; };
		20F0AAAC1BF21F7000835C79 /* SWRevealViewController.m in Sources */ = {isa = PBXBuildFile; fileRef = 20F0AAAB1BF21F7000835C79 /* SWRevealViewController.m */; };
		20F0AAE11BF2273500835C79 /* Assets.xcassets in Resources */ = {isa = PBXBuildFile; fileRef = 20F0AADB1BF2273500835C79 /* Assets.xcassets */; };
		20F0AAE21BF2273500835C79 /* ExtensionDelegate.swift in Sources */ = {isa = PBXBuildFile; fileRef = 20F0AADC1BF2273500835C79 /* ExtensionDelegate.swift */; };
		20F0AAE31BF2273500835C79 /* Info.plist in Resources */ = {isa = PBXBuildFile; fileRef = 20F0AADD1BF2273500835C79 /* Info.plist */; };
		20F0AAE41BF2273500835C79 /* InterfaceController.swift in Sources */ = {isa = PBXBuildFile; fileRef = 20F0AADE1BF2273500835C79 /* InterfaceController.swift */; };
		20F0AAE51BF2273500835C79 /* NotificationController.swift in Sources */ = {isa = PBXBuildFile; fileRef = 20F0AADF1BF2273500835C79 /* NotificationController.swift */; };
		20F0AAE61BF2273500835C79 /* PushNotificationPayload.apns in Resources */ = {isa = PBXBuildFile; fileRef = 20F0AAE01BF2273500835C79 /* PushNotificationPayload.apns */; };
		20F0AAEC1BF2274000835C79 /* Assets.xcassets in Resources */ = {isa = PBXBuildFile; fileRef = 20F0AAE81BF2274000835C79 /* Assets.xcassets */; };
		20F0AAED1BF2274000835C79 /* Interface.storyboard in Resources */ = {isa = PBXBuildFile; fileRef = 20F0AAE91BF2274000835C79 /* Interface.storyboard */; };
		20F0AAEE1BF2274000835C79 /* Info.plist in Resources */ = {isa = PBXBuildFile; fileRef = 20F0AAEB1BF2274000835C79 /* Info.plist */; };
		20F0AAF01BF24AB900835C79 /* AwsViewCell.swift in Sources */ = {isa = PBXBuildFile; fileRef = 20F0AAEF1BF24AB900835C79 /* AwsViewCell.swift */; };
		3FA0787683929F81EE2C3D1E /* Pods_App_iOS.framework in Frameworks */ = {isa = PBXBuildFile; fileRef = F935F2C1605ACD48F7A5E537 /* Pods_App_iOS.framework */; };
		44AE05A131709412B87F82FD /* Pods_App_iOS.framework in Frameworks */ = {isa = PBXBuildFile; fileRef = F935F2C1605ACD48F7A5E537 /* Pods_App_iOS.framework */; };
		B5E03AE2E97E70ABEA5F1C0B /* Pods_App_iOS.framework in Frameworks */ = {isa = PBXBuildFile; fileRef = F935F2C1605ACD48F7A5E537 /* Pods_App_iOS.framework */; };
/* End PBXBuildFile section */

/* Begin PBXContainerItemProxy section */
		203EF1A81BF1DFA200BA42B7 /* PBXContainerItemProxy */ = {
			isa = PBXContainerItemProxy;
			containerPortal = 203EF1881BF1DFA200BA42B7 /* Project object */;
			proxyType = 1;
			remoteGlobalIDString = 203EF18F1BF1DFA200BA42B7;
			remoteInfo = App_iOS;
		};
		203EF1B31BF1DFA200BA42B7 /* PBXContainerItemProxy */ = {
			isa = PBXContainerItemProxy;
			containerPortal = 203EF1881BF1DFA200BA42B7 /* Project object */;
			proxyType = 1;
			remoteGlobalIDString = 203EF18F1BF1DFA200BA42B7;
			remoteInfo = App_iOS;
		};
		203EF1D41BF1DFE100BA42B7 /* PBXContainerItemProxy */ = {
			isa = PBXContainerItemProxy;
			containerPortal = 203EF1881BF1DFA200BA42B7 /* Project object */;
			proxyType = 1;
			remoteGlobalIDString = 203EF1D11BF1DFE100BA42B7;
			remoteInfo = "App_Watch Extension";
		};
		203EF1E21BF1DFE100BA42B7 /* PBXContainerItemProxy */ = {
			isa = PBXContainerItemProxy;
			containerPortal = 203EF1881BF1DFA200BA42B7 /* Project object */;
			proxyType = 1;
			remoteGlobalIDString = 203EF1C51BF1DFE100BA42B7;
			remoteInfo = App_Watch;
		};
/* End PBXContainerItemProxy section */

/* Begin PBXCopyFilesBuildPhase section */
		203EF1E81BF1DFE100BA42B7 /* Embed App Extensions */ = {
			isa = PBXCopyFilesBuildPhase;
			buildActionMask = 2147483647;
			dstPath = "";
			dstSubfolderSpec = 13;
			files = (
				203EF1D31BF1DFE100BA42B7 /* App_Watch Extension.appex in Embed App Extensions */,
			);
			name = "Embed App Extensions";
			runOnlyForDeploymentPostprocessing = 0;
		};
		203EF1EC1BF1DFE100BA42B7 /* Embed Watch Content */ = {
			isa = PBXCopyFilesBuildPhase;
			buildActionMask = 2147483647;
			dstPath = "$(CONTENTS_FOLDER_PATH)/Watch";
			dstSubfolderSpec = 16;
			files = (
				203EF1E41BF1DFE100BA42B7 /* App_Watch.app in Embed Watch Content */,
			);
			name = "Embed Watch Content";
			runOnlyForDeploymentPostprocessing = 0;
		};
/* End PBXCopyFilesBuildPhase section */

/* Begin PBXFileReference section */
		203EF1901BF1DFA200BA42B7 /* App_iOS.app */ = {isa = PBXFileReference; explicitFileType = wrapper.application; includeInIndex = 0; path = App_iOS.app; sourceTree = BUILT_PRODUCTS_DIR; };
		203EF1A71BF1DFA200BA42B7 /* App_iOSTests.xctest */ = {isa = PBXFileReference; explicitFileType = wrapper.cfbundle; includeInIndex = 0; path = App_iOSTests.xctest; sourceTree = BUILT_PRODUCTS_DIR; };
		203EF1AB1BF1DFA200BA42B7 /* App_iOSTests.swift */ = {isa = PBXFileReference; lastKnownFileType = sourcecode.swift; path = App_iOSTests.swift; sourceTree = "<group>"; };
		203EF1AD1BF1DFA200BA42B7 /* Info.plist */ = {isa = PBXFileReference; lastKnownFileType = text.plist.xml; path = Info.plist; sourceTree = "<group>"; };
		203EF1B21BF1DFA200BA42B7 /* App_iOSUITests.xctest */ = {isa = PBXFileReference; explicitFileType = wrapper.cfbundle; includeInIndex = 0; path = App_iOSUITests.xctest; sourceTree = BUILT_PRODUCTS_DIR; };
		203EF1B61BF1DFA200BA42B7 /* App_iOSUITests.swift */ = {isa = PBXFileReference; lastKnownFileType = sourcecode.swift; path = App_iOSUITests.swift; sourceTree = "<group>"; };
		203EF1B81BF1DFA200BA42B7 /* Info.plist */ = {isa = PBXFileReference; lastKnownFileType = text.plist.xml; path = Info.plist; sourceTree = "<group>"; };
		203EF1C61BF1DFE100BA42B7 /* App_Watch.app */ = {isa = PBXFileReference; explicitFileType = wrapper.application; includeInIndex = 0; path = App_Watch.app; sourceTree = BUILT_PRODUCTS_DIR; };
		203EF1D21BF1DFE100BA42B7 /* App_Watch Extension.appex */ = {isa = PBXFileReference; explicitFileType = "wrapper.app-extension"; includeInIndex = 0; path = "App_Watch Extension.appex"; sourceTree = BUILT_PRODUCTS_DIR; };
		20F0AA6D1BF21BEB00835C79 /* Template1_iOS.xcdatamodel */ = {isa = PBXFileReference; lastKnownFileType = wrapper.xcdatamodel; path = Template1_iOS.xcdatamodel; sourceTree = "<group>"; };
		20F0AA6E1BF21BEB00835C79 /* Assets.xcassets */ = {isa = PBXFileReference; lastKnownFileType = folder.assetcatalog; path = Assets.xcassets; sourceTree = "<group>"; };
		20F0AA6F1BF21BEB00835C79 /* Info.plist */ = {isa = PBXFileReference; fileEncoding = 4; lastKnownFileType = text.plist.xml; path = Info.plist; sourceTree = "<group>"; };
		20F0AA721BF21BEB00835C79 /* ImageCell.xib */ = {isa = PBXFileReference; fileEncoding = 4; lastKnownFileType = file.xib; path = ImageCell.xib; sourceTree = "<group>"; };
		20F0AA731BF21BEB00835C79 /* LaunchScreen.xib */ = {isa = PBXFileReference; fileEncoding = 4; lastKnownFileType = file.xib; path = LaunchScreen.xib; sourceTree = "<group>"; };
		20F0AA741BF21BEB00835C79 /* Main.storyboard */ = {isa = PBXFileReference; fileEncoding = 4; lastKnownFileType = file.storyboard; path = Main.storyboard; sourceTree = "<group>"; };
		20F0AA751BF21BEB00835C79 /* AwsViewCell.xib */ = {isa = PBXFileReference; fileEncoding = 4; lastKnownFileType = file.xib; path = AwsViewCell.xib; sourceTree = "<group>"; };
		20F0AA761BF21BEB00835C79 /* SearchCell.xib */ = {isa = PBXFileReference; fileEncoding = 4; lastKnownFileType = file.xib; path = SearchCell.xib; sourceTree = "<group>"; };
		20F0AA7C1BF21BEB00835C79 /* AppDelegate.swift */ = {isa = PBXFileReference; fileEncoding = 4; lastKnownFileType = sourcecode.swift; path = AppDelegate.swift; sourceTree = "<group>"; };
		20F0AA7D1BF21BEB00835C79 /* ApplicationAssembly.swift */ = {isa = PBXFileReference; fileEncoding = 4; lastKnownFileType = sourcecode.swift; path = ApplicationAssembly.swift; sourceTree = "<group>"; };
		20F0AA7E1BF21BEB00835C79 /* AwsViewController.swift */ = {isa = PBXFileReference; fileEncoding = 4; lastKnownFileType = sourcecode.swift; path = AwsViewController.swift; sourceTree = "<group>"; };
		20F0AA7F1BF21BEB00835C79 /* CameraViewController.swift */ = {isa = PBXFileReference; fileEncoding = 4; lastKnownFileType = sourcecode.swift; path = CameraViewController.swift; sourceTree = "<group>"; };
		20F0AA801BF21BEB00835C79 /* CollectionViewController.swift */ = {isa = PBXFileReference; fileEncoding = 4; lastKnownFileType = sourcecode.swift; path = CollectionViewController.swift; sourceTree = "<group>"; };
		20F0AA811BF21BEB00835C79 /* CollectionViewImageCell.swift */ = {isa = PBXFileReference; fileEncoding = 4; lastKnownFileType = sourcecode.swift; path = CollectionViewImageCell.swift; sourceTree = "<group>"; };
		20F0AA821BF21BEB00835C79 /* GridCell.swift */ = {isa = PBXFileReference; fileEncoding = 4; lastKnownFileType = sourcecode.swift; path = GridCell.swift; sourceTree = "<group>"; };
		20F0AA831BF21BEB00835C79 /* ImageService.swift */ = {isa = PBXFileReference; fileEncoding = 4; lastKnownFileType = sourcecode.swift; path = ImageService.swift; sourceTree = "<group>"; };
		20F0AA841BF21BEB00835C79 /* LoginViewController.swift */ = {isa = PBXFileReference; fileEncoding = 4; lastKnownFileType = sourcecode.swift; path = LoginViewController.swift; sourceTree = "<group>"; };
		20F0AA851BF21BEB00835C79 /* MapsViewController.swift */ = {isa = PBXFileReference; fileEncoding = 4; lastKnownFileType = sourcecode.swift; path = MapsViewController.swift; sourceTree = "<group>"; };
		20F0AA861BF21BEB00835C79 /* MenuItemViewCell.swift */ = {isa = PBXFileReference; fileEncoding = 4; lastKnownFileType = sourcecode.swift; path = MenuItemViewCell.swift; sourceTree = "<group>"; };
		20F0AA871BF21BEB00835C79 /* MenuViewController.swift */ = {isa = PBXFileReference; fileEncoding = 4; lastKnownFileType = sourcecode.swift; path = MenuViewController.swift; sourceTree = "<group>"; };
		20F0AA881BF21BEB00835C79 /* SearchCell.swift */ = {isa = PBXFileReference; fileEncoding = 4; lastKnownFileType = sourcecode.swift; path = SearchCell.swift; sourceTree = "<group>"; };
		20F0AA891BF21BEB00835C79 /* SearchResultViewModel.swift */ = {isa = PBXFileReference; fileEncoding = 4; lastKnownFileType = sourcecode.swift; path = SearchResultViewModel.swift; sourceTree = "<group>"; };
		20F0AA8A1BF21BEB00835C79 /* SearchViewController.swift */ = {isa = PBXFileReference; fileEncoding = 4; lastKnownFileType = sourcecode.swift; path = SearchViewController.swift; sourceTree = "<group>"; };
		20F0AA8B1BF21BEB00835C79 /* SearchViewModel.swift */ = {isa = PBXFileReference; fileEncoding = 4; lastKnownFileType = sourcecode.swift; path = SearchViewModel.swift; sourceTree = "<group>"; };
		20F0AA8C1BF21BEB00835C79 /* ViewController.swift */ = {isa = PBXFileReference; fileEncoding = 4; lastKnownFileType = sourcecode.swift; path = ViewController.swift; sourceTree = "<group>"; };
		20F0AA8D1BF21BEB00835C79 /* Wireframe.swift */ = {isa = PBXFileReference; fileEncoding = 4; lastKnownFileType = sourcecode.swift; path = Wireframe.swift; sourceTree = "<group>"; };
		20F0AAA91BF21F7000835C79 /* App_iOS-Bridging-Header.h */ = {isa = PBXFileReference; lastKnownFileType = sourcecode.c.h; path = "App_iOS-Bridging-Header.h"; sourceTree = "<group>"; };
		20F0AAAA1BF21F7000835C79 /* SWRevealViewController.h */ = {isa = PBXFileReference; fileEncoding = 4; lastKnownFileType = sourcecode.c.h; path = SWRevealViewController.h; sourceTree = "<group>"; };
		20F0AAAB1BF21F7000835C79 /* SWRevealViewController.m */ = {isa = PBXFileReference; fileEncoding = 4; lastKnownFileType = sourcecode.c.objc; path = SWRevealViewController.m; sourceTree = "<group>"; };
		20F0AADB1BF2273500835C79 /* Assets.xcassets */ = {isa = PBXFileReference; lastKnownFileType = folder.assetcatalog; path = Assets.xcassets; sourceTree = "<group>"; };
		20F0AADC1BF2273500835C79 /* ExtensionDelegate.swift */ = {isa = PBXFileReference; fileEncoding = 4; lastKnownFileType = sourcecode.swift; path = ExtensionDelegate.swift; sourceTree = "<group>"; };
		20F0AADD1BF2273500835C79 /* Info.plist */ = {isa = PBXFileReference; fileEncoding = 4; lastKnownFileType = text.plist.xml; path = Info.plist; sourceTree = "<group>"; };
		20F0AADE1BF2273500835C79 /* InterfaceController.swift */ = {isa = PBXFileReference; fileEncoding = 4; lastKnownFileType = sourcecode.swift; path = InterfaceController.swift; sourceTree = "<group>"; };
		20F0AADF1BF2273500835C79 /* NotificationController.swift */ = {isa = PBXFileReference; fileEncoding = 4; lastKnownFileType = sourcecode.swift; path = NotificationController.swift; sourceTree = "<group>"; };
		20F0AAE01BF2273500835C79 /* PushNotificationPayload.apns */ = {isa = PBXFileReference; fileEncoding = 4; lastKnownFileType = text; path = PushNotificationPayload.apns; sourceTree = "<group>"; };
		20F0AAE81BF2274000835C79 /* Assets.xcassets */ = {isa = PBXFileReference; lastKnownFileType = folder.assetcatalog; path = Assets.xcassets; sourceTree = "<group>"; };
		20F0AAEA1BF2274000835C79 /* Base */ = {isa = PBXFileReference; lastKnownFileType = file.storyboard; name = Base; path = Base.lproj/Interface.storyboard; sourceTree = "<group>"; };
		20F0AAEB1BF2274000835C79 /* Info.plist */ = {isa = PBXFileReference; fileEncoding = 4; lastKnownFileType = text.plist.xml; path = Info.plist; sourceTree = "<group>"; };
		20F0AAEF1BF24AB900835C79 /* AwsViewCell.swift */ = {isa = PBXFileReference; fileEncoding = 4; lastKnownFileType = sourcecode.swift; path = AwsViewCell.swift; sourceTree = "<group>"; };
		743228E06495397979B790B6 /* Pods-App_iOS.debug.xcconfig */ = {isa = PBXFileReference; includeInIndex = 1; lastKnownFileType = text.xcconfig; name = "Pods-App_iOS.debug.xcconfig"; path = "../Pods/Target Support Files/Pods-App_iOS/Pods-App_iOS.debug.xcconfig"; sourceTree = "<group>"; };
		7B123E9A31D1B29A84D9C8FC /* Pods-App_iOS.release.xcconfig */ = {isa = PBXFileReference; includeInIndex = 1; lastKnownFileType = text.xcconfig; name = "Pods-App_iOS.release.xcconfig"; path = "../Pods/Target Support Files/Pods-App_iOS/Pods-App_iOS.release.xcconfig"; sourceTree = "<group>"; };
		AC5F8F3DC35F8CAA84F505E7 /* Pods-App_Watch Extension.release.xcconfig */ = {isa = PBXFileReference; includeInIndex = 1; lastKnownFileType = text.xcconfig; name = "Pods-App_Watch Extension.release.xcconfig"; path = "../Pods/Target Support Files/Pods-App_Watch Extension/Pods-App_Watch Extension.release.xcconfig"; sourceTree = "<group>"; };
		EFD785C17B3403E7646254F4 /* Pods_App_Watch_Extension.framework */ = {isa = PBXFileReference; explicitFileType = wrapper.framework; includeInIndex = 0; path = Pods_App_Watch_Extension.framework; sourceTree = BUILT_PRODUCTS_DIR; };
		F935F2C1605ACD48F7A5E537 /* Pods_App_iOS.framework */ = {isa = PBXFileReference; explicitFileType = wrapper.framework; includeInIndex = 0; path = Pods_App_iOS.framework; sourceTree = BUILT_PRODUCTS_DIR; };
		FFA02D86D9B4C4EDEA5852C9 /* Pods-App_Watch Extension.debug.xcconfig */ = {isa = PBXFileReference; includeInIndex = 1; lastKnownFileType = text.xcconfig; name = "Pods-App_Watch Extension.debug.xcconfig"; path = "../Pods/Target Support Files/Pods-App_Watch Extension/Pods-App_Watch Extension.debug.xcconfig"; sourceTree = "<group>"; };
/* End PBXFileReference section */

/* Begin PBXFrameworksBuildPhase section */
		203EF18D1BF1DFA200BA42B7 /* Frameworks */ = {
			isa = PBXFrameworksBuildPhase;
			buildActionMask = 2147483647;
			files = (
				44AE05A131709412B87F82FD /* Pods_App_iOS.framework in Frameworks */,
			);
			runOnlyForDeploymentPostprocessing = 0;
		};
		203EF1A41BF1DFA200BA42B7 /* Frameworks */ = {
			isa = PBXFrameworksBuildPhase;
			buildActionMask = 2147483647;
			files = (
				B5E03AE2E97E70ABEA5F1C0B /* Pods_App_iOS.framework in Frameworks */,
			);
			runOnlyForDeploymentPostprocessing = 0;
		};
		203EF1AF1BF1DFA200BA42B7 /* Frameworks */ = {
			isa = PBXFrameworksBuildPhase;
			buildActionMask = 2147483647;
			files = (
				3FA0787683929F81EE2C3D1E /* Pods_App_iOS.framework in Frameworks */,
			);
			runOnlyForDeploymentPostprocessing = 0;
		};
		203EF1CF1BF1DFE100BA42B7 /* Frameworks */ = {
			isa = PBXFrameworksBuildPhase;
			buildActionMask = 2147483647;
			files = (
				06DC07A3EEC0CFABAC185879 /* Pods_App_Watch_Extension.framework in Frameworks */,
			);
			runOnlyForDeploymentPostprocessing = 0;
		};
/* End PBXFrameworksBuildPhase section */

/* Begin PBXGroup section */
		203EF1871BF1DFA200BA42B7 = {
			isa = PBXGroup;
			children = (
				20F0AACD1BF2271800835C79 /* App_Watch */,
				203EF1921BF1DFA200BA42B7 /* Code */,
				203EF1AA1BF1DFA200BA42B7 /* Tests */,
				203EF1B51BF1DFA200BA42B7 /* UITests */,
				203EF1911BF1DFA200BA42B7 /* Products */,
				A7B03557B0F90D73DC841DEB /* Pods */,
				9E1E50DD7180338B52634B36 /* Frameworks */,
			);
			sourceTree = "<group>";
		};
		203EF1911BF1DFA200BA42B7 /* Products */ = {
			isa = PBXGroup;
			children = (
				203EF1901BF1DFA200BA42B7 /* App_iOS.app */,
				203EF1A71BF1DFA200BA42B7 /* App_iOSTests.xctest */,
				203EF1B21BF1DFA200BA42B7 /* App_iOSUITests.xctest */,
				203EF1C61BF1DFE100BA42B7 /* App_Watch.app */,
				203EF1D21BF1DFE100BA42B7 /* App_Watch Extension.appex */,
			);
			name = Products;
			sourceTree = "<group>";
		};
		203EF1921BF1DFA200BA42B7 /* Code */ = {
			isa = PBXGroup;
			children = (
				20F0AA6C1BF21BEB00835C79 /* App_iOS.xcdatamodeld */,
				20F0AA6E1BF21BEB00835C79 /* Assets.xcassets */,
				20F0AA6F1BF21BEB00835C79 /* Info.plist */,
				20F0AA701BF21BEB00835C79 /* Source */,
			);
			path = Code;
			sourceTree = "<group>";
		};
		203EF1AA1BF1DFA200BA42B7 /* Tests */ = {
			isa = PBXGroup;
			children = (
				203EF1AB1BF1DFA200BA42B7 /* App_iOSTests.swift */,
				203EF1AD1BF1DFA200BA42B7 /* Info.plist */,
			);
			path = Tests;
			sourceTree = "<group>";
		};
		203EF1B51BF1DFA200BA42B7 /* UITests */ = {
			isa = PBXGroup;
			children = (
				203EF1B61BF1DFA200BA42B7 /* App_iOSUITests.swift */,
				203EF1B81BF1DFA200BA42B7 /* Info.plist */,
			);
			path = UITests;
			sourceTree = "<group>";
		};
		20F0AA701BF21BEB00835C79 /* Source */ = {
			isa = PBXGroup;
			children = (
				20F0AA711BF21BEB00835C79 /* Layout */,
				20F0AA771BF21BEB00835C79 /* Objc */,
				20F0AA7B1BF21BEB00835C79 /* Swift */,
			);
			path = Source;
			sourceTree = "<group>";
		};
		20F0AA711BF21BEB00835C79 /* Layout */ = {
			isa = PBXGroup;
			children = (
				20F0AA721BF21BEB00835C79 /* ImageCell.xib */,
				20F0AA731BF21BEB00835C79 /* LaunchScreen.xib */,
				20F0AA741BF21BEB00835C79 /* Main.storyboard */,
				20F0AA751BF21BEB00835C79 /* AwsViewCell.xib */,
				20F0AA761BF21BEB00835C79 /* SearchCell.xib */,
			);
			path = Layout;
			sourceTree = "<group>";
		};
		20F0AA771BF21BEB00835C79 /* Objc */ = {
			isa = PBXGroup;
			children = (
				20F0AAAA1BF21F7000835C79 /* SWRevealViewController.h */,
				20F0AAAB1BF21F7000835C79 /* SWRevealViewController.m */,
				20F0AAA91BF21F7000835C79 /* App_iOS-Bridging-Header.h */,
			);
			path = Objc;
			sourceTree = "<group>";
		};
		20F0AA7B1BF21BEB00835C79 /* Swift */ = {
			isa = PBXGroup;
			children = (
				20F0AAF41BF257A200835C79 /* Assembly */,
				20F0AAF31BF2577F00835C79 /* Model */,
				20F0AAF21BF2575A00835C79 /* ViewModel */,
				20F0AAF11BF2574100835C79 /* View */,
				20F0AA7C1BF21BEB00835C79 /* AppDelegate.swift */,
			);
			path = Swift;
			sourceTree = "<group>";
		};
		20F0AACD1BF2271800835C79 /* App_Watch */ = {
			isa = PBXGroup;
			children = (
				20F0AAE71BF2274000835C79 /* Watch */,
				20F0AADA1BF2273500835C79 /* Extension */,
			);
			path = App_Watch;
			sourceTree = "<group>";
		};
		20F0AADA1BF2273500835C79 /* Extension */ = {
			isa = PBXGroup;
			children = (
				20F0AADB1BF2273500835C79 /* Assets.xcassets */,
				20F0AADC1BF2273500835C79 /* ExtensionDelegate.swift */,
				20F0AADD1BF2273500835C79 /* Info.plist */,
				20F0AADE1BF2273500835C79 /* InterfaceController.swift */,
				20F0AADF1BF2273500835C79 /* NotificationController.swift */,
				20F0AAE01BF2273500835C79 /* PushNotificationPayload.apns */,
			);
			path = Extension;
			sourceTree = "<group>";
		};
		20F0AAE71BF2274000835C79 /* Watch */ = {
			isa = PBXGroup;
			children = (
				20F0AAE81BF2274000835C79 /* Assets.xcassets */,
				20F0AAE91BF2274000835C79 /* Interface.storyboard */,
				20F0AAEB1BF2274000835C79 /* Info.plist */,
			);
			path = Watch;
			sourceTree = "<group>";
		};
		20F0AAF11BF2574100835C79 /* View */ = {
			isa = PBXGroup;
			children = (
				20F0AA8A1BF21BEB00835C79 /* SearchViewController.swift */,
				20F0AAEF1BF24AB900835C79 /* AwsViewCell.swift */,
				20F0AA8C1BF21BEB00835C79 /* ViewController.swift */,
				20F0AA881BF21BEB00835C79 /* SearchCell.swift */,
				20F0AA7F1BF21BEB00835C79 /* CameraViewController.swift */,
				20F0AA861BF21BEB00835C79 /* MenuItemViewCell.swift */,
				20F0AA871BF21BEB00835C79 /* MenuViewController.swift */,
				20F0AA801BF21BEB00835C79 /* CollectionViewController.swift */,
				20F0AA841BF21BEB00835C79 /* LoginViewController.swift */,
				20F0AA851BF21BEB00835C79 /* MapsViewController.swift */,
				20F0AA7E1BF21BEB00835C79 /* AwsViewController.swift */,
				20F0AA821BF21BEB00835C79 /* GridCell.swift */,
				20F0AA811BF21BEB00835C79 /* CollectionViewImageCell.swift */,
			);
			name = View;
			sourceTree = "<group>";
		};
		20F0AAF21BF2575A00835C79 /* ViewModel */ = {
			isa = PBXGroup;
			children = (
				20F0AA8B1BF21BEB00835C79 /* SearchViewModel.swift */,
				20F0AA891BF21BEB00835C79 /* SearchResultViewModel.swift */,
			);
			name = ViewModel;
			sourceTree = "<group>";
		};
		20F0AAF31BF2577F00835C79 /* Model */ = {
			isa = PBXGroup;
			children = (
				20F0AA8D1BF21BEB00835C79 /* Wireframe.swift */,
				20F0AA831BF21BEB00835C79 /* ImageService.swift */,
			);
			name = Model;
			sourceTree = "<group>";
		};
		20F0AAF41BF257A200835C79 /* Assembly */ = {
			isa = PBXGroup;
			children = (
				20F0AA7D1BF21BEB00835C79 /* ApplicationAssembly.swift */,
			);
			name = Assembly;
			sourceTree = "<group>";
		};
		9E1E50DD7180338B52634B36 /* Frameworks */ = {
			isa = PBXGroup;
			children = (
				EFD785C17B3403E7646254F4 /* Pods_App_Watch_Extension.framework */,
				F935F2C1605ACD48F7A5E537 /* Pods_App_iOS.framework */,
			);
			name = Frameworks;
			sourceTree = "<group>";
		};
		A7B03557B0F90D73DC841DEB /* Pods */ = {
			isa = PBXGroup;
			children = (
				FFA02D86D9B4C4EDEA5852C9 /* Pods-App_Watch Extension.debug.xcconfig */,
				AC5F8F3DC35F8CAA84F505E7 /* Pods-App_Watch Extension.release.xcconfig */,
				743228E06495397979B790B6 /* Pods-App_iOS.debug.xcconfig */,
				7B123E9A31D1B29A84D9C8FC /* Pods-App_iOS.release.xcconfig */,
			);
			name = Pods;
			sourceTree = "<group>";
		};
/* End PBXGroup section */

/* Begin PBXNativeTarget section */
		203EF18F1BF1DFA200BA42B7 /* App_iOS */ = {
			isa = PBXNativeTarget;
			buildConfigurationList = 203EF1BB1BF1DFA200BA42B7 /* Build configuration list for PBXNativeTarget "App_iOS" */;
			buildPhases = (
				D7AC220F971C0F61636736FB /* Check Pods Manifest.lock */,
				203EF18C1BF1DFA200BA42B7 /* Sources */,
				203EF18D1BF1DFA200BA42B7 /* Frameworks */,
				203EF18E1BF1DFA200BA42B7 /* Resources */,
				203EF1EC1BF1DFE100BA42B7 /* Embed Watch Content */,
				B2EBB1BE1C1ED04080045CE5 /* Embed Pods Frameworks */,
				A269A7A026472FAF2A370E8C /* Copy Pods Resources */,
				20F0AA6B1BF2157200835C79 /* Fabric */,
			);
			buildRules = (
			);
			dependencies = (
				203EF1E31BF1DFE100BA42B7 /* PBXTargetDependency */,
			);
			name = App_iOS;
			productName = App_iOS;
			productReference = 203EF1901BF1DFA200BA42B7 /* App_iOS.app */;
			productType = "com.apple.product-type.application";
		};
		203EF1A61BF1DFA200BA42B7 /* App_iOSTests */ = {
			isa = PBXNativeTarget;
			buildConfigurationList = 203EF1BE1BF1DFA200BA42B7 /* Build configuration list for PBXNativeTarget "App_iOSTests" */;
			buildPhases = (
				CD22B961DE371BC6407AC352 /* Check Pods Manifest.lock */,
				203EF1A31BF1DFA200BA42B7 /* Sources */,
				203EF1A41BF1DFA200BA42B7 /* Frameworks */,
				203EF1A51BF1DFA200BA42B7 /* Resources */,
				15B1680D6282D9AE561472B3 /* Embed Pods Frameworks */,
				17F10E2E7C9A6AB15A60971B /* Copy Pods Resources */,
			);
			buildRules = (
			);
			dependencies = (
				203EF1A91BF1DFA200BA42B7 /* PBXTargetDependency */,
			);
			name = App_iOSTests;
			productName = App_iOSTests;
			productReference = 203EF1A71BF1DFA200BA42B7 /* App_iOSTests.xctest */;
			productType = "com.apple.product-type.bundle.unit-test";
		};
		203EF1B11BF1DFA200BA42B7 /* App_iOSUITests */ = {
			isa = PBXNativeTarget;
			buildConfigurationList = 203EF1C11BF1DFA200BA42B7 /* Build configuration list for PBXNativeTarget "App_iOSUITests" */;
			buildPhases = (
				8ED4D1227CBEBC376022581F /* Check Pods Manifest.lock */,
				203EF1AE1BF1DFA200BA42B7 /* Sources */,
				203EF1AF1BF1DFA200BA42B7 /* Frameworks */,
				203EF1B01BF1DFA200BA42B7 /* Resources */,
				DAFA945665F87CA0529E83EF /* Copy Pods Resources */,
			);
			buildRules = (
			);
			dependencies = (
				203EF1B41BF1DFA200BA42B7 /* PBXTargetDependency */,
			);
			name = App_iOSUITests;
			productName = App_iOSUITests;
			productReference = 203EF1B21BF1DFA200BA42B7 /* App_iOSUITests.xctest */;
			productType = "com.apple.product-type.bundle.ui-testing";
		};
		203EF1C51BF1DFE100BA42B7 /* App_Watch */ = {
			isa = PBXNativeTarget;
			buildConfigurationList = 203EF1E91BF1DFE100BA42B7 /* Build configuration list for PBXNativeTarget "App_Watch" */;
			buildPhases = (
				203EF1C41BF1DFE100BA42B7 /* Resources */,
				203EF1E81BF1DFE100BA42B7 /* Embed App Extensions */,
			);
			buildRules = (
			);
			dependencies = (
				203EF1D51BF1DFE100BA42B7 /* PBXTargetDependency */,
			);
			name = App_Watch;
			productName = App_Watch;
			productReference = 203EF1C61BF1DFE100BA42B7 /* App_Watch.app */;
			productType = "com.apple.product-type.application.watchapp2";
		};
		203EF1D11BF1DFE100BA42B7 /* App_Watch Extension */ = {
			isa = PBXNativeTarget;
			buildConfigurationList = 203EF1E51BF1DFE100BA42B7 /* Build configuration list for PBXNativeTarget "App_Watch Extension" */;
			buildPhases = (
				9335FA87694CB855C84941F2 /* Check Pods Manifest.lock */,
				203EF1CE1BF1DFE100BA42B7 /* Sources */,
				203EF1CF1BF1DFE100BA42B7 /* Frameworks */,
				203EF1D01BF1DFE100BA42B7 /* Resources */,
				746286D2BF91CA024CC7D30D /* Embed Pods Frameworks */,
				1CA312F6B6D322DAC249714E /* Copy Pods Resources */,
			);
			buildRules = (
			);
			dependencies = (
			);
			name = "App_Watch Extension";
			productName = "App_Watch Extension";
			productReference = 203EF1D21BF1DFE100BA42B7 /* App_Watch Extension.appex */;
			productType = "com.apple.product-type.watchkit2-extension";
		};
/* End PBXNativeTarget section */

/* Begin PBXProject section */
		203EF1881BF1DFA200BA42B7 /* Project object */ = {
			isa = PBXProject;
			attributes = {
				LastSwiftUpdateCheck = 0720;
				LastUpgradeCheck = 0720;
				ORGANIZATIONNAME = Syerit;
				TargetAttributes = {
					203EF18F1BF1DFA200BA42B7 = {
						CreatedOnToolsVersion = 7.2;
					};
					203EF1A61BF1DFA200BA42B7 = {
						CreatedOnToolsVersion = 7.2;
						TestTargetID = 203EF18F1BF1DFA200BA42B7;
					};
					203EF1B11BF1DFA200BA42B7 = {
						CreatedOnToolsVersion = 7.2;
						TestTargetID = 203EF18F1BF1DFA200BA42B7;
					};
					203EF1C51BF1DFE100BA42B7 = {
						CreatedOnToolsVersion = 7.2;
					};
					203EF1D11BF1DFE100BA42B7 = {
						CreatedOnToolsVersion = 7.2;
					};
				};
			};
			buildConfigurationList = 203EF18B1BF1DFA200BA42B7 /* Build configuration list for PBXProject "App_iOS" */;
			compatibilityVersion = "Xcode 3.2";
			developmentRegion = English;
			hasScannedForEncodings = 0;
			knownRegions = (
				en,
				Base,
			);
			mainGroup = 203EF1871BF1DFA200BA42B7;
			productRefGroup = 203EF1911BF1DFA200BA42B7 /* Products */;
			projectDirPath = "";
			projectRoot = "";
			targets = (
				203EF18F1BF1DFA200BA42B7 /* App_iOS */,
				203EF1A61BF1DFA200BA42B7 /* App_iOSTests */,
				203EF1B11BF1DFA200BA42B7 /* App_iOSUITests */,
				203EF1C51BF1DFE100BA42B7 /* App_Watch */,
				203EF1D11BF1DFE100BA42B7 /* App_Watch Extension */,
			);
		};
/* End PBXProject section */

/* Begin PBXResourcesBuildPhase section */
		203EF18E1BF1DFA200BA42B7 /* Resources */ = {
			isa = PBXResourcesBuildPhase;
			buildActionMask = 2147483647;
			files = (
				20F0AA921BF21BEB00835C79 /* LaunchScreen.xib in Resources */,
				20F0AA941BF21BEB00835C79 /* AwsViewCell.xib in Resources */,
				20F0AA931BF21BEB00835C79 /* Main.storyboard in Resources */,
				20F0AA911BF21BEB00835C79 /* ImageCell.xib in Resources */,
				20F0AA951BF21BEB00835C79 /* SearchCell.xib in Resources */,
				20F0AA901BF21BEB00835C79 /* Info.plist in Resources */,
				20F0AA8F1BF21BEB00835C79 /* Assets.xcassets in Resources */,
			);
			runOnlyForDeploymentPostprocessing = 0;
		};
		203EF1A51BF1DFA200BA42B7 /* Resources */ = {
			isa = PBXResourcesBuildPhase;
			buildActionMask = 2147483647;
			files = (
			);
			runOnlyForDeploymentPostprocessing = 0;
		};
		203EF1B01BF1DFA200BA42B7 /* Resources */ = {
			isa = PBXResourcesBuildPhase;
			buildActionMask = 2147483647;
			files = (
			);
			runOnlyForDeploymentPostprocessing = 0;
		};
		203EF1C41BF1DFE100BA42B7 /* Resources */ = {
			isa = PBXResourcesBuildPhase;
			buildActionMask = 2147483647;
			files = (
				20F0AAED1BF2274000835C79 /* Interface.storyboard in Resources */,
				20F0AAEC1BF2274000835C79 /* Assets.xcassets in Resources */,
				20F0AAEE1BF2274000835C79 /* Info.plist in Resources */,
			);
			runOnlyForDeploymentPostprocessing = 0;
		};
		203EF1D01BF1DFE100BA42B7 /* Resources */ = {
			isa = PBXResourcesBuildPhase;
			buildActionMask = 2147483647;
			files = (
				20F0AAE11BF2273500835C79 /* Assets.xcassets in Resources */,
				20F0AAE61BF2273500835C79 /* PushNotificationPayload.apns in Resources */,
				20F0AAE31BF2273500835C79 /* Info.plist in Resources */,
			);
			runOnlyForDeploymentPostprocessing = 0;
		};
/* End PBXResourcesBuildPhase section */

/* Begin PBXShellScriptBuildPhase section */
		15B1680D6282D9AE561472B3 /* Embed Pods Frameworks */ = {
			isa = PBXShellScriptBuildPhase;
			buildActionMask = 2147483647;
			files = (
			);
			inputPaths = (
			);
			name = "Embed Pods Frameworks";
			outputPaths = (
			);
			runOnlyForDeploymentPostprocessing = 0;
			shellPath = /bin/sh;
			shellScript = "\"${SRCROOT}/../Pods/Target Support Files/Pods-App_iOS/Pods-App_iOS-frameworks.sh\"\n";
			showEnvVarsInLog = 0;
		};
		17F10E2E7C9A6AB15A60971B /* Copy Pods Resources */ = {
			isa = PBXShellScriptBuildPhase;
			buildActionMask = 2147483647;
			files = (
			);
			inputPaths = (
			);
			name = "Copy Pods Resources";
			outputPaths = (
			);
			runOnlyForDeploymentPostprocessing = 0;
			shellPath = /bin/sh;
			shellScript = "\"${SRCROOT}/../Pods/Target Support Files/Pods-App_iOS/Pods-App_iOS-resources.sh\"\n";
			showEnvVarsInLog = 0;
		};
		1CA312F6B6D322DAC249714E /* Copy Pods Resources */ = {
			isa = PBXShellScriptBuildPhase;
			buildActionMask = 2147483647;
			files = (
			);
			inputPaths = (
			);
			name = "Copy Pods Resources";
			outputPaths = (
			);
			runOnlyForDeploymentPostprocessing = 0;
			shellPath = /bin/sh;
			shellScript = "\"${SRCROOT}/../Pods/Target Support Files/Pods-App_Watch Extension/Pods-App_Watch Extension-resources.sh\"\n";
			showEnvVarsInLog = 0;
		};
		20F0AA6B1BF2157200835C79 /* Fabric */ = {
			isa = PBXShellScriptBuildPhase;
			buildActionMask = 2147483647;
			files = (
			);
			inputPaths = (
			);
			name = Fabric;
			outputPaths = (
			);
			runOnlyForDeploymentPostprocessing = 0;
			shellPath = /bin/sh;
			shellScript = "${PODS_ROOT}/Fabric/Fabric.framework/run 2fd4e5361e810d659fa0bf5490388ee951d345a6 b015301063be99469649109666ff4a67b4a0aff0b12524cf7d711b033826625a";
		};
		746286D2BF91CA024CC7D30D /* Embed Pods Frameworks */ = {
			isa = PBXShellScriptBuildPhase;
			buildActionMask = 2147483647;
			files = (
			);
			inputPaths = (
			);
			name = "Embed Pods Frameworks";
			outputPaths = (
			);
			runOnlyForDeploymentPostprocessing = 0;
			shellPath = /bin/sh;
			shellScript = "\"${SRCROOT}/../Pods/Target Support Files/Pods-App_Watch Extension/Pods-App_Watch Extension-frameworks.sh\"\n";
			showEnvVarsInLog = 0;
		};
		8ED4D1227CBEBC376022581F /* Check Pods Manifest.lock */ = {
			isa = PBXShellScriptBuildPhase;
			buildActionMask = 2147483647;
			files = (
			);
			inputPaths = (
			);
			name = "Check Pods Manifest.lock";
			outputPaths = (
			);
			runOnlyForDeploymentPostprocessing = 0;
			shellPath = /bin/sh;
			shellScript = "diff \"${PODS_ROOT}/../Podfile.lock\" \"${PODS_ROOT}/Manifest.lock\" > /dev/null\nif [[ $? != 0 ]] ; then\n    cat << EOM\nerror: The sandbox is not in sync with the Podfile.lock. Run 'pod install' or update your CocoaPods installation.\nEOM\n    exit 1\nfi\n";
			showEnvVarsInLog = 0;
		};
		9335FA87694CB855C84941F2 /* Check Pods Manifest.lock */ = {
			isa = PBXShellScriptBuildPhase;
			buildActionMask = 2147483647;
			files = (
			);
			inputPaths = (
			);
			name = "Check Pods Manifest.lock";
			outputPaths = (
			);
			runOnlyForDeploymentPostprocessing = 0;
			shellPath = /bin/sh;
			shellScript = "diff \"${PODS_ROOT}/../Podfile.lock\" \"${PODS_ROOT}/Manifest.lock\" > /dev/null\nif [[ $? != 0 ]] ; then\n    cat << EOM\nerror: The sandbox is not in sync with the Podfile.lock. Run 'pod install' or update your CocoaPods installation.\nEOM\n    exit 1\nfi\n";
			showEnvVarsInLog = 0;
		};
		A269A7A026472FAF2A370E8C /* Copy Pods Resources */ = {
			isa = PBXShellScriptBuildPhase;
			buildActionMask = 2147483647;
			files = (
			);
			inputPaths = (
			);
			name = "Copy Pods Resources";
			outputPaths = (
			);
			runOnlyForDeploymentPostprocessing = 0;
			shellPath = /bin/sh;
			shellScript = "\"${SRCROOT}/../Pods/Target Support Files/Pods-App_iOS/Pods-App_iOS-resources.sh\"\n";
			showEnvVarsInLog = 0;
		};
		B2EBB1BE1C1ED04080045CE5 /* Embed Pods Frameworks */ = {
			isa = PBXShellScriptBuildPhase;
			buildActionMask = 2147483647;
			files = (
			);
			inputPaths = (
			);
			name = "Embed Pods Frameworks";
			outputPaths = (
			);
			runOnlyForDeploymentPostprocessing = 0;
			shellPath = /bin/sh;
			shellScript = "\"${SRCROOT}/../Pods/Target Support Files/Pods-App_iOS/Pods-App_iOS-frameworks.sh\"\n";
			showEnvVarsInLog = 0;
		};
		CD22B961DE371BC6407AC352 /* Check Pods Manifest.lock */ = {
			isa = PBXShellScriptBuildPhase;
			buildActionMask = 2147483647;
			files = (
			);
			inputPaths = (
			);
			name = "Check Pods Manifest.lock";
			outputPaths = (
			);
			runOnlyForDeploymentPostprocessing = 0;
			shellPath = /bin/sh;
			shellScript = "diff \"${PODS_ROOT}/../Podfile.lock\" \"${PODS_ROOT}/Manifest.lock\" > /dev/null\nif [[ $? != 0 ]] ; then\n    cat << EOM\nerror: The sandbox is not in sync with the Podfile.lock. Run 'pod install' or update your CocoaPods installation.\nEOM\n    exit 1\nfi\n";
			showEnvVarsInLog = 0;
		};
		D7AC220F971C0F61636736FB /* Check Pods Manifest.lock */ = {
			isa = PBXShellScriptBuildPhase;
			buildActionMask = 2147483647;
			files = (
			);
			inputPaths = (
			);
			name = "Check Pods Manifest.lock";
			outputPaths = (
			);
			runOnlyForDeploymentPostprocessing = 0;
			shellPath = /bin/sh;
			shellScript = "diff \"${PODS_ROOT}/../Podfile.lock\" \"${PODS_ROOT}/Manifest.lock\" > /dev/null\nif [[ $? != 0 ]] ; then\n    cat << EOM\nerror: The sandbox is not in sync with the Podfile.lock. Run 'pod install' or update your CocoaPods installation.\nEOM\n    exit 1\nfi\n";
			showEnvVarsInLog = 0;
		};
		DAFA945665F87CA0529E83EF /* Copy Pods Resources */ = {
			isa = PBXShellScriptBuildPhase;
			buildActionMask = 2147483647;
			files = (
			);
			inputPaths = (
			);
			name = "Copy Pods Resources";
			outputPaths = (
			);
			runOnlyForDeploymentPostprocessing = 0;
			shellPath = /bin/sh;
			shellScript = "\"${SRCROOT}/../Pods/Target Support Files/Pods-App_iOS/Pods-App_iOS-resources.sh\"\n";
			showEnvVarsInLog = 0;
		};
/* End PBXShellScriptBuildPhase section */

/* Begin PBXSourcesBuildPhase section */
		203EF18C1BF1DFA200BA42B7 /* Sources */ = {
			isa = PBXSourcesBuildPhase;
			buildActionMask = 2147483647;
			files = (
				20F0AAA81BF21BEB00835C79 /* Wireframe.swift in Sources */,
				20F0AA981BF21BEB00835C79 /* ApplicationAssembly.swift in Sources */,
				20F0AAA71BF21BEB00835C79 /* ViewController.swift in Sources */,
				20F0AAF01BF24AB900835C79 /* AwsViewCell.swift in Sources */,
				20F0AAA31BF21BEB00835C79 /* SearchCell.swift in Sources */,
				20F0AA971BF21BEB00835C79 /* AppDelegate.swift in Sources */,
				20F0AAA51BF21BEB00835C79 /* SearchViewController.swift in Sources */,
				20F0AA9C1BF21BEB00835C79 /* CollectionViewImageCell.swift in Sources */,
				20F0AAAC1BF21F7000835C79 /* SWRevealViewController.m in Sources */,
				20F0AAA21BF21BEB00835C79 /* MenuViewController.swift in Sources */,
				20F0AAA61BF21BEB00835C79 /* SearchViewModel.swift in Sources */,
				20F0AAA01BF21BEB00835C79 /* MapsViewController.swift in Sources */,
				20F0AA9E1BF21BEB00835C79 /* ImageService.swift in Sources */,
				20F0AAA41BF21BEB00835C79 /* SearchResultViewModel.swift in Sources */,
				20F0AA991BF21BEB00835C79 /* AwsViewController.swift in Sources */,
				20F0AA8E1BF21BEB00835C79 /* App_iOS.xcdatamodeld in Sources */,
				20F0AAA11BF21BEB00835C79 /* MenuItemViewCell.swift in Sources */,
				20F0AA9D1BF21BEB00835C79 /* GridCell.swift in Sources */,
				20F0AA9B1BF21BEB00835C79 /* CollectionViewController.swift in Sources */,
				20F0AA9A1BF21BEB00835C79 /* CameraViewController.swift in Sources */,
				20F0AA9F1BF21BEB00835C79 /* LoginViewController.swift in Sources */,
			);
			runOnlyForDeploymentPostprocessing = 0;
		};
		203EF1A31BF1DFA200BA42B7 /* Sources */ = {
			isa = PBXSourcesBuildPhase;
			buildActionMask = 2147483647;
			files = (
				203EF1AC1BF1DFA200BA42B7 /* App_iOSTests.swift in Sources */,
			);
			runOnlyForDeploymentPostprocessing = 0;
		};
		203EF1AE1BF1DFA200BA42B7 /* Sources */ = {
			isa = PBXSourcesBuildPhase;
			buildActionMask = 2147483647;
			files = (
				203EF1B71BF1DFA200BA42B7 /* App_iOSUITests.swift in Sources */,
			);
			runOnlyForDeploymentPostprocessing = 0;
		};
		203EF1CE1BF1DFE100BA42B7 /* Sources */ = {
			isa = PBXSourcesBuildPhase;
			buildActionMask = 2147483647;
			files = (
				20F0AAE51BF2273500835C79 /* NotificationController.swift in Sources */,
				20F0AAE41BF2273500835C79 /* InterfaceController.swift in Sources */,
				20F0AAE21BF2273500835C79 /* ExtensionDelegate.swift in Sources */,
			);
			runOnlyForDeploymentPostprocessing = 0;
		};
/* End PBXSourcesBuildPhase section */

/* Begin PBXTargetDependency section */
		203EF1A91BF1DFA200BA42B7 /* PBXTargetDependency */ = {
			isa = PBXTargetDependency;
			target = 203EF18F1BF1DFA200BA42B7 /* App_iOS */;
			targetProxy = 203EF1A81BF1DFA200BA42B7 /* PBXContainerItemProxy */;
		};
		203EF1B41BF1DFA200BA42B7 /* PBXTargetDependency */ = {
			isa = PBXTargetDependency;
			target = 203EF18F1BF1DFA200BA42B7 /* App_iOS */;
			targetProxy = 203EF1B31BF1DFA200BA42B7 /* PBXContainerItemProxy */;
		};
		203EF1D51BF1DFE100BA42B7 /* PBXTargetDependency */ = {
			isa = PBXTargetDependency;
			target = 203EF1D11BF1DFE100BA42B7 /* App_Watch Extension */;
			targetProxy = 203EF1D41BF1DFE100BA42B7 /* PBXContainerItemProxy */;
		};
		203EF1E31BF1DFE100BA42B7 /* PBXTargetDependency */ = {
			isa = PBXTargetDependency;
			target = 203EF1C51BF1DFE100BA42B7 /* App_Watch */;
			targetProxy = 203EF1E21BF1DFE100BA42B7 /* PBXContainerItemProxy */;
		};
/* End PBXTargetDependency section */

/* Begin PBXVariantGroup section */
		20F0AAE91BF2274000835C79 /* Interface.storyboard */ = {
			isa = PBXVariantGroup;
			children = (
				20F0AAEA1BF2274000835C79 /* Base */,
			);
			name = Interface.storyboard;
			sourceTree = "<group>";
		};
/* End PBXVariantGroup section */

/* Begin XCBuildConfiguration section */
		203EF1B91BF1DFA200BA42B7 /* Debug */ = {
			isa = XCBuildConfiguration;
			buildSettings = {
				ALWAYS_SEARCH_USER_PATHS = NO;
				CLANG_CXX_LANGUAGE_STANDARD = "gnu++0x";
				CLANG_CXX_LIBRARY = "libc++";
				CLANG_ENABLE_MODULES = YES;
				CLANG_ENABLE_OBJC_ARC = YES;
				CLANG_WARN_BOOL_CONVERSION = YES;
				CLANG_WARN_CONSTANT_CONVERSION = YES;
				CLANG_WARN_DIRECT_OBJC_ISA_USAGE = YES_ERROR;
				CLANG_WARN_EMPTY_BODY = YES;
				CLANG_WARN_ENUM_CONVERSION = YES;
				CLANG_WARN_INT_CONVERSION = YES;
				CLANG_WARN_OBJC_ROOT_CLASS = YES_ERROR;
				CLANG_WARN_UNREACHABLE_CODE = YES;
				CLANG_WARN__DUPLICATE_METHOD_MATCH = YES;
				"CODE_SIGN_IDENTITY[sdk=iphoneos*]" = "iPhone Developer";
				COPY_PHASE_STRIP = NO;
				DEBUG_INFORMATION_FORMAT = dwarf;
				ENABLE_STRICT_OBJC_MSGSEND = YES;
				ENABLE_TESTABILITY = YES;
				GCC_C_LANGUAGE_STANDARD = gnu99;
				GCC_DYNAMIC_NO_PIC = NO;
				GCC_NO_COMMON_BLOCKS = YES;
				GCC_OPTIMIZATION_LEVEL = 0;
				GCC_PREPROCESSOR_DEFINITIONS = (
					"DEBUG=1",
					"$(inherited)",
				);
				GCC_WARN_64_TO_32_BIT_CONVERSION = YES;
				GCC_WARN_ABOUT_RETURN_TYPE = YES_ERROR;
				GCC_WARN_UNDECLARED_SELECTOR = YES;
				GCC_WARN_UNINITIALIZED_AUTOS = YES_AGGRESSIVE;
				GCC_WARN_UNUSED_FUNCTION = YES;
				GCC_WARN_UNUSED_VARIABLE = YES;
				IPHONEOS_DEPLOYMENT_TARGET = 9.2;
				MTL_ENABLE_DEBUG_INFO = YES;
				ONLY_ACTIVE_ARCH = YES;
				SDKROOT = iphoneos;
				SWIFT_OPTIMIZATION_LEVEL = "-Onone";
				TARGETED_DEVICE_FAMILY = "1,2";
			};
			name = Debug;
		};
		203EF1BA1BF1DFA200BA42B7 /* Release */ = {
			isa = XCBuildConfiguration;
			buildSettings = {
				ALWAYS_SEARCH_USER_PATHS = NO;
				CLANG_CXX_LANGUAGE_STANDARD = "gnu++0x";
				CLANG_CXX_LIBRARY = "libc++";
				CLANG_ENABLE_MODULES = YES;
				CLANG_ENABLE_OBJC_ARC = YES;
				CLANG_WARN_BOOL_CONVERSION = YES;
				CLANG_WARN_CONSTANT_CONVERSION = YES;
				CLANG_WARN_DIRECT_OBJC_ISA_USAGE = YES_ERROR;
				CLANG_WARN_EMPTY_BODY = YES;
				CLANG_WARN_ENUM_CONVERSION = YES;
				CLANG_WARN_INT_CONVERSION = YES;
				CLANG_WARN_OBJC_ROOT_CLASS = YES_ERROR;
				CLANG_WARN_UNREACHABLE_CODE = YES;
				CLANG_WARN__DUPLICATE_METHOD_MATCH = YES;
				"CODE_SIGN_IDENTITY[sdk=iphoneos*]" = "iPhone Developer";
				COPY_PHASE_STRIP = NO;
				DEBUG_INFORMATION_FORMAT = "dwarf-with-dsym";
				ENABLE_NS_ASSERTIONS = NO;
				ENABLE_STRICT_OBJC_MSGSEND = YES;
				GCC_C_LANGUAGE_STANDARD = gnu99;
				GCC_NO_COMMON_BLOCKS = YES;
				GCC_WARN_64_TO_32_BIT_CONVERSION = YES;
				GCC_WARN_ABOUT_RETURN_TYPE = YES_ERROR;
				GCC_WARN_UNDECLARED_SELECTOR = YES;
				GCC_WARN_UNINITIALIZED_AUTOS = YES_AGGRESSIVE;
				GCC_WARN_UNUSED_FUNCTION = YES;
				GCC_WARN_UNUSED_VARIABLE = YES;
				IPHONEOS_DEPLOYMENT_TARGET = 9.2;
				MTL_ENABLE_DEBUG_INFO = NO;
				SDKROOT = iphoneos;
				TARGETED_DEVICE_FAMILY = "1,2";
				VALIDATE_PRODUCT = YES;
			};
			name = Release;
		};
		203EF1BC1BF1DFA200BA42B7 /* Debug */ = {
			isa = XCBuildConfiguration;
			baseConfigurationReference = 743228E06495397979B790B6 /* Pods-App_iOS.debug.xcconfig */;
			buildSettings = {
				ASSETCATALOG_COMPILER_APPICON_NAME = AppIcon;
				CLANG_ENABLE_MODULES = YES;
				INFOPLIST_FILE = Code/Info.plist;
				LD_RUNPATH_SEARCH_PATHS = "$(inherited) @executable_path/Frameworks";
				PRODUCT_BUNDLE_IDENTIFIER = com.syerit.template1.ios;
				PRODUCT_NAME = "$(TARGET_NAME)";
				SWIFT_OBJC_BRIDGING_HEADER = "Code/Source/Objc/App_iOS-Bridging-Header.h";
				SWIFT_OPTIMIZATION_LEVEL = "-Onone";
			};
			name = Debug;
		};
		203EF1BD1BF1DFA200BA42B7 /* Release */ = {
			isa = XCBuildConfiguration;
			baseConfigurationReference = 7B123E9A31D1B29A84D9C8FC /* Pods-App_iOS.release.xcconfig */;
			buildSettings = {
				ASSETCATALOG_COMPILER_APPICON_NAME = AppIcon;
				CLANG_ENABLE_MODULES = YES;
				INFOPLIST_FILE = Code/Info.plist;
				LD_RUNPATH_SEARCH_PATHS = "$(inherited) @executable_path/Frameworks";
				PRODUCT_BUNDLE_IDENTIFIER = com.syerit.template1.ios;
				PRODUCT_NAME = "$(TARGET_NAME)";
				SWIFT_OBJC_BRIDGING_HEADER = "Code/Source/Objc/App_iOS-Bridging-Header.h";
			};
			name = Release;
		};
		203EF1BF1BF1DFA200BA42B7 /* Debug */ = {
			isa = XCBuildConfiguration;
			baseConfigurationReference = 743228E06495397979B790B6 /* Pods-App_iOS.debug.xcconfig */;
			buildSettings = {
				BUNDLE_LOADER = "$(TEST_HOST)";
				INFOPLIST_FILE = App_iOSTests/Info.plist;
				LD_RUNPATH_SEARCH_PATHS = "$(inherited) @executable_path/Frameworks @loader_path/Frameworks";
				PRODUCT_BUNDLE_IDENTIFIER = com.syerit.template1.iosTests;
				PRODUCT_NAME = "$(TARGET_NAME)";
				TEST_HOST = "$(BUILT_PRODUCTS_DIR)/App_iOS.app/App_iOS";
			};
			name = Debug;
		};
		203EF1C01BF1DFA200BA42B7 /* Release */ = {
			isa = XCBuildConfiguration;
			baseConfigurationReference = 7B123E9A31D1B29A84D9C8FC /* Pods-App_iOS.release.xcconfig */;
			buildSettings = {
				BUNDLE_LOADER = "$(TEST_HOST)";
				INFOPLIST_FILE = App_iOSTests/Info.plist;
				LD_RUNPATH_SEARCH_PATHS = "$(inherited) @executable_path/Frameworks @loader_path/Frameworks";
				PRODUCT_BUNDLE_IDENTIFIER = com.syerit.template1.iosTests;
				PRODUCT_NAME = "$(TARGET_NAME)";
				TEST_HOST = "$(BUILT_PRODUCTS_DIR)/App_iOS.app/App_iOS";
			};
			name = Release;
		};
		203EF1C21BF1DFA200BA42B7 /* Debug */ = {
			isa = XCBuildConfiguration;
			baseConfigurationReference = 743228E06495397979B790B6 /* Pods-App_iOS.debug.xcconfig */;
			buildSettings = {
				INFOPLIST_FILE = App_iOSUITests/Info.plist;
				LD_RUNPATH_SEARCH_PATHS = "$(inherited) @executable_path/Frameworks @loader_path/Frameworks";
				PRODUCT_BUNDLE_IDENTIFIER = com.syerit.template1.iosUITests;
				PRODUCT_NAME = "$(TARGET_NAME)";
				TEST_TARGET_NAME = App_iOS;
				USES_XCTRUNNER = YES;
			};
			name = Debug;
		};
		203EF1C31BF1DFA200BA42B7 /* Release */ = {
			isa = XCBuildConfiguration;
			baseConfigurationReference = 7B123E9A31D1B29A84D9C8FC /* Pods-App_iOS.release.xcconfig */;
			buildSettings = {
				INFOPLIST_FILE = App_iOSUITests/Info.plist;
				LD_RUNPATH_SEARCH_PATHS = "$(inherited) @executable_path/Frameworks @loader_path/Frameworks";
				PRODUCT_BUNDLE_IDENTIFIER = com.syerit.template1.iosUITests;
				PRODUCT_NAME = "$(TARGET_NAME)";
				TEST_TARGET_NAME = App_iOS;
				USES_XCTRUNNER = YES;
			};
			name = Release;
		};
		203EF1E61BF1DFE100BA42B7 /* Debug */ = {
			isa = XCBuildConfiguration;
			baseConfigurationReference = FFA02D86D9B4C4EDEA5852C9 /* Pods-App_Watch Extension.debug.xcconfig */;
			buildSettings = {
				INFOPLIST_FILE = App_Watch/Extension/Info.plist;
				LD_RUNPATH_SEARCH_PATHS = "$(inherited) @executable_path/Frameworks @executable_path/../../Frameworks";
				PRODUCT_BUNDLE_IDENTIFIER = com.syerit.template1.ios.watchkitapp.watchkitextension;
				PRODUCT_NAME = "${TARGET_NAME}";
				SDKROOT = watchos;
				SKIP_INSTALL = YES;
				TARGETED_DEVICE_FAMILY = 4;
				WATCHOS_DEPLOYMENT_TARGET = 2.0;
			};
			name = Debug;
		};
		203EF1E71BF1DFE100BA42B7 /* Release */ = {
			isa = XCBuildConfiguration;
			baseConfigurationReference = AC5F8F3DC35F8CAA84F505E7 /* Pods-App_Watch Extension.release.xcconfig */;
			buildSettings = {
				INFOPLIST_FILE = App_Watch/Extension/Info.plist;
				LD_RUNPATH_SEARCH_PATHS = "$(inherited) @executable_path/Frameworks @executable_path/../../Frameworks";
				PRODUCT_BUNDLE_IDENTIFIER = com.syerit.template1.ios.watchkitapp.watchkitextension;
				PRODUCT_NAME = "${TARGET_NAME}";
				SDKROOT = watchos;
				SKIP_INSTALL = YES;
				TARGETED_DEVICE_FAMILY = 4;
				WATCHOS_DEPLOYMENT_TARGET = 2.0;
			};
			name = Release;
		};
		203EF1EA1BF1DFE100BA42B7 /* Debug */ = {
			isa = XCBuildConfiguration;
			buildSettings = {
				ASSETCATALOG_COMPILER_APPICON_NAME = AppIcon;
				EMBEDDED_CONTENT_CONTAINS_SWIFT = YES;
				IBSC_MODULE = App_Watch_Extension;
				INFOPLIST_FILE = App_Watch/Watch/Info.plist;
				PRODUCT_BUNDLE_IDENTIFIER = com.syerit.template1.ios.watchkitapp;
				PRODUCT_NAME = "$(TARGET_NAME)";
				SDKROOT = watchos;
				SKIP_INSTALL = YES;
				TARGETED_DEVICE_FAMILY = 4;
				WATCHOS_DEPLOYMENT_TARGET = 2.0;
			};
			name = Debug;
		};
		203EF1EB1BF1DFE100BA42B7 /* Release */ = {
			isa = XCBuildConfiguration;
			buildSettings = {
				ASSETCATALOG_COMPILER_APPICON_NAME = AppIcon;
				EMBEDDED_CONTENT_CONTAINS_SWIFT = YES;
				IBSC_MODULE = App_Watch_Extension;
				INFOPLIST_FILE = App_Watch/Watch/Info.plist;
				PRODUCT_BUNDLE_IDENTIFIER = com.syerit.template1.ios.watchkitapp;
				PRODUCT_NAME = "$(TARGET_NAME)";
				SDKROOT = watchos;
				SKIP_INSTALL = YES;
				TARGETED_DEVICE_FAMILY = 4;
				WATCHOS_DEPLOYMENT_TARGET = 2.0;
			};
			name = Release;
		};
/* End XCBuildConfiguration section */

/* Begin XCConfigurationList section */
		203EF18B1BF1DFA200BA42B7 /* Build configuration list for PBXProject "App_iOS" */ = {
			isa = XCConfigurationList;
			buildConfigurations = (
				203EF1B91BF1DFA200BA42B7 /* Debug */,
				203EF1BA1BF1DFA200BA42B7 /* Release */,
			);
			defaultConfigurationIsVisible = 0;
			defaultConfigurationName = Release;
		};
		203EF1BB1BF1DFA200BA42B7 /* Build configuration list for PBXNativeTarget "App_iOS" */ = {
			isa = XCConfigurationList;
			buildConfigurations = (
				203EF1BC1BF1DFA200BA42B7 /* Debug */,
				203EF1BD1BF1DFA200BA42B7 /* Release */,
			);
			defaultConfigurationIsVisible = 0;
			defaultConfigurationName = Release;
		};
		203EF1BE1BF1DFA200BA42B7 /* Build configuration list for PBXNativeTarget "App_iOSTests" */ = {
			isa = XCConfigurationList;
			buildConfigurations = (
				203EF1BF1BF1DFA200BA42B7 /* Debug */,
				203EF1C01BF1DFA200BA42B7 /* Release */,
			);
			defaultConfigurationIsVisible = 0;
			defaultConfigurationName = Release;
		};
		203EF1C11BF1DFA200BA42B7 /* Build configuration list for PBXNativeTarget "App_iOSUITests" */ = {
			isa = XCConfigurationList;
			buildConfigurations = (
				203EF1C21BF1DFA200BA42B7 /* Debug */,
				203EF1C31BF1DFA200BA42B7 /* Release */,
			);
			defaultConfigurationIsVisible = 0;
			defaultConfigurationName = Release;
		};
		203EF1E51BF1DFE100BA42B7 /* Build configuration list for PBXNativeTarget "App_Watch Extension" */ = {
			isa = XCConfigurationList;
			buildConfigurations = (
				203EF1E61BF1DFE100BA42B7 /* Debug */,
				203EF1E71BF1DFE100BA42B7 /* Release */,
			);
			defaultConfigurationIsVisible = 0;
			defaultConfigurationName = Release;
		};
		203EF1E91BF1DFE100BA42B7 /* Build configuration list for PBXNativeTarget "App_Watch" */ = {
			isa = XCConfigurationList;
			buildConfigurations = (
				203EF1EA1BF1DFE100BA42B7 /* Debug */,
				203EF1EB1BF1DFE100BA42B7 /* Release */,
			);
			defaultConfigurationIsVisible = 0;
			defaultConfigurationName = Release;
		};
/* End XCConfigurationList section */

/* Begin XCVersionGroup section */
		20F0AA6C1BF21BEB00835C79 /* App_iOS.xcdatamodeld */ = {
			isa = XCVersionGroup;
			children = (
				20F0AA6D1BF21BEB00835C79 /* Template1_iOS.xcdatamodel */,
			);
			currentVersion = 20F0AA6D1BF21BEB00835C79 /* Template1_iOS.xcdatamodel */;
			path = App_iOS.xcdatamodeld;
			sourceTree = "<group>";
			versionGroupType = wrapper.xcdatamodel;
		};
/* End XCVersionGroup section */
	};
	rootObject = 203EF1881BF1DFA200BA42B7 /* Project object */;
}
