// !$*UTF8*$!
{
	archiveVersion = 1;
	classes = {
	};
	objectVersion = 46;
	objects = {

/* Begin PBXBuildFile section */
		20200CAF1BE0C75400DB893E /* Core.framework in Frameworks */ = {isa = PBXBuildFile; fileRef = 20200CA51BE0C75400DB893E /* Core.framework */; };
		2042468E1BE615FD00E258D7 /* Info.plist in Resources */ = {isa = PBXBuildFile; fileRef = 20A75C481BDF8EFB00EED682 /* Info.plist */; };
		2072A0CB1BE0CB2800089AFC /* RxSwift.framework in Frameworks */ = {isa = PBXBuildFile; fileRef = 2072A0CA1BE0CB2800089AFC /* RxSwift.framework */; };
		20A75C4F1BDF8EFB00EED682 /* Info.plist in Resources */ = {isa = PBXBuildFile; fileRef = 20A75C481BDF8EFB00EED682 /* Info.plist */; };
		20A75C501BDF8EFB00EED682 /* Info.plist in Resources */ = {isa = PBXBuildFile; fileRef = 20A75C481BDF8EFB00EED682 /* Info.plist */; };
		20A75C511BDF8EFB00EED682 /* Core.h in Headers */ = {isa = PBXBuildFile; fileRef = 20A75C4B1BDF8EFB00EED682 /* Core.h */; settings = {ATTRIBUTES = (Public, ); }; };
		20A75C521BDF8EFB00EED682 /* Core.h in Headers */ = {isa = PBXBuildFile; fileRef = 20A75C4B1BDF8EFB00EED682 /* Core.h */; settings = {ATTRIBUTES = (Public, ); }; };
		20A75C531BDF8EFB00EED682 /* CoreClass.swift in Sources */ = {isa = PBXBuildFile; fileRef = 20A75C4E1BDF8EFB00EED682 /* CoreClass.swift */; };
		20A75C541BDF8EFB00EED682 /* CoreClass.swift in Sources */ = {isa = PBXBuildFile; fileRef = 20A75C4E1BDF8EFB00EED682 /* CoreClass.swift */; };
		20C9031E1BE4FC710004608A /* CoreClass.swift in Sources */ = {isa = PBXBuildFile; fileRef = 20A75C4E1BDF8EFB00EED682 /* CoreClass.swift */; };
		20C9032D1BE50B3D0004608A /* CoreTests.swift in Sources */ = {isa = PBXBuildFile; fileRef = CEFD29241BD12FBB000067CD /* CoreTests.swift */; };
		20C9032E1BE50BAB0004608A /* Core.h in Headers */ = {isa = PBXBuildFile; fileRef = 20A75C4B1BDF8EFB00EED682 /* Core.h */; settings = {ATTRIBUTES = (Public, ); }; };
		CE9F09421BD52A4800068ECB /* RxSwift.framework in Frameworks */ = {isa = PBXBuildFile; fileRef = CE9F09411BD52A4800068ECB /* RxSwift.framework */; };
		CE9F09441BD52ADA00068ECB /* RxSwift.framework in Frameworks */ = {isa = PBXBuildFile; fileRef = CE9F09431BD52ADA00068ECB /* RxSwift.framework */; };
		CE9F09471BD530DF00068ECB /* RxSwift.framework in CopyFiles */ = {isa = PBXBuildFile; fileRef = CE9F09431BD52ADA00068ECB /* RxSwift.framework */; settings = {ATTRIBUTES = (CodeSignOnCopy, RemoveHeadersOnCopy, ); }; };
		CED947531BD4E809002479BF /* CoreTests.swift in Sources */ = {isa = PBXBuildFile; fileRef = CEFD29241BD12FBB000067CD /* CoreTests.swift */; };
		CEE6FBB71BD1595000594649 /* Core.framework in Frameworks */ = {isa = PBXBuildFile; fileRef = CEE6FBAD1BD1595000594649 /* Core.framework */; };
		CEFD29201BD12FBB000067CD /* Core.framework in Frameworks */ = {isa = PBXBuildFile; fileRef = CEFD29151BD12FBB000067CD /* Core.framework */; };
		CEFD29251BD12FBB000067CD /* CoreTests.swift in Sources */ = {isa = PBXBuildFile; fileRef = CEFD29241BD12FBB000067CD /* CoreTests.swift */; };
/* End PBXBuildFile section */

/* Begin PBXContainerItemProxy section */
		20200CB01BE0C75400DB893E /* PBXContainerItemProxy */ = {
			isa = PBXContainerItemProxy;
			containerPortal = CEFD290C1BD12FBB000067CD /* Project object */;
			proxyType = 1;
			remoteGlobalIDString = 20200CA41BE0C75400DB893E;
			remoteInfo = "Core TV";
		};
		CEE6FBB81BD1595000594649 /* PBXContainerItemProxy */ = {
			isa = PBXContainerItemProxy;
			containerPortal = CEFD290C1BD12FBB000067CD /* Project object */;
			proxyType = 1;
			remoteGlobalIDString = CEE6FBAC1BD1595000594649;
			remoteInfo = "Core OSX";
		};
		CEFD29211BD12FBB000067CD /* PBXContainerItemProxy */ = {
			isa = PBXContainerItemProxy;
			containerPortal = CEFD290C1BD12FBB000067CD /* Project object */;
			proxyType = 1;
			remoteGlobalIDString = CEFD29141BD12FBB000067CD;
			remoteInfo = "Core iOS";
		};
/* End PBXContainerItemProxy section */

/* Begin PBXCopyFilesBuildPhase section */
		CE607EAD1BD4F52C008DD368 /* CopyFiles */ = {
			isa = PBXCopyFilesBuildPhase;
			buildActionMask = 2147483647;
			dstPath = "";
			dstSubfolderSpec = 10;
			files = (
				CE9F09471BD530DF00068ECB /* RxSwift.framework in CopyFiles */,
			);
			runOnlyForDeploymentPostprocessing = 0;
		};
/* End PBXCopyFilesBuildPhase section */

/* Begin PBXFileReference section */
		20200CA51BE0C75400DB893E /* Core.framework */ = {isa = PBXFileReference; explicitFileType = wrapper.framework; includeInIndex = 0; path = Core.framework; sourceTree = BUILT_PRODUCTS_DIR; };
		20200CAE1BE0C75400DB893E /* Core TV Tests.xctest */ = {isa = PBXFileReference; explicitFileType = wrapper.cfbundle; includeInIndex = 0; path = "Core TV Tests.xctest"; sourceTree = BUILT_PRODUCTS_DIR; };
		2072A0CA1BE0CB2800089AFC /* RxSwift.framework */ = {isa = PBXFileReference; lastKnownFileType = wrapper.framework; name = RxSwift.framework; path = ../Carthage/Carthage/Build/tvOS/RxSwift.framework; sourceTree = "<group>"; };
		20A75C481BDF8EFB00EED682 /* Info.plist */ = {isa = PBXFileReference; fileEncoding = 4; lastKnownFileType = text.plist.xml; path = Info.plist; sourceTree = "<group>"; };
		20A75C4B1BDF8EFB00EED682 /* Core.h */ = {isa = PBXFileReference; fileEncoding = 4; lastKnownFileType = sourcecode.c.h; path = Core.h; sourceTree = "<group>"; };
		20A75C4E1BDF8EFB00EED682 /* CoreClass.swift */ = {isa = PBXFileReference; fileEncoding = 4; lastKnownFileType = sourcecode.swift; path = CoreClass.swift; sourceTree = "<group>"; };
		CE9F09411BD52A4800068ECB /* RxSwift.framework */ = {isa = PBXFileReference; lastKnownFileType = wrapper.framework; name = RxSwift.framework; path = ../Carthage/Carthage/Build/iOS/RxSwift.framework; sourceTree = "<group>"; };
		CE9F09431BD52ADA00068ECB /* RxSwift.framework */ = {isa = PBXFileReference; lastKnownFileType = wrapper.framework; name = RxSwift.framework; path = ../Carthage/Carthage/Build/Mac/RxSwift.framework; sourceTree = "<group>"; };
		CEE6FBAD1BD1595000594649 /* Core.framework */ = {isa = PBXFileReference; explicitFileType = wrapper.framework; includeInIndex = 0; path = Core.framework; sourceTree = BUILT_PRODUCTS_DIR; };
		CEE6FBB61BD1595000594649 /* Core OSX Tests.xctest */ = {isa = PBXFileReference; explicitFileType = wrapper.cfbundle; includeInIndex = 0; path = "Core OSX Tests.xctest"; sourceTree = BUILT_PRODUCTS_DIR; };
		CEFD29151BD12FBB000067CD /* Core.framework */ = {isa = PBXFileReference; explicitFileType = wrapper.framework; includeInIndex = 0; path = Core.framework; sourceTree = BUILT_PRODUCTS_DIR; };
		CEFD291F1BD12FBB000067CD /* Core iOS Tests.xctest */ = {isa = PBXFileReference; explicitFileType = wrapper.cfbundle; includeInIndex = 0; path = "Core iOS Tests.xctest"; sourceTree = BUILT_PRODUCTS_DIR; };
		CEFD29241BD12FBB000067CD /* CoreTests.swift */ = {isa = PBXFileReference; lastKnownFileType = sourcecode.swift; path = CoreTests.swift; sourceTree = "<group>"; };
		CEFD29261BD12FBB000067CD /* Info.plist */ = {isa = PBXFileReference; lastKnownFileType = text.plist.xml; path = Info.plist; sourceTree = "<group>"; };
/* End PBXFileReference section */

/* Begin PBXFrameworksBuildPhase section */
		20200CA11BE0C75400DB893E /* Frameworks */ = {
			isa = PBXFrameworksBuildPhase;
			buildActionMask = 2147483647;
			files = (
				2072A0CB1BE0CB2800089AFC /* RxSwift.framework in Frameworks */,
			);
			runOnlyForDeploymentPostprocessing = 0;
		};
		20200CAB1BE0C75400DB893E /* Frameworks */ = {
			isa = PBXFrameworksBuildPhase;
			buildActionMask = 2147483647;
			files = (
				20200CAF1BE0C75400DB893E /* Core.framework in Frameworks */,
			);
			runOnlyForDeploymentPostprocessing = 0;
		};
		CEE6FBA91BD1595000594649 /* Frameworks */ = {
			isa = PBXFrameworksBuildPhase;
			buildActionMask = 2147483647;
			files = (
				CE9F09441BD52ADA00068ECB /* RxSwift.framework in Frameworks */,
			);
			runOnlyForDeploymentPostprocessing = 0;
		};
		CEE6FBB31BD1595000594649 /* Frameworks */ = {
			isa = PBXFrameworksBuildPhase;
			buildActionMask = 2147483647;
			files = (
				CEE6FBB71BD1595000594649 /* Core.framework in Frameworks */,
			);
			runOnlyForDeploymentPostprocessing = 0;
		};
		CEFD29111BD12FBB000067CD /* Frameworks */ = {
			isa = PBXFrameworksBuildPhase;
			buildActionMask = 2147483647;
			files = (
				CE9F09421BD52A4800068ECB /* RxSwift.framework in Frameworks */,
			);
			runOnlyForDeploymentPostprocessing = 0;
		};
		CEFD291C1BD12FBB000067CD /* Frameworks */ = {
			isa = PBXFrameworksBuildPhase;
			buildActionMask = 2147483647;
			files = (
				CEFD29201BD12FBB000067CD /* Core.framework in Frameworks */,
			);
			runOnlyForDeploymentPostprocessing = 0;
		};
/* End PBXFrameworksBuildPhase section */

/* Begin PBXGroup section */
		20A75C491BDF8EFB00EED682 /* Source */ = {
			isa = PBXGroup;
			children = (
				20A75C4A1BDF8EFB00EED682 /* Objc */,
				20A75C4C1BDF8EFB00EED682 /* Swift */,
			);
			path = Source;
			sourceTree = "<group>";
		};
		20A75C4A1BDF8EFB00EED682 /* Objc */ = {
			isa = PBXGroup;
			children = (
				20A75C4B1BDF8EFB00EED682 /* Core.h */,
			);
			path = Objc;
			sourceTree = "<group>";
		};
		20A75C4C1BDF8EFB00EED682 /* Swift */ = {
			isa = PBXGroup;
			children = (
				20A75C4D1BDF8EFB00EED682 /* Model */,
			);
			path = Swift;
			sourceTree = "<group>";
		};
		20A75C4D1BDF8EFB00EED682 /* Model */ = {
			isa = PBXGroup;
			children = (
				20A75C4E1BDF8EFB00EED682 /* CoreClass.swift */,
			);
			path = Model;
			sourceTree = "<group>";
		};
		CEE6FBDA1BD15F3100594649 /* Frameworks */ = {
			isa = PBXGroup;
			children = (
				2072A0CA1BE0CB2800089AFC /* RxSwift.framework */,
				CE9F09431BD52ADA00068ECB /* RxSwift.framework */,
				CE9F09411BD52A4800068ECB /* RxSwift.framework */,
			);
			name = Frameworks;
			sourceTree = "<group>";
		};
		CEFD290B1BD12FBB000067CD = {
			isa = PBXGroup;
			children = (
				CEFD29171BD12FBB000067CD /* Code */,
				CEFD29231BD12FBB000067CD /* Tests */,
				CEE6FBDA1BD15F3100594649 /* Frameworks */,
				CEFD29161BD12FBB000067CD /* Products */,
			);
			sourceTree = "<group>";
		};
		CEFD29161BD12FBB000067CD /* Products */ = {
			isa = PBXGroup;
			children = (
				CEFD29151BD12FBB000067CD /* Core.framework */,
				CEFD291F1BD12FBB000067CD /* Core iOS Tests.xctest */,
				CEE6FBAD1BD1595000594649 /* Core.framework */,
				CEE6FBB61BD1595000594649 /* Core OSX Tests.xctest */,
				20200CA51BE0C75400DB893E /* Core.framework */,
				20200CAE1BE0C75400DB893E /* Core TV Tests.xctest */,
			);
			name = Products;
			sourceTree = "<group>";
		};
		CEFD29171BD12FBB000067CD /* Code */ = {
			isa = PBXGroup;
			children = (
				20A75C481BDF8EFB00EED682 /* Info.plist */,
				20A75C491BDF8EFB00EED682 /* Source */,
			);
			path = Code;
			sourceTree = "<group>";
		};
		CEFD29231BD12FBB000067CD /* Tests */ = {
			isa = PBXGroup;
			children = (
				CEFD29241BD12FBB000067CD /* CoreTests.swift */,
				CEFD29261BD12FBB000067CD /* Info.plist */,
			);
			path = Tests;
			sourceTree = "<group>";
		};
/* End PBXGroup section */

/* Begin PBXHeadersBuildPhase section */
		20200CA21BE0C75400DB893E /* Headers */ = {
			isa = PBXHeadersBuildPhase;
			buildActionMask = 2147483647;
			files = (
				20C9032E1BE50BAB0004608A /* Core.h in Headers */,
			);
			runOnlyForDeploymentPostprocessing = 0;
		};
		CEE6FBAA1BD1595000594649 /* Headers */ = {
			isa = PBXHeadersBuildPhase;
			buildActionMask = 2147483647;
			files = (
				20A75C521BDF8EFB00EED682 /* Core.h in Headers */,
			);
			runOnlyForDeploymentPostprocessing = 0;
		};
		CEFD29121BD12FBB000067CD /* Headers */ = {
			isa = PBXHeadersBuildPhase;
			buildActionMask = 2147483647;
			files = (
				20A75C511BDF8EFB00EED682 /* Core.h in Headers */,
			);
			runOnlyForDeploymentPostprocessing = 0;
		};
/* End PBXHeadersBuildPhase section */

/* Begin PBXNativeTarget section */
		20200CA41BE0C75400DB893E /* Core TV */ = {
			isa = PBXNativeTarget;
			buildConfigurationList = 20200CBA1BE0C75400DB893E /* Build configuration list for PBXNativeTarget "Core TV" */;
			buildPhases = (
				20200CA01BE0C75400DB893E /* Sources */,
				20200CA11BE0C75400DB893E /* Frameworks */,
				20200CA21BE0C75400DB893E /* Headers */,
				20200CA31BE0C75400DB893E /* Resources */,
				20C9032F1BE50BDD0004608A /* Carthage Script */,
			);
			buildRules = (
			);
			dependencies = (
			);
			name = "Core TV";
			productName = Core;
			productReference = 20200CA51BE0C75400DB893E /* Core.framework */;
			productType = "com.apple.product-type.framework";
		};
		20200CAD1BE0C75400DB893E /* Core TV Tests */ = {
			isa = PBXNativeTarget;
			buildConfigurationList = 20200CBB1BE0C75400DB893E /* Build configuration list for PBXNativeTarget "Core TV Tests" */;
			buildPhases = (
				20200CAA1BE0C75400DB893E /* Sources */,
				20200CAB1BE0C75400DB893E /* Frameworks */,
				20200CAC1BE0C75400DB893E /* Resources */,
			);
			buildRules = (
			);
			dependencies = (
				20200CB11BE0C75400DB893E /* PBXTargetDependency */,
			);
			name = "Core TV Tests";
			productName = CoreTests;
			productReference = 20200CAE1BE0C75400DB893E /* Core TV Tests.xctest */;
			productType = "com.apple.product-type.bundle.unit-test";
		};
		CEE6FBAC1BD1595000594649 /* Core OSX */ = {
			isa = PBXNativeTarget;
			buildConfigurationList = CEE6FBC21BD1595000594649 /* Build configuration list for PBXNativeTarget "Core OSX" */;
			buildPhases = (
				CEE6FBA81BD1595000594649 /* Sources */,
				CEE6FBA91BD1595000594649 /* Frameworks */,
				CEE6FBAA1BD1595000594649 /* Headers */,
				CEE6FBAB1BD1595000594649 /* Resources */,
				20C903301BE50C080004608A /* Carthage Script */,
			);
			buildRules = (
			);
			dependencies = (
			);
			name = "Core OSX";
			productName = Core;
			productReference = CEE6FBAD1BD1595000594649 /* Core.framework */;
			productType = "com.apple.product-type.framework";
		};
		CEE6FBB51BD1595000594649 /* Core OSX Tests */ = {
			isa = PBXNativeTarget;
			buildConfigurationList = CEE6FBC31BD1595000594649 /* Build configuration list for PBXNativeTarget "Core OSX Tests" */;
			buildPhases = (
				CEE6FBB21BD1595000594649 /* Sources */,
				CEE6FBB31BD1595000594649 /* Frameworks */,
				CEE6FBB41BD1595000594649 /* Resources */,
				CE607EAD1BD4F52C008DD368 /* CopyFiles */,
			);
			buildRules = (
			);
			dependencies = (
				CEE6FBB91BD1595000594649 /* PBXTargetDependency */,
			);
			name = "Core OSX Tests";
			productName = CoreTests;
			productReference = CEE6FBB61BD1595000594649 /* Core OSX Tests.xctest */;
			productType = "com.apple.product-type.bundle.unit-test";
		};
		CEFD29141BD12FBB000067CD /* Core iOS */ = {
			isa = PBXNativeTarget;
			buildConfigurationList = CEFD29291BD12FBB000067CD /* Build configuration list for PBXNativeTarget "Core iOS" */;
			buildPhases = (
				CEFD29101BD12FBB000067CD /* Sources */,
				CEFD29111BD12FBB000067CD /* Frameworks */,
				CEFD29121BD12FBB000067CD /* Headers */,
				CEFD29131BD12FBB000067CD /* Resources */,
				CEFD29B01BD14AA3000067CD /* Carthage Script */,
			);
			buildRules = (
			);
			dependencies = (
			);
			name = "Core iOS";
			productName = Core;
			productReference = CEFD29151BD12FBB000067CD /* Core.framework */;
			productType = "com.apple.product-type.framework";
		};
		CEFD291E1BD12FBB000067CD /* Core iOS Tests */ = {
			isa = PBXNativeTarget;
			buildConfigurationList = CEFD292C1BD12FBB000067CD /* Build configuration list for PBXNativeTarget "Core iOS Tests" */;
			buildPhases = (
				CEFD291B1BD12FBB000067CD /* Sources */,
				CEFD291C1BD12FBB000067CD /* Frameworks */,
				CEFD291D1BD12FBB000067CD /* Resources */,
			);
			buildRules = (
			);
			dependencies = (
				CEFD29221BD12FBB000067CD /* PBXTargetDependency */,
			);
			name = "Core iOS Tests";
			productName = CoreTests;
			productReference = CEFD291F1BD12FBB000067CD /* Core iOS Tests.xctest */;
			productType = "com.apple.product-type.bundle.unit-test";
		};
/* End PBXNativeTarget section */

/* Begin PBXProject section */
		CEFD290C1BD12FBB000067CD /* Project object */ = {
			isa = PBXProject;
			attributes = {
				LastSwiftUpdateCheck = 0710;
				LastUpgradeCheck = 0700;
				ORGANIZATIONNAME = "Syerit Limited";
				TargetAttributes = {
					20200CA41BE0C75400DB893E = {
						CreatedOnToolsVersion = 7.1;
					};
					20200CAD1BE0C75400DB893E = {
						CreatedOnToolsVersion = 7.1;
					};
					CEE6FBAC1BD1595000594649 = {
						CreatedOnToolsVersion = 7.0.1;
					};
					CEE6FBB51BD1595000594649 = {
						CreatedOnToolsVersion = 7.0.1;
					};
					CEFD29141BD12FBB000067CD = {
						CreatedOnToolsVersion = 7.0.1;
					};
					CEFD291E1BD12FBB000067CD = {
						CreatedOnToolsVersion = 7.0.1;
					};
				};
			};
			buildConfigurationList = CEFD290F1BD12FBB000067CD /* Build configuration list for PBXProject "Core" */;
			compatibilityVersion = "Xcode 3.2";
			developmentRegion = English;
			hasScannedForEncodings = 0;
			knownRegions = (
				en,
			);
			mainGroup = CEFD290B1BD12FBB000067CD;
			productRefGroup = CEFD29161BD12FBB000067CD /* Products */;
			projectDirPath = "";
			projectRoot = "";
			targets = (
				CEFD29141BD12FBB000067CD /* Core iOS */,
				CEFD291E1BD12FBB000067CD /* Core iOS Tests */,
				CEE6FBAC1BD1595000594649 /* Core OSX */,
				CEE6FBB51BD1595000594649 /* Core OSX Tests */,
				20200CA41BE0C75400DB893E /* Core TV */,
				20200CAD1BE0C75400DB893E /* Core TV Tests */,
			);
		};
/* End PBXProject section */

/* Begin PBXResourcesBuildPhase section */
		20200CA31BE0C75400DB893E /* Resources */ = {
			isa = PBXResourcesBuildPhase;
			buildActionMask = 2147483647;
			files = (
				2042468E1BE615FD00E258D7 /* Info.plist in Resources */,
			);
			runOnlyForDeploymentPostprocessing = 0;
		};
		20200CAC1BE0C75400DB893E /* Resources */ = {
			isa = PBXResourcesBuildPhase;
			buildActionMask = 2147483647;
			files = (
			);
			runOnlyForDeploymentPostprocessing = 0;
		};
		CEE6FBAB1BD1595000594649 /* Resources */ = {
			isa = PBXResourcesBuildPhase;
			buildActionMask = 2147483647;
			files = (
				20A75C501BDF8EFB00EED682 /* Info.plist in Resources */,
			);
			runOnlyForDeploymentPostprocessing = 0;
		};
		CEE6FBB41BD1595000594649 /* Resources */ = {
			isa = PBXResourcesBuildPhase;
			buildActionMask = 2147483647;
			files = (
			);
			runOnlyForDeploymentPostprocessing = 0;
		};
		CEFD29131BD12FBB000067CD /* Resources */ = {
			isa = PBXResourcesBuildPhase;
			buildActionMask = 2147483647;
			files = (
				20A75C4F1BDF8EFB00EED682 /* Info.plist in Resources */,
			);
			runOnlyForDeploymentPostprocessing = 0;
		};
		CEFD291D1BD12FBB000067CD /* Resources */ = {
			isa = PBXResourcesBuildPhase;
			buildActionMask = 2147483647;
			files = (
			);
			runOnlyForDeploymentPostprocessing = 0;
		};
/* End PBXResourcesBuildPhase section */

/* Begin PBXShellScriptBuildPhase section */
		20C9032F1BE50BDD0004608A /* Carthage Script */ = {
			isa = PBXShellScriptBuildPhase;
			buildActionMask = 2147483647;
			files = (
			);
			inputPaths = (
				"$(SRCROOT)/../Carthage/Carthage/Build/tvOS/RxSwift.framework",
			);
			name = "Carthage Script";
			outputPaths = (
			);
			runOnlyForDeploymentPostprocessing = 0;
			shellPath = /bin/sh;
			shellScript = "/usr/local/bin/carthage copy-frameworks";
		};
		20C903301BE50C080004608A /* Carthage Script */ = {
			isa = PBXShellScriptBuildPhase;
			buildActionMask = 2147483647;
			files = (
			);
			inputPaths = (
				"$(SRCROOT)/../Carthage/Carthage/Build/Mac/RxSwift.framework",
			);
			name = "Carthage Script";
			outputPaths = (
			);
			runOnlyForDeploymentPostprocessing = 0;
			shellPath = /bin/sh;
			shellScript = "/usr/local/bin/carthage copy-frameworks";
		};
		CEFD29B01BD14AA3000067CD /* Carthage Script */ = {
			isa = PBXShellScriptBuildPhase;
			buildActionMask = 2147483647;
			files = (
			);
			inputPaths = (
				"$(SRCROOT)/../Carthage/Carthage/Build/iOS/RxSwift.framework",
			);
			name = "Carthage Script";
			outputPaths = (
			);
			runOnlyForDeploymentPostprocessing = 0;
			shellPath = /bin/sh;
			shellScript = "/usr/local/bin/carthage copy-frameworks";
		};
/* End PBXShellScriptBuildPhase section */

/* Begin PBXSourcesBuildPhase section */
		20200CA01BE0C75400DB893E /* Sources */ = {
			isa = PBXSourcesBuildPhase;
			buildActionMask = 2147483647;
			files = (
				20C9031E1BE4FC710004608A /* CoreClass.swift in Sources */,
			);
			runOnlyForDeploymentPostprocessing = 0;
		};
		20200CAA1BE0C75400DB893E /* Sources */ = {
			isa = PBXSourcesBuildPhase;
			buildActionMask = 2147483647;
			files = (
				20C9032D1BE50B3D0004608A /* CoreTests.swift in Sources */,
			);
			runOnlyForDeploymentPostprocessing = 0;
		};
		CEE6FBA81BD1595000594649 /* Sources */ = {
			isa = PBXSourcesBuildPhase;
			buildActionMask = 2147483647;
			files = (
				20A75C541BDF8EFB00EED682 /* CoreClass.swift in Sources */,
			);
			runOnlyForDeploymentPostprocessing = 0;
		};
		CEE6FBB21BD1595000594649 /* Sources */ = {
			isa = PBXSourcesBuildPhase;
			buildActionMask = 2147483647;
			files = (
				CED947531BD4E809002479BF /* CoreTests.swift in Sources */,
			);
			runOnlyForDeploymentPostprocessing = 0;
		};
		CEFD29101BD12FBB000067CD /* Sources */ = {
			isa = PBXSourcesBuildPhase;
			buildActionMask = 2147483647;
			files = (
				20A75C531BDF8EFB00EED682 /* CoreClass.swift in Sources */,
			);
			runOnlyForDeploymentPostprocessing = 0;
		};
		CEFD291B1BD12FBB000067CD /* Sources */ = {
			isa = PBXSourcesBuildPhase;
			buildActionMask = 2147483647;
			files = (
				CEFD29251BD12FBB000067CD /* CoreTests.swift in Sources */,
			);
			runOnlyForDeploymentPostprocessing = 0;
		};
/* End PBXSourcesBuildPhase section */

/* Begin PBXTargetDependency section */
		20200CB11BE0C75400DB893E /* PBXTargetDependency */ = {
			isa = PBXTargetDependency;
			target = 20200CA41BE0C75400DB893E /* Core TV */;
			targetProxy = 20200CB01BE0C75400DB893E /* PBXContainerItemProxy */;
		};
		CEE6FBB91BD1595000594649 /* PBXTargetDependency */ = {
			isa = PBXTargetDependency;
			target = CEE6FBAC1BD1595000594649 /* Core OSX */;
			targetProxy = CEE6FBB81BD1595000594649 /* PBXContainerItemProxy */;
		};
		CEFD29221BD12FBB000067CD /* PBXTargetDependency */ = {
			isa = PBXTargetDependency;
			target = CEFD29141BD12FBB000067CD /* Core iOS */;
			targetProxy = CEFD29211BD12FBB000067CD /* PBXContainerItemProxy */;
		};
/* End PBXTargetDependency section */

/* Begin XCBuildConfiguration section */
		20200CB61BE0C75400DB893E /* Debug */ = {
			isa = XCBuildConfiguration;
			buildSettings = {
				DEFINES_MODULE = YES;
				DYLIB_COMPATIBILITY_VERSION = 1;
				DYLIB_CURRENT_VERSION = 1;
				DYLIB_INSTALL_NAME_BASE = "@rpath";
				EMBEDDED_CONTENT_CONTAINS_SWIFT = YES;
				FRAMEWORK_SEARCH_PATHS = "$(SRCROOT)/../Carthage/Carthage/Build/tvOS";
				INFOPLIST_FILE = "$(SRCROOT)/Code/Info.plist";
				INSTALL_PATH = "$(LOCAL_LIBRARY_DIR)/Frameworks";
				LD_RUNPATH_SEARCH_PATHS = "$(inherited) @executable_path/Frameworks @loader_path/Frameworks @executable_path/../Frameworks @executable_path/../../Frameworks @loader_path/../Frameworks @loader_path/../../Frameworks";
				PRODUCT_BUNDLE_IDENTIFIER = com.syerit.template1.core.tv;
				PRODUCT_NAME = Core;
				SDKROOT = appletvos;
				SKIP_INSTALL = YES;
				TARGETED_DEVICE_FAMILY = 3;
				TVOS_DEPLOYMENT_TARGET = 9.0;
			};
			name = Debug;
		};
		20200CB71BE0C75400DB893E /* Release */ = {
			isa = XCBuildConfiguration;
			buildSettings = {
				DEFINES_MODULE = YES;
				DYLIB_COMPATIBILITY_VERSION = 1;
				DYLIB_CURRENT_VERSION = 1;
				DYLIB_INSTALL_NAME_BASE = "@rpath";
				EMBEDDED_CONTENT_CONTAINS_SWIFT = YES;
				FRAMEWORK_SEARCH_PATHS = "$(SRCROOT)/../Carthage/Carthage/Build/tvOS";
				INFOPLIST_FILE = "$(SRCROOT)/Code/Info.plist";
				INSTALL_PATH = "$(LOCAL_LIBRARY_DIR)/Frameworks";
				LD_RUNPATH_SEARCH_PATHS = "$(inherited) @executable_path/Frameworks @loader_path/Frameworks @executable_path/../Frameworks @executable_path/../../Frameworks @loader_path/../Frameworks @loader_path/../../Frameworks";
				PRODUCT_BUNDLE_IDENTIFIER = com.syerit.template1.core.tv;
				PRODUCT_NAME = Core;
				SDKROOT = appletvos;
				SKIP_INSTALL = YES;
				TARGETED_DEVICE_FAMILY = 3;
				TVOS_DEPLOYMENT_TARGET = 9.0;
			};
			name = Release;
		};
		20200CB81BE0C75400DB893E /* Debug */ = {
			isa = XCBuildConfiguration;
			buildSettings = {
				INFOPLIST_FILE = Tests/Info.plist;
				LD_RUNPATH_SEARCH_PATHS = "$(inherited) @executable_path/Frameworks @loader_path/Frameworks";
				PRODUCT_BUNDLE_IDENTIFIER = com.syerit.template1.core.tv.tests;
				PRODUCT_NAME = "$(TARGET_NAME)";
				SDKROOT = appletvos;
				TVOS_DEPLOYMENT_TARGET = 9.0;
			};
			name = Debug;
		};
		20200CB91BE0C75400DB893E /* Release */ = {
			isa = XCBuildConfiguration;
			buildSettings = {
				INFOPLIST_FILE = Tests/Info.plist;
				LD_RUNPATH_SEARCH_PATHS = "$(inherited) @executable_path/Frameworks @loader_path/Frameworks";
				PRODUCT_BUNDLE_IDENTIFIER = com.syerit.template1.core.tv.tests;
				PRODUCT_NAME = "$(TARGET_NAME)";
				SDKROOT = appletvos;
				TVOS_DEPLOYMENT_TARGET = 9.0;
			};
			name = Release;
		};
		CEE6FBBE1BD1595000594649 /* Debug */ = {
			isa = XCBuildConfiguration;
			buildSettings = {
				COMBINE_HIDPI_IMAGES = YES;
				DEFINES_MODULE = YES;
				DYLIB_COMPATIBILITY_VERSION = 1;
				DYLIB_CURRENT_VERSION = 1;
				DYLIB_INSTALL_NAME_BASE = "@rpath";
				FRAMEWORK_SEARCH_PATHS = "$(SRCROOT)/../Carthage/Carthage/Build/Mac";
				FRAMEWORK_VERSION = A;
				INFOPLIST_FILE = "$(SRCROOT)/Code/Info.plist";
				INSTALL_PATH = "$(LOCAL_LIBRARY_DIR)/Frameworks";
				LD_RUNPATH_SEARCH_PATHS = "$(inherited) @executable_path/../Frameworks @loader_path/Frameworks";
				MACOSX_DEPLOYMENT_TARGET = 10.10;
				PRODUCT_BUNDLE_IDENTIFIER = com.syerit.template1.core.osx;
				PRODUCT_NAME = Core;
				SDKROOT = macosx;
				SKIP_INSTALL = YES;
			};
			name = Debug;
		};
		CEE6FBBF1BD1595000594649 /* Release */ = {
			isa = XCBuildConfiguration;
			buildSettings = {
				COMBINE_HIDPI_IMAGES = YES;
				DEFINES_MODULE = YES;
				DYLIB_COMPATIBILITY_VERSION = 1;
				DYLIB_CURRENT_VERSION = 1;
				DYLIB_INSTALL_NAME_BASE = "@rpath";
				FRAMEWORK_SEARCH_PATHS = "$(SRCROOT)/../Carthage/Carthage/Build/Mac";
				FRAMEWORK_VERSION = A;
				INFOPLIST_FILE = "$(SRCROOT)/Code/Info.plist";
				INSTALL_PATH = "$(LOCAL_LIBRARY_DIR)/Frameworks";
				LD_RUNPATH_SEARCH_PATHS = "$(inherited) @executable_path/../Frameworks @loader_path/Frameworks";
				MACOSX_DEPLOYMENT_TARGET = 10.10;
				PRODUCT_BUNDLE_IDENTIFIER = com.syerit.template1.core.osx;
				PRODUCT_NAME = Core;
				SDKROOT = macosx;
				SKIP_INSTALL = YES;
			};
			name = Release;
		};
		CEE6FBC01BD1595000594649 /* Debug */ = {
			isa = XCBuildConfiguration;
			buildSettings = {
				COMBINE_HIDPI_IMAGES = YES;
				FRAMEWORK_SEARCH_PATHS = "$(SRCROOT)/../Carthage/Carthage/Build/Mac";
				INFOPLIST_FILE = Tests/Info.plist;
				LD_RUNPATH_SEARCH_PATHS = "$(inherited) @executable_path/../Frameworks @loader_path/../Frameworks";
				MACOSX_DEPLOYMENT_TARGET = 10.10;
				PRODUCT_BUNDLE_IDENTIFIER = com.syerit.template1.core.osx.tests;
				PRODUCT_NAME = "$(TARGET_NAME)";
				SDKROOT = macosx;
			};
			name = Debug;
		};
		CEE6FBC11BD1595000594649 /* Release */ = {
			isa = XCBuildConfiguration;
			buildSettings = {
				COMBINE_HIDPI_IMAGES = YES;
				FRAMEWORK_SEARCH_PATHS = "$(SRCROOT)/../Carthage/Carthage/Build/Mac";
				INFOPLIST_FILE = Tests/Info.plist;
				LD_RUNPATH_SEARCH_PATHS = "$(inherited) @executable_path/../Frameworks @loader_path/../Frameworks";
				MACOSX_DEPLOYMENT_TARGET = 10.10;
				PRODUCT_BUNDLE_IDENTIFIER = com.syerit.template1.core.osx.tests;
				PRODUCT_NAME = "$(TARGET_NAME)";
				SDKROOT = macosx;
			};
			name = Release;
		};
		CEFD29271BD12FBB000067CD /* Debug */ = {
			isa = XCBuildConfiguration;
			buildSettings = {
				ALWAYS_SEARCH_USER_PATHS = NO;
				CLANG_CXX_LANGUAGE_STANDARD = "gnu++0x";
				CLANG_CXX_LIBRARY = "libc++";
				CLANG_ENABLE_MODULES = YES;
				CLANG_ENABLE_OBJC_ARC = YES;
				CLANG_WARN_BOOL_CONVERSION = YES;
				CLANG_WARN_CONSTANT_CONVERSION = YES;
				CLANG_WARN_DIRECT_OBJC_ISA_USAGE = YES_ERROR;
				CLANG_WARN_EMPTY_BODY = YES;
				CLANG_WARN_ENUM_CONVERSION = YES;
				CLANG_WARN_INT_CONVERSION = YES;
				CLANG_WARN_OBJC_ROOT_CLASS = YES_ERROR;
				CLANG_WARN_UNREACHABLE_CODE = YES;
				CLANG_WARN__DUPLICATE_METHOD_MATCH = YES;
				"CODE_SIGN_IDENTITY[sdk=iphoneos*]" = "iPhone Developer";
				COPY_PHASE_STRIP = NO;
				CURRENT_PROJECT_VERSION = 1;
				DEBUG_INFORMATION_FORMAT = dwarf;
				EMBEDDED_CONTENT_CONTAINS_SWIFT = YES;
				ENABLE_STRICT_OBJC_MSGSEND = YES;
				ENABLE_TESTABILITY = YES;
				GCC_C_LANGUAGE_STANDARD = gnu99;
				GCC_DYNAMIC_NO_PIC = NO;
				GCC_NO_COMMON_BLOCKS = YES;
				GCC_OPTIMIZATION_LEVEL = 0;
				GCC_PREPROCESSOR_DEFINITIONS = (
					"DEBUG=1",
					"$(inherited)",
				);
				GCC_WARN_64_TO_32_BIT_CONVERSION = YES;
				GCC_WARN_ABOUT_RETURN_TYPE = YES_ERROR;
				GCC_WARN_UNDECLARED_SELECTOR = YES;
				GCC_WARN_UNINITIALIZED_AUTOS = YES_AGGRESSIVE;
				GCC_WARN_UNUSED_FUNCTION = YES;
				GCC_WARN_UNUSED_VARIABLE = YES;
				MACOSX_DEPLOYMENT_TARGET = 10.10;
				MTL_ENABLE_DEBUG_INFO = YES;
				ONLY_ACTIVE_ARCH = YES;
				SDKROOT = iphoneos;
				SWIFT_OPTIMIZATION_LEVEL = "-Onone";
				TARGETED_DEVICE_FAMILY = "1,2";
				VERSIONING_SYSTEM = "apple-generic";
				VERSION_INFO_PREFIX = "";
			};
			name = Debug;
		};
		CEFD29281BD12FBB000067CD /* Release */ = {
			isa = XCBuildConfiguration;
			buildSettings = {
				ALWAYS_SEARCH_USER_PATHS = NO;
				CLANG_CXX_LANGUAGE_STANDARD = "gnu++0x";
				CLANG_CXX_LIBRARY = "libc++";
				CLANG_ENABLE_MODULES = YES;
				CLANG_ENABLE_OBJC_ARC = YES;
				CLANG_WARN_BOOL_CONVERSION = YES;
				CLANG_WARN_CONSTANT_CONVERSION = YES;
				CLANG_WARN_DIRECT_OBJC_ISA_USAGE = YES_ERROR;
				CLANG_WARN_EMPTY_BODY = YES;
				CLANG_WARN_ENUM_CONVERSION = YES;
				CLANG_WARN_INT_CONVERSION = YES;
				CLANG_WARN_OBJC_ROOT_CLASS = YES_ERROR;
				CLANG_WARN_UNREACHABLE_CODE = YES;
				CLANG_WARN__DUPLICATE_METHOD_MATCH = YES;
				"CODE_SIGN_IDENTITY[sdk=iphoneos*]" = "iPhone Developer";
				COPY_PHASE_STRIP = NO;
				CURRENT_PROJECT_VERSION = 1;
				DEBUG_INFORMATION_FORMAT = "dwarf-with-dsym";
				EMBEDDED_CONTENT_CONTAINS_SWIFT = YES;
				ENABLE_NS_ASSERTIONS = NO;
				ENABLE_STRICT_OBJC_MSGSEND = YES;
				GCC_C_LANGUAGE_STANDARD = gnu99;
				GCC_NO_COMMON_BLOCKS = YES;
				GCC_WARN_64_TO_32_BIT_CONVERSION = YES;
				GCC_WARN_ABOUT_RETURN_TYPE = YES_ERROR;
				GCC_WARN_UNDECLARED_SELECTOR = YES;
				GCC_WARN_UNINITIALIZED_AUTOS = YES_AGGRESSIVE;
				GCC_WARN_UNUSED_FUNCTION = YES;
				GCC_WARN_UNUSED_VARIABLE = YES;
				MACOSX_DEPLOYMENT_TARGET = 10.10;
				MTL_ENABLE_DEBUG_INFO = NO;
				SDKROOT = iphoneos;
				TARGETED_DEVICE_FAMILY = "1,2";
				VALIDATE_PRODUCT = YES;
				VERSIONING_SYSTEM = "apple-generic";
				VERSION_INFO_PREFIX = "";
			};
			name = Release;
		};
		CEFD292A1BD12FBB000067CD /* Debug */ = {
			isa = XCBuildConfiguration;
			buildSettings = {
				CLANG_ENABLE_MODULES = YES;
				DEFINES_MODULE = YES;
				DYLIB_COMPATIBILITY_VERSION = 1;
				DYLIB_CURRENT_VERSION = 1;
				DYLIB_INSTALL_NAME_BASE = "@rpath";
				FRAMEWORK_SEARCH_PATHS = "$(SRCROOT)/../Carthage/Carthage/Build/iOS";
				INFOPLIST_FILE = Code/Info.plist;
				INSTALL_PATH = "$(LOCAL_LIBRARY_DIR)/Frameworks";
				IPHONEOS_DEPLOYMENT_TARGET = 8.0;
				LD_RUNPATH_SEARCH_PATHS = "$(inherited) @executable_path/Frameworks @loader_path/Frameworks";
				PRODUCT_BUNDLE_IDENTIFIER = com.syerit.template1.core.ios;
				PRODUCT_NAME = Core;
				SKIP_INSTALL = YES;
				SWIFT_OPTIMIZATION_LEVEL = "-Onone";
			};
			name = Debug;
		};
		CEFD292B1BD12FBB000067CD /* Release */ = {
			isa = XCBuildConfiguration;
			buildSettings = {
				CLANG_ENABLE_MODULES = YES;
				DEFINES_MODULE = YES;
				DYLIB_COMPATIBILITY_VERSION = 1;
				DYLIB_CURRENT_VERSION = 1;
				DYLIB_INSTALL_NAME_BASE = "@rpath";
				FRAMEWORK_SEARCH_PATHS = "$(SRCROOT)/../Carthage/Carthage/Build/iOS";
				INFOPLIST_FILE = Code/Info.plist;
				INSTALL_PATH = "$(LOCAL_LIBRARY_DIR)/Frameworks";
				IPHONEOS_DEPLOYMENT_TARGET = 8.0;
				LD_RUNPATH_SEARCH_PATHS = "$(inherited) @executable_path/Frameworks @loader_path/Frameworks";
				PRODUCT_BUNDLE_IDENTIFIER = com.syerit.template1.core.ios;
				PRODUCT_NAME = Core;
				SKIP_INSTALL = YES;
			};
			name = Release;
		};
		CEFD292D1BD12FBB000067CD /* Debug */ = {
			isa = XCBuildConfiguration;
			buildSettings = {
				FRAMEWORK_SEARCH_PATHS = "$(SRCROOT)/../Carthage/Carthage/Build/iOS";
				INFOPLIST_FILE = Tests/Info.plist;
				LD_RUNPATH_SEARCH_PATHS = "$(inherited) @executable_path/Frameworks @loader_path/Frameworks";
				PRODUCT_BUNDLE_IDENTIFIER = com.CoreTests;
				PRODUCT_NAME = "$(TARGET_NAME)";
			};
			name = Debug;
		};
		CEFD292E1BD12FBB000067CD /* Release */ = {
			isa = XCBuildConfiguration;
			buildSettings = {
				FRAMEWORK_SEARCH_PATHS = "$(SRCROOT)/../Carthage/Carthage/Build/iOS";
				INFOPLIST_FILE = Tests/Info.plist;
				LD_RUNPATH_SEARCH_PATHS = "$(inherited) @executable_path/Frameworks @loader_path/Frameworks";
				PRODUCT_BUNDLE_IDENTIFIER = com.CoreTests;
				PRODUCT_NAME = "$(TARGET_NAME)";
			};
			name = Release;
		};
/* End XCBuildConfiguration section */

/* Begin XCConfigurationList section */
		20200CBA1BE0C75400DB893E /* Build configuration list for PBXNativeTarget "Core TV" */ = {
			isa = XCConfigurationList;
			buildConfigurations = (
				20200CB61BE0C75400DB893E /* Debug */,
				20200CB71BE0C75400DB893E /* Release */,
			);
			defaultConfigurationIsVisible = 0;
			defaultConfigurationName = Release;
		};
		20200CBB1BE0C75400DB893E /* Build configuration list for PBXNativeTarget "Core TV Tests" */ = {
			isa = XCConfigurationList;
			buildConfigurations = (
				20200CB81BE0C75400DB893E /* Debug */,
				20200CB91BE0C75400DB893E /* Release */,
			);
			defaultConfigurationIsVisible = 0;
			defaultConfigurationName = Release;
		};
		CEE6FBC21BD1595000594649 /* Build configuration list for PBXNativeTarget "Core OSX" */ = {
			isa = XCConfigurationList;
			buildConfigurations = (
				CEE6FBBE1BD1595000594649 /* Debug */,
				CEE6FBBF1BD1595000594649 /* Release */,
			);
			defaultConfigurationIsVisible = 0;
			defaultConfigurationName = Release;
		};
		CEE6FBC31BD1595000594649 /* Build configuration list for PBXNativeTarget "Core OSX Tests" */ = {
			isa = XCConfigurationList;
			buildConfigurations = (
				CEE6FBC01BD1595000594649 /* Debug */,
				CEE6FBC11BD1595000594649 /* Release */,
			);
			defaultConfigurationIsVisible = 0;
			defaultConfigurationName = Release;
		};
		CEFD290F1BD12FBB000067CD /* Build configuration list for PBXProject "Core" */ = {
			isa = XCConfigurationList;
			buildConfigurations = (
				CEFD29271BD12FBB000067CD /* Debug */,
				CEFD29281BD12FBB000067CD /* Release */,
			);
			defaultConfigurationIsVisible = 0;
			defaultConfigurationName = Release;
		};
		CEFD29291BD12FBB000067CD /* Build configuration list for PBXNativeTarget "Core iOS" */ = {
			isa = XCConfigurationList;
			buildConfigurations = (
				CEFD292A1BD12FBB000067CD /* Debug */,
				CEFD292B1BD12FBB000067CD /* Release */,
			);
			defaultConfigurationIsVisible = 0;
			defaultConfigurationName = Release;
		};
		CEFD292C1BD12FBB000067CD /* Build configuration list for PBXNativeTarget "Core iOS Tests" */ = {
			isa = XCConfigurationList;
			buildConfigurations = (
				CEFD292D1BD12FBB000067CD /* Debug */,
				CEFD292E1BD12FBB000067CD /* Release */,
			);
			defaultConfigurationIsVisible = 0;
			defaultConfigurationName = Release;
		};
/* End XCConfigurationList section */
	};
	rootObject = CEFD290C1BD12FBB000067CD /* Project object */;
}
