// !$*UTF8*$!
{
	archiveVersion = 1;
	classes = {
	};
	objectVersion = 46;
	objects = {

/* Begin PBXBuildFile section */
		209092A31BD57C1C00E59A11 /* App_iOS.xcdatamodeld in Sources */ = {isa = PBXBuildFile; fileRef = 2090928F1BD57C1C00E59A11 /* App_iOS.xcdatamodeld */; };
		209092A41BD57C1C00E59A11 /* Assets.xcassets in Resources */ = {isa = PBXBuildFile; fileRef = 209092911BD57C1C00E59A11 /* Assets.xcassets */; };
		209092A61BD57C1C00E59A11 /* LaunchScreen.xib in Resources */ = {isa = PBXBuildFile; fileRef = 209092951BD57C1C00E59A11 /* LaunchScreen.xib */; };
		209092A71BD57C1C00E59A11 /* Main.storyboard in Resources */ = {isa = PBXBuildFile; fileRef = 209092961BD57C1C00E59A11 /* Main.storyboard */; };
		209092A81BD57C1C00E59A11 /* SWRevealViewController.m in Sources */ = {isa = PBXBuildFile; fileRef = 2090929B1BD57C1C00E59A11 /* SWRevealViewController.m */; };
		209092A91BD57C1C00E59A11 /* AppDelegate.swift in Sources */ = {isa = PBXBuildFile; fileRef = 2090929D1BD57C1C00E59A11 /* AppDelegate.swift */; };
		209092AB1BD57C1C00E59A11 /* MenuController.swift in Sources */ = {isa = PBXBuildFile; fileRef = 2090929F1BD57C1C00E59A11 /* MenuController.swift */; };
		20A75BC51BDECC4F00EED682 /* Interface.storyboard in Resources */ = {isa = PBXBuildFile; fileRef = 20A75BC31BDECC4F00EED682 /* Interface.storyboard */; };
		20A75BC71BDECC4F00EED682 /* Assets.xcassets in Resources */ = {isa = PBXBuildFile; fileRef = 20A75BC61BDECC4F00EED682 /* Assets.xcassets */; };
		20A75BCE1BDECC4F00EED682 /* Watch Extension.appex in Embed App Extensions */ = {isa = PBXBuildFile; fileRef = 20A75BCD1BDECC4F00EED682 /* Watch Extension.appex */; settings = {ATTRIBUTES = (RemoveHeadersOnCopy, ); }; };
		20A75BD51BDECC4F00EED682 /* InterfaceController.swift in Sources */ = {isa = PBXBuildFile; fileRef = 20A75BD41BDECC4F00EED682 /* InterfaceController.swift */; };
		20A75BD71BDECC4F00EED682 /* ExtensionDelegate.swift in Sources */ = {isa = PBXBuildFile; fileRef = 20A75BD61BDECC4F00EED682 /* ExtensionDelegate.swift */; };
		20A75BD91BDECC4F00EED682 /* NotificationController.swift in Sources */ = {isa = PBXBuildFile; fileRef = 20A75BD81BDECC4F00EED682 /* NotificationController.swift */; };
		20A75BDB1BDECC4F00EED682 /* Assets.xcassets in Resources */ = {isa = PBXBuildFile; fileRef = 20A75BDA1BDECC4F00EED682 /* Assets.xcassets */; };
		20A75BDF1BDECC4F00EED682 /* Watch.app in Embed Watch Content */ = {isa = PBXBuildFile; fileRef = 20A75BC11BDECC4E00EED682 /* Watch.app */; };
		20A75BEA1BDECD5500EED682 /* Assets.xcassets in Resources */ = {isa = PBXBuildFile; fileRef = 209092911BD57C1C00E59A11 /* Assets.xcassets */; };
		20A75BEB1BDECD5500EED682 /* Assets.xcassets in Resources */ = {isa = PBXBuildFile; fileRef = 209092911BD57C1C00E59A11 /* Assets.xcassets */; };
		20A75C301BDF84E400EED682 /* WikipediaImageCell.xib in Resources */ = {isa = PBXBuildFile; fileRef = 20A75C2E1BDF84E400EED682 /* WikipediaImageCell.xib */; };
		20A75C311BDF84E400EED682 /* WikipediaSearchCell.xib in Resources */ = {isa = PBXBuildFile; fileRef = 20A75C2F1BDF84E400EED682 /* WikipediaSearchCell.xib */; };
		20A75C331BDF89C800EED682 /* (null) in Frameworks */ = {isa = PBXBuildFile; };
		20A75C591BDF985400EED682 /* Fabric.framework in Frameworks */ = {isa = PBXBuildFile; fileRef = 20A75C571BDF985400EED682 /* Fabric.framework */; };
		20A75C5A1BDF985400EED682 /* Crashlytics.framework in Frameworks */ = {isa = PBXBuildFile; fileRef = 20A75C581BDF985400EED682 /* Crashlytics.framework */; };
		20A75C5E1BDF9E2D00EED682 /* TwitterKit.framework in Frameworks */ = {isa = PBXBuildFile; fileRef = 20A75C5B1BDF9E2D00EED682 /* TwitterKit.framework */; };
		20A75C5F1BDF9E2D00EED682 /* TwitterKitResources.bundle in Resources */ = {isa = PBXBuildFile; fileRef = 20A75C5C1BDF9E2D00EED682 /* TwitterKitResources.bundle */; };
		20A75C601BDF9E2D00EED682 /* TwitterCore.framework in Frameworks */ = {isa = PBXBuildFile; fileRef = 20A75C5D1BDF9E2D00EED682 /* TwitterCore.framework */; };
		20A75C631BDF9EF600EED682 /* MoPub.framework in Frameworks */ = {isa = PBXBuildFile; fileRef = 20A75C611BDF9EF600EED682 /* MoPub.framework */; };
		20A75C641BDF9EF600EED682 /* MoPub.bundle in Resources */ = {isa = PBXBuildFile; fileRef = 20A75C621BDF9EF600EED682 /* MoPub.bundle */; };
		20B231EA1BD63E7100FDA56B /* MapKit.framework in Frameworks */ = {isa = PBXBuildFile; fileRef = 20B231E91BD63E7100FDA56B /* MapKit.framework */; };
		20B231ED1BD64D9500FDA56B /* CollectionViewController.swift in Sources */ = {isa = PBXBuildFile; fileRef = 20B231EB1BD64D9500FDA56B /* CollectionViewController.swift */; };
		20B231EE1BD64D9500FDA56B /* GridCell.swift in Sources */ = {isa = PBXBuildFile; fileRef = 20B231EC1BD64D9500FDA56B /* GridCell.swift */; };
		20B231F01BD656CA00FDA56B /* ViewController.swift in Sources */ = {isa = PBXBuildFile; fileRef = 20B231EF1BD656CA00FDA56B /* ViewController.swift */; };
		20B231F31BD6573700FDA56B /* RxSwift.framework in Frameworks */ = {isa = PBXBuildFile; fileRef = 20B231F21BD6573700FDA56B /* RxSwift.framework */; };
		20B231F81BD663F300FDA56B /* SearchResultViewModel.swift in Sources */ = {isa = PBXBuildFile; fileRef = 20B231F61BD663F300FDA56B /* SearchResultViewModel.swift */; };
		20B231F91BD663F300FDA56B /* SearchViewModel.swift in Sources */ = {isa = PBXBuildFile; fileRef = 20B231F71BD663F300FDA56B /* SearchViewModel.swift */; };
		20B232001BD6642800FDA56B /* CollectionViewImageCell.swift in Sources */ = {isa = PBXBuildFile; fileRef = 20B231FB1BD6642800FDA56B /* CollectionViewImageCell.swift */; };
		20B232021BD6642800FDA56B /* WikipediaSearchCell.swift in Sources */ = {isa = PBXBuildFile; fileRef = 20B231FD1BD6642800FDA56B /* WikipediaSearchCell.swift */; };
		20B232041BD6642800FDA56B /* WikipediaSearchViewController.swift in Sources */ = {isa = PBXBuildFile; fileRef = 20B231FF1BD6642800FDA56B /* WikipediaSearchViewController.swift */; };
		20B2320A1BD6644F00FDA56B /* WikipediaAPI.swift in Sources */ = {isa = PBXBuildFile; fileRef = 20B232071BD6644F00FDA56B /* WikipediaAPI.swift */; };
		20B2320B1BD6644F00FDA56B /* WikipediaPage.swift in Sources */ = {isa = PBXBuildFile; fileRef = 20B232081BD6644F00FDA56B /* WikipediaPage.swift */; };
		20B2320C1BD6644F00FDA56B /* WikipediaSearchResult.swift in Sources */ = {isa = PBXBuildFile; fileRef = 20B232091BD6644F00FDA56B /* WikipediaSearchResult.swift */; };
		20B2320F1BD664BD00FDA56B /* Dependencies.swift in Sources */ = {isa = PBXBuildFile; fileRef = 20B2320E1BD664BD00FDA56B /* Dependencies.swift */; };
		20B232111BD664D500FDA56B /* Wireframe.swift in Sources */ = {isa = PBXBuildFile; fileRef = 20B232101BD664D500FDA56B /* Wireframe.swift */; };
		20B232141BD6650E00FDA56B /* ImageService.swift in Sources */ = {isa = PBXBuildFile; fileRef = 20B232131BD6650E00FDA56B /* ImageService.swift */; };
		20B232161BD6655800FDA56B /* Example.swift in Sources */ = {isa = PBXBuildFile; fileRef = 20B232151BD6655800FDA56B /* Example.swift */; };
		20B232181BD6659200FDA56B /* HtmlParsing.swift in Sources */ = {isa = PBXBuildFile; fileRef = 20B232171BD6659200FDA56B /* HtmlParsing.swift */; };
		20B2321A1BD66AD100FDA56B /* RxCocoa.framework in Frameworks */ = {isa = PBXBuildFile; fileRef = 20B232191BD66AD100FDA56B /* RxCocoa.framework */; };
		20C903211BE5068B0004608A /* Core.framework in Frameworks */ = {isa = PBXBuildFile; fileRef = 20C903201BE5068B0004608A /* Core.framework */; };
		20C903221BE5068B0004608A /* Core.framework in Embed Frameworks */ = {isa = PBXBuildFile; fileRef = 20C903201BE5068B0004608A /* Core.framework */; settings = {ATTRIBUTES = (CodeSignOnCopy, RemoveHeadersOnCopy, ); }; };
		20F764981BDE216200C98B1D /* Info.plist in Resources */ = {isa = PBXBuildFile; fileRef = 20F764971BDE216200C98B1D /* Info.plist */; };
		CE6DABB71BD0FE8C00976127 /* App_iOSTests.swift in Sources */ = {isa = PBXBuildFile; fileRef = CE6DABB61BD0FE8C00976127 /* App_iOSTests.swift */; };
		CE6DABC21BD0FE8C00976127 /* App_iOSUITests.swift in Sources */ = {isa = PBXBuildFile; fileRef = CE6DABC11BD0FE8C00976127 /* App_iOSUITests.swift */; };
/* End PBXBuildFile section */

/* Begin PBXContainerItemProxy section */
		20A75BCF1BDECC4F00EED682 /* PBXContainerItemProxy */ = {
			isa = PBXContainerItemProxy;
			containerPortal = CE6DAB961BD0FE8C00976127 /* Project object */;
			proxyType = 1;
			remoteGlobalIDString = 20A75BCC1BDECC4F00EED682;
			remoteInfo = "Watch Extension";
		};
		20A75BDD1BDECC4F00EED682 /* PBXContainerItemProxy */ = {
			isa = PBXContainerItemProxy;
			containerPortal = CE6DAB961BD0FE8C00976127 /* Project object */;
			proxyType = 1;
			remoteGlobalIDString = 20A75BC01BDECC4E00EED682;
			remoteInfo = Watch;
		};
		CE6DABB31BD0FE8C00976127 /* PBXContainerItemProxy */ = {
			isa = PBXContainerItemProxy;
			containerPortal = CE6DAB961BD0FE8C00976127 /* Project object */;
			proxyType = 1;
			remoteGlobalIDString = CE6DAB9D1BD0FE8C00976127;
			remoteInfo = Template1;
		};
		CE6DABBE1BD0FE8C00976127 /* PBXContainerItemProxy */ = {
			isa = PBXContainerItemProxy;
			containerPortal = CE6DAB961BD0FE8C00976127 /* Project object */;
			proxyType = 1;
			remoteGlobalIDString = CE6DAB9D1BD0FE8C00976127;
			remoteInfo = Template1;
		};
/* End PBXContainerItemProxy section */

/* Begin PBXCopyFilesBuildPhase section */
		20A75BE31BDECC4F00EED682 /* Embed App Extensions */ = {
			isa = PBXCopyFilesBuildPhase;
			buildActionMask = 2147483647;
			dstPath = "";
			dstSubfolderSpec = 13;
			files = (
				20A75BCE1BDECC4F00EED682 /* Watch Extension.appex in Embed App Extensions */,
			);
			name = "Embed App Extensions";
			runOnlyForDeploymentPostprocessing = 0;
		};
		20A75BE71BDECC4F00EED682 /* Embed Watch Content */ = {
			isa = PBXCopyFilesBuildPhase;
			buildActionMask = 2147483647;
			dstPath = "$(CONTENTS_FOLDER_PATH)/Watch";
			dstSubfolderSpec = 16;
			files = (
				20A75BDF1BDECC4F00EED682 /* Watch.app in Embed Watch Content */,
			);
			name = "Embed Watch Content";
			runOnlyForDeploymentPostprocessing = 0;
		};
		20C903231BE5068B0004608A /* Embed Frameworks */ = {
			isa = PBXCopyFilesBuildPhase;
			buildActionMask = 2147483647;
			dstPath = "";
			dstSubfolderSpec = 10;
			files = (
				20C903221BE5068B0004608A /* Core.framework in Embed Frameworks */,
			);
			name = "Embed Frameworks";
			runOnlyForDeploymentPostprocessing = 0;
		};
/* End PBXCopyFilesBuildPhase section */

/* Begin PBXFileReference section */
		209092901BD57C1C00E59A11 /* App_iOS.xcdatamodel */ = {isa = PBXFileReference; lastKnownFileType = wrapper.xcdatamodel; path = App_iOS.xcdatamodel; sourceTree = "<group>"; };
		209092911BD57C1C00E59A11 /* Assets.xcassets */ = {isa = PBXFileReference; lastKnownFileType = folder.assetcatalog; path = Assets.xcassets; sourceTree = "<group>"; };
		209092951BD57C1C00E59A11 /* LaunchScreen.xib */ = {isa = PBXFileReference; fileEncoding = 4; lastKnownFileType = file.xib; path = LaunchScreen.xib; sourceTree = "<group>"; };
		209092961BD57C1C00E59A11 /* Main.storyboard */ = {isa = PBXFileReference; fileEncoding = 4; lastKnownFileType = file.storyboard; path = Main.storyboard; sourceTree = "<group>"; };
		2090929A1BD57C1C00E59A11 /* SWRevealViewController.h */ = {isa = PBXFileReference; fileEncoding = 4; lastKnownFileType = sourcecode.c.h; path = SWRevealViewController.h; sourceTree = "<group>"; };
		2090929B1BD57C1C00E59A11 /* SWRevealViewController.m */ = {isa = PBXFileReference; fileEncoding = 4; lastKnownFileType = sourcecode.c.objc; path = SWRevealViewController.m; sourceTree = "<group>"; };
		2090929D1BD57C1C00E59A11 /* AppDelegate.swift */ = {isa = PBXFileReference; fileEncoding = 4; lastKnownFileType = sourcecode.swift; path = AppDelegate.swift; sourceTree = "<group>"; };
		2090929F1BD57C1C00E59A11 /* MenuController.swift */ = {isa = PBXFileReference; fileEncoding = 4; lastKnownFileType = sourcecode.swift; path = MenuController.swift; sourceTree = "<group>"; };
		209092AF1BD57D0100E59A11 /* App-iOS-Bridging-Header.h */ = {isa = PBXFileReference; lastKnownFileType = sourcecode.c.h; path = "App-iOS-Bridging-Header.h"; sourceTree = "<group>"; };
		20A75BC11BDECC4E00EED682 /* Watch.app */ = {isa = PBXFileReference; explicitFileType = wrapper.application; includeInIndex = 0; path = Watch.app; sourceTree = BUILT_PRODUCTS_DIR; };
		20A75BC41BDECC4F00EED682 /* Base */ = {isa = PBXFileReference; lastKnownFileType = file.storyboard; name = Base; path = Base.lproj/Interface.storyboard; sourceTree = "<group>"; };
		20A75BC61BDECC4F00EED682 /* Assets.xcassets */ = {isa = PBXFileReference; lastKnownFileType = folder.assetcatalog; path = Assets.xcassets; sourceTree = "<group>"; };
		20A75BC81BDECC4F00EED682 /* Info.plist */ = {isa = PBXFileReference; lastKnownFileType = text.plist.xml; path = Info.plist; sourceTree = "<group>"; };
		20A75BCD1BDECC4F00EED682 /* Watch Extension.appex */ = {isa = PBXFileReference; explicitFileType = "wrapper.app-extension"; includeInIndex = 0; path = "Watch Extension.appex"; sourceTree = BUILT_PRODUCTS_DIR; };
		20A75BD31BDECC4F00EED682 /* PushNotificationPayload.apns */ = {isa = PBXFileReference; lastKnownFileType = text; path = PushNotificationPayload.apns; sourceTree = "<group>"; };
		20A75BD41BDECC4F00EED682 /* InterfaceController.swift */ = {isa = PBXFileReference; lastKnownFileType = sourcecode.swift; path = InterfaceController.swift; sourceTree = "<group>"; };
		20A75BD61BDECC4F00EED682 /* ExtensionDelegate.swift */ = {isa = PBXFileReference; lastKnownFileType = sourcecode.swift; path = ExtensionDelegate.swift; sourceTree = "<group>"; };
		20A75BD81BDECC4F00EED682 /* NotificationController.swift */ = {isa = PBXFileReference; lastKnownFileType = sourcecode.swift; path = NotificationController.swift; sourceTree = "<group>"; };
		20A75BDA1BDECC4F00EED682 /* Assets.xcassets */ = {isa = PBXFileReference; lastKnownFileType = folder.assetcatalog; path = Assets.xcassets; sourceTree = "<group>"; };
		20A75BDC1BDECC4F00EED682 /* Info.plist */ = {isa = PBXFileReference; lastKnownFileType = text.plist.xml; path = Info.plist; sourceTree = "<group>"; };
		20A75C2E1BDF84E400EED682 /* WikipediaImageCell.xib */ = {isa = PBXFileReference; fileEncoding = 4; lastKnownFileType = file.xib; path = WikipediaImageCell.xib; sourceTree = "<group>"; };
		20A75C2F1BDF84E400EED682 /* WikipediaSearchCell.xib */ = {isa = PBXFileReference; fileEncoding = 4; lastKnownFileType = file.xib; path = WikipediaSearchCell.xib; sourceTree = "<group>"; };
		20A75C571BDF985400EED682 /* Fabric.framework */ = {isa = PBXFileReference; lastKnownFileType = wrapper.framework; path = Fabric.framework; sourceTree = "<group>"; };
		20A75C581BDF985400EED682 /* Crashlytics.framework */ = {isa = PBXFileReference; lastKnownFileType = wrapper.framework; path = Crashlytics.framework; sourceTree = "<group>"; };
		20A75C5B1BDF9E2D00EED682 /* TwitterKit.framework */ = {isa = PBXFileReference; lastKnownFileType = wrapper.framework; path = TwitterKit.framework; sourceTree = "<group>"; };
		20A75C5C1BDF9E2D00EED682 /* TwitterKitResources.bundle */ = {isa = PBXFileReference; lastKnownFileType = "wrapper.plug-in"; name = TwitterKitResources.bundle; path = TwitterKit.framework/Versions/A/Resources/TwitterKitResources.bundle; sourceTree = "<group>"; };
		20A75C5D1BDF9E2D00EED682 /* TwitterCore.framework */ = {isa = PBXFileReference; lastKnownFileType = wrapper.framework; path = TwitterCore.framework; sourceTree = "<group>"; };
		20A75C611BDF9EF600EED682 /* MoPub.framework */ = {isa = PBXFileReference; lastKnownFileType = wrapper.framework; path = MoPub.framework; sourceTree = "<group>"; };
		20A75C621BDF9EF600EED682 /* MoPub.bundle */ = {isa = PBXFileReference; lastKnownFileType = "wrapper.plug-in"; name = MoPub.bundle; path = MoPub.framework/Versions/A/Resources/MoPub.bundle; sourceTree = "<group>"; };
		20B231E91BD63E7100FDA56B /* MapKit.framework */ = {isa = PBXFileReference; lastKnownFileType = wrapper.framework; name = MapKit.framework; path = System/Library/Frameworks/MapKit.framework; sourceTree = SDKROOT; };
		20B231EB1BD64D9500FDA56B /* CollectionViewController.swift */ = {isa = PBXFileReference; fileEncoding = 4; lastKnownFileType = sourcecode.swift; path = CollectionViewController.swift; sourceTree = "<group>"; };
		20B231EC1BD64D9500FDA56B /* GridCell.swift */ = {isa = PBXFileReference; fileEncoding = 4; lastKnownFileType = sourcecode.swift; path = GridCell.swift; sourceTree = "<group>"; };
		20B231EF1BD656CA00FDA56B /* ViewController.swift */ = {isa = PBXFileReference; fileEncoding = 4; lastKnownFileType = sourcecode.swift; path = ViewController.swift; sourceTree = "<group>"; };
		20B231F21BD6573700FDA56B /* RxSwift.framework */ = {isa = PBXFileReference; lastKnownFileType = wrapper.framework; name = RxSwift.framework; path = ../Carthage/Carthage/Build/iOS/RxSwift.framework; sourceTree = "<group>"; };
		20B231F61BD663F300FDA56B /* SearchResultViewModel.swift */ = {isa = PBXFileReference; fileEncoding = 4; lastKnownFileType = sourcecode.swift; path = SearchResultViewModel.swift; sourceTree = "<group>"; };
		20B231F71BD663F300FDA56B /* SearchViewModel.swift */ = {isa = PBXFileReference; fileEncoding = 4; lastKnownFileType = sourcecode.swift; path = SearchViewModel.swift; sourceTree = "<group>"; };
		20B231FB1BD6642800FDA56B /* CollectionViewImageCell.swift */ = {isa = PBXFileReference; fileEncoding = 4; lastKnownFileType = sourcecode.swift; path = CollectionViewImageCell.swift; sourceTree = "<group>"; };
		20B231FD1BD6642800FDA56B /* WikipediaSearchCell.swift */ = {isa = PBXFileReference; fileEncoding = 4; lastKnownFileType = sourcecode.swift; path = WikipediaSearchCell.swift; sourceTree = "<group>"; };
		20B231FF1BD6642800FDA56B /* WikipediaSearchViewController.swift */ = {isa = PBXFileReference; fileEncoding = 4; lastKnownFileType = sourcecode.swift; path = WikipediaSearchViewController.swift; sourceTree = "<group>"; };
		20B232071BD6644F00FDA56B /* WikipediaAPI.swift */ = {isa = PBXFileReference; fileEncoding = 4; lastKnownFileType = sourcecode.swift; path = WikipediaAPI.swift; sourceTree = "<group>"; };
		20B232081BD6644F00FDA56B /* WikipediaPage.swift */ = {isa = PBXFileReference; fileEncoding = 4; lastKnownFileType = sourcecode.swift; path = WikipediaPage.swift; sourceTree = "<group>"; };
		20B232091BD6644F00FDA56B /* WikipediaSearchResult.swift */ = {isa = PBXFileReference; fileEncoding = 4; lastKnownFileType = sourcecode.swift; path = WikipediaSearchResult.swift; sourceTree = "<group>"; };
		20B2320E1BD664BD00FDA56B /* Dependencies.swift */ = {isa = PBXFileReference; fileEncoding = 4; lastKnownFileType = sourcecode.swift; path = Dependencies.swift; sourceTree = "<group>"; };
		20B232101BD664D500FDA56B /* Wireframe.swift */ = {isa = PBXFileReference; fileEncoding = 4; lastKnownFileType = sourcecode.swift; path = Wireframe.swift; sourceTree = "<group>"; };
		20B232131BD6650E00FDA56B /* ImageService.swift */ = {isa = PBXFileReference; fileEncoding = 4; lastKnownFileType = sourcecode.swift; path = ImageService.swift; sourceTree = "<group>"; };
		20B232151BD6655800FDA56B /* Example.swift */ = {isa = PBXFileReference; fileEncoding = 4; lastKnownFileType = sourcecode.swift; path = Example.swift; sourceTree = "<group>"; };
		20B232171BD6659200FDA56B /* HtmlParsing.swift */ = {isa = PBXFileReference; fileEncoding = 4; lastKnownFileType = sourcecode.swift; path = HtmlParsing.swift; sourceTree = "<group>"; };
		20B232191BD66AD100FDA56B /* RxCocoa.framework */ = {isa = PBXFileReference; lastKnownFileType = wrapper.framework; name = RxCocoa.framework; path = ../Carthage/Carthage/Build/iOS/RxCocoa.framework; sourceTree = "<group>"; };
		20C903201BE5068B0004608A /* Core.framework */ = {isa = PBXFileReference; explicitFileType = wrapper.framework; name = Core.framework; path = "/Users/paveljacko/Library/Developer/Xcode/DerivedData/Template1-edutljhphddznlfkgkxodleorbcp/Build/Products/Debug-iphoneos/Core.framework"; sourceTree = "<absolute>"; };
		20F764971BDE216200C98B1D /* Info.plist */ = {isa = PBXFileReference; fileEncoding = 4; lastKnownFileType = text.plist.xml; path = Info.plist; sourceTree = "<group>"; };
		CE6DAB9E1BD0FE8C00976127 /* Template1.app */ = {isa = PBXFileReference; explicitFileType = wrapper.application; includeInIndex = 0; path = Template1.app; sourceTree = BUILT_PRODUCTS_DIR; };
		CE6DABB21BD0FE8C00976127 /* Template1.xctest */ = {isa = PBXFileReference; explicitFileType = wrapper.cfbundle; includeInIndex = 0; path = Template1.xctest; sourceTree = BUILT_PRODUCTS_DIR; };
		CE6DABB61BD0FE8C00976127 /* App_iOSTests.swift */ = {isa = PBXFileReference; lastKnownFileType = sourcecode.swift; path = App_iOSTests.swift; sourceTree = "<group>"; };
		CE6DABB81BD0FE8C00976127 /* Info.plist */ = {isa = PBXFileReference; lastKnownFileType = text.plist.xml; path = Info.plist; sourceTree = "<group>"; };
		CE6DABBD1BD0FE8C00976127 /* Template1.xctest */ = {isa = PBXFileReference; explicitFileType = wrapper.cfbundle; includeInIndex = 0; path = Template1.xctest; sourceTree = BUILT_PRODUCTS_DIR; };
		CE6DABC11BD0FE8C00976127 /* App_iOSUITests.swift */ = {isa = PBXFileReference; lastKnownFileType = sourcecode.swift; path = App_iOSUITests.swift; sourceTree = "<group>"; };
		CE6DABC31BD0FE8C00976127 /* Info.plist */ = {isa = PBXFileReference; lastKnownFileType = text.plist.xml; path = Info.plist; sourceTree = "<group>"; };
		CEFD28E21BD12C6E000067CD /* App-iOS.xcconfig */ = {isa = PBXFileReference; lastKnownFileType = text.xcconfig; path = "App-iOS.xcconfig"; sourceTree = "<group>"; };
		CEFD29381BD1316D000067CD /* App-iOS-Debug.xcconfig */ = {isa = PBXFileReference; lastKnownFileType = text.xcconfig; path = "App-iOS-Debug.xcconfig"; sourceTree = "<group>"; };
		CEFD29391BD13177000067CD /* App-iOS-Release.xcconfig */ = {isa = PBXFileReference; lastKnownFileType = text.xcconfig; path = "App-iOS-Release.xcconfig"; sourceTree = "<group>"; };
/* End PBXFileReference section */

/* Begin PBXFrameworksBuildPhase section */
		20A75BCA1BDECC4F00EED682 /* Frameworks */ = {
			isa = PBXFrameworksBuildPhase;
			buildActionMask = 2147483647;
			files = (
				20A75C331BDF89C800EED682 /* (null) in Frameworks */,
			);
			runOnlyForDeploymentPostprocessing = 0;
		};
		CE6DAB9B1BD0FE8C00976127 /* Frameworks */ = {
			isa = PBXFrameworksBuildPhase;
			buildActionMask = 2147483647;
			files = (
				20B2321A1BD66AD100FDA56B /* RxCocoa.framework in Frameworks */,
				20A75C5A1BDF985400EED682 /* Crashlytics.framework in Frameworks */,
				20A75C601BDF9E2D00EED682 /* TwitterCore.framework in Frameworks */,
				20B231F31BD6573700FDA56B /* RxSwift.framework in Frameworks */,
				20B231EA1BD63E7100FDA56B /* MapKit.framework in Frameworks */,
				20A75C591BDF985400EED682 /* Fabric.framework in Frameworks */,
				20A75C631BDF9EF600EED682 /* MoPub.framework in Frameworks */,
				20C903211BE5068B0004608A /* Core.framework in Frameworks */,
				20A75C5E1BDF9E2D00EED682 /* TwitterKit.framework in Frameworks */,
			);
			runOnlyForDeploymentPostprocessing = 0;
		};
		CE6DABAF1BD0FE8C00976127 /* Frameworks */ = {
			isa = PBXFrameworksBuildPhase;
			buildActionMask = 2147483647;
			files = (
			);
			runOnlyForDeploymentPostprocessing = 0;
		};
		CE6DABBA1BD0FE8C00976127 /* Frameworks */ = {
			isa = PBXFrameworksBuildPhase;
			buildActionMask = 2147483647;
			files = (
			);
			runOnlyForDeploymentPostprocessing = 0;
		};
/* End PBXFrameworksBuildPhase section */

/* Begin PBXGroup section */
		209092931BD57C1C00E59A11 /* Source */ = {
			isa = PBXGroup;
			children = (
				209092941BD57C1C00E59A11 /* Layout */,
				209092971BD57C1C00E59A11 /* Objc */,
				2090929C1BD57C1C00E59A11 /* Swift */,
			);
			path = Source;
			sourceTree = "<group>";
		};
		209092941BD57C1C00E59A11 /* Layout */ = {
			isa = PBXGroup;
			children = (
				20A75C2E1BDF84E400EED682 /* WikipediaImageCell.xib */,
				20A75C2F1BDF84E400EED682 /* WikipediaSearchCell.xib */,
				209092951BD57C1C00E59A11 /* LaunchScreen.xib */,
				209092961BD57C1C00E59A11 /* Main.storyboard */,
			);
			path = Layout;
			sourceTree = "<group>";
		};
		209092971BD57C1C00E59A11 /* Objc */ = {
			isa = PBXGroup;
			children = (
				209092AF1BD57D0100E59A11 /* App-iOS-Bridging-Header.h */,
				2090929A1BD57C1C00E59A11 /* SWRevealViewController.h */,
				2090929B1BD57C1C00E59A11 /* SWRevealViewController.m */,
			);
			path = Objc;
			sourceTree = "<group>";
		};
		2090929C1BD57C1C00E59A11 /* Swift */ = {
			isa = PBXGroup;
			children = (
				20B232121BD664FE00FDA56B /* Services */,
				20B2320D1BD664A000FDA56B /* Other */,
				20B232061BD6643F00FDA56B /* Api */,
				20B231FA1BD6641700FDA56B /* View */,
				20B231F51BD6627200FDA56B /* ViewModel */,
				20B231EF1BD656CA00FDA56B /* ViewController.swift */,
				20B231EB1BD64D9500FDA56B /* CollectionViewController.swift */,
				20B231EC1BD64D9500FDA56B /* GridCell.swift */,
				2090929D1BD57C1C00E59A11 /* AppDelegate.swift */,
				2090929F1BD57C1C00E59A11 /* MenuController.swift */,
			);
			path = Swift;
			sourceTree = "<group>";
		};
		20A75BC21BDECC4F00EED682 /* Watch */ = {
			isa = PBXGroup;
			children = (
				20A75BC31BDECC4F00EED682 /* Interface.storyboard */,
				20A75BC61BDECC4F00EED682 /* Assets.xcassets */,
				20A75BC81BDECC4F00EED682 /* Info.plist */,
			);
			path = Watch;
			sourceTree = "<group>";
		};
		20A75BD11BDECC4F00EED682 /* Watch Extension */ = {
			isa = PBXGroup;
			children = (
				20A75BD41BDECC4F00EED682 /* InterfaceController.swift */,
				20A75BD61BDECC4F00EED682 /* ExtensionDelegate.swift */,
				20A75BD81BDECC4F00EED682 /* NotificationController.swift */,
				20A75BDA1BDECC4F00EED682 /* Assets.xcassets */,
				20A75BDC1BDECC4F00EED682 /* Info.plist */,
				20A75BD21BDECC4F00EED682 /* Supporting Files */,
			);
			path = "Watch Extension";
			sourceTree = "<group>";
		};
		20A75BD21BDECC4F00EED682 /* Supporting Files */ = {
			isa = PBXGroup;
			children = (
				20A75BD31BDECC4F00EED682 /* PushNotificationPayload.apns */,
			);
			name = "Supporting Files";
			sourceTree = "<group>";
		};
		20B231F51BD6627200FDA56B /* ViewModel */ = {
			isa = PBXGroup;
			children = (
				20B231F61BD663F300FDA56B /* SearchResultViewModel.swift */,
				20B231F71BD663F300FDA56B /* SearchViewModel.swift */,
			);
			name = ViewModel;
			sourceTree = "<group>";
		};
		20B231FA1BD6641700FDA56B /* View */ = {
			isa = PBXGroup;
			children = (
				20B231FB1BD6642800FDA56B /* CollectionViewImageCell.swift */,
				20B231FD1BD6642800FDA56B /* WikipediaSearchCell.swift */,
				20B231FF1BD6642800FDA56B /* WikipediaSearchViewController.swift */,
			);
			name = View;
			sourceTree = "<group>";
		};
		20B232061BD6643F00FDA56B /* Api */ = {
			isa = PBXGroup;
			children = (
				20B232071BD6644F00FDA56B /* WikipediaAPI.swift */,
				20B232081BD6644F00FDA56B /* WikipediaPage.swift */,
				20B232091BD6644F00FDA56B /* WikipediaSearchResult.swift */,
			);
			name = Api;
			sourceTree = "<group>";
		};
		20B2320D1BD664A000FDA56B /* Other */ = {
			isa = PBXGroup;
			children = (
				20B232151BD6655800FDA56B /* Example.swift */,
				20B232101BD664D500FDA56B /* Wireframe.swift */,
				20B2320E1BD664BD00FDA56B /* Dependencies.swift */,
			);
			name = Other;
			sourceTree = "<group>";
		};
		20B232121BD664FE00FDA56B /* Services */ = {
			isa = PBXGroup;
			children = (
				20B232171BD6659200FDA56B /* HtmlParsing.swift */,
				20B232131BD6650E00FDA56B /* ImageService.swift */,
			);
			name = Services;
			sourceTree = "<group>";
		};
		20C9026D1BE380CF0004608A /* App-Watch */ = {
			isa = PBXGroup;
			children = (
				20A75BD11BDECC4F00EED682 /* Watch Extension */,
				20A75BC21BDECC4F00EED682 /* Watch */,
			);
			path = "App-Watch";
			sourceTree = "<group>";
		};
		CE6DAB951BD0FE8C00976127 = {
			isa = PBXGroup;
			children = (
				20C9026D1BE380CF0004608A /* App-Watch */,
				CE6DABA01BD0FE8C00976127 /* Code */,
				CE6DABB51BD0FE8C00976127 /* Tests */,
				CE6DABC01BD0FE8C00976127 /* UITests */,
				CEFD28E11BD12C4B000067CD /* Config */,
				CEFD29371BD13128000067CD /* Frameworks */,
				CE6DAB9F1BD0FE8C00976127 /* Products */,
			);
			sourceTree = "<group>";
		};
		CE6DAB9F1BD0FE8C00976127 /* Products */ = {
			isa = PBXGroup;
			children = (
				CE6DAB9E1BD0FE8C00976127 /* Template1.app */,
				CE6DABB21BD0FE8C00976127 /* Template1.xctest */,
				CE6DABBD1BD0FE8C00976127 /* Template1.xctest */,
				20A75BC11BDECC4E00EED682 /* Watch.app */,
				20A75BCD1BDECC4F00EED682 /* Watch Extension.appex */,
			);
			name = Products;
			sourceTree = "<group>";
		};
		CE6DABA01BD0FE8C00976127 /* Code */ = {
			isa = PBXGroup;
			children = (
				20F764971BDE216200C98B1D /* Info.plist */,
				2090928F1BD57C1C00E59A11 /* App_iOS.xcdatamodeld */,
				209092911BD57C1C00E59A11 /* Assets.xcassets */,
				209092931BD57C1C00E59A11 /* Source */,
			);
			path = Code;
			sourceTree = "<group>";
		};
		CE6DABB51BD0FE8C00976127 /* Tests */ = {
			isa = PBXGroup;
			children = (
				CE6DABB61BD0FE8C00976127 /* App_iOSTests.swift */,
				CE6DABB81BD0FE8C00976127 /* Info.plist */,
			);
			path = Tests;
			sourceTree = "<group>";
		};
		CE6DABC01BD0FE8C00976127 /* UITests */ = {
			isa = PBXGroup;
			children = (
				CE6DABC11BD0FE8C00976127 /* App_iOSUITests.swift */,
				CE6DABC31BD0FE8C00976127 /* Info.plist */,
			);
			path = UITests;
			sourceTree = "<group>";
		};
		CEFD28E11BD12C4B000067CD /* Config */ = {
			isa = PBXGroup;
			children = (
				CEFD28E21BD12C6E000067CD /* App-iOS.xcconfig */,
				CEFD29381BD1316D000067CD /* App-iOS-Debug.xcconfig */,
				CEFD29391BD13177000067CD /* App-iOS-Release.xcconfig */,
			);
			path = Config;
			sourceTree = "<group>";
		};
		CEFD29371BD13128000067CD /* Frameworks */ = {
			isa = PBXGroup;
			children = (
				20C903201BE5068B0004608A /* Core.framework */,
				20A75C611BDF9EF600EED682 /* MoPub.framework */,
				20A75C621BDF9EF600EED682 /* MoPub.bundle */,
				20A75C5B1BDF9E2D00EED682 /* TwitterKit.framework */,
				20A75C5C1BDF9E2D00EED682 /* TwitterKitResources.bundle */,
				20A75C5D1BDF9E2D00EED682 /* TwitterCore.framework */,
				20A75C571BDF985400EED682 /* Fabric.framework */,
				20A75C581BDF985400EED682 /* Crashlytics.framework */,
				20B232191BD66AD100FDA56B /* RxCocoa.framework */,
				20B231F21BD6573700FDA56B /* RxSwift.framework */,
				20B231E91BD63E7100FDA56B /* MapKit.framework */,
			);
			name = Frameworks;
			sourceTree = "<group>";
		};
/* End PBXGroup section */

/* Begin PBXNativeTarget section */
		20A75BC01BDECC4E00EED682 /* Watch */ = {
			isa = PBXNativeTarget;
			buildConfigurationList = 20A75BE41BDECC4F00EED682 /* Build configuration list for PBXNativeTarget "Watch" */;
			buildPhases = (
				20A75BBF1BDECC4E00EED682 /* Resources */,
				20A75BE31BDECC4F00EED682 /* Embed App Extensions */,
			);
			buildRules = (
			);
			dependencies = (
				20A75BD01BDECC4F00EED682 /* PBXTargetDependency */,
			);
			name = Watch;
			productName = Watch;
			productReference = 20A75BC11BDECC4E00EED682 /* Watch.app */;
			productType = "com.apple.product-type.application.watchapp2";
		};
		20A75BCC1BDECC4F00EED682 /* Watch Extension */ = {
			isa = PBXNativeTarget;
			buildConfigurationList = 20A75BE01BDECC4F00EED682 /* Build configuration list for PBXNativeTarget "Watch Extension" */;
			buildPhases = (
				20A75BC91BDECC4F00EED682 /* Sources */,
				20A75BCA1BDECC4F00EED682 /* Frameworks */,
				20A75BCB1BDECC4F00EED682 /* Resources */,
			);
			buildRules = (
			);
			dependencies = (
			);
			name = "Watch Extension";
			productName = "Watch Extension";
			productReference = 20A75BCD1BDECC4F00EED682 /* Watch Extension.appex */;
			productType = "com.apple.product-type.watchkit2-extension";
		};
		CE6DAB9D1BD0FE8C00976127 /* Template1 */ = {
			isa = PBXNativeTarget;
			buildConfigurationList = CE6DABC61BD0FE8C00976127 /* Build configuration list for PBXNativeTarget "Template1" */;
			buildPhases = (
				CE6DAB9A1BD0FE8C00976127 /* Sources */,
				CE6DAB9B1BD0FE8C00976127 /* Frameworks */,
				CE6DAB9C1BD0FE8C00976127 /* Resources */,
				20B231F11BD656E000FDA56B /* ShellScript */,
				20A75BE71BDECC4F00EED682 /* Embed Watch Content */,
				20A75C561BDF981300EED682 /* ShellScript */,
				20C903231BE5068B0004608A /* Embed Frameworks */,
			);
			buildRules = (
			);
			dependencies = (
				20A75BDE1BDECC4F00EED682 /* PBXTargetDependency */,
			);
			name = Template1;
			productName = Template1;
			productReference = CE6DAB9E1BD0FE8C00976127 /* Template1.app */;
			productType = "com.apple.product-type.application";
		};
		CE6DABB11BD0FE8C00976127 /* Tests */ = {
			isa = PBXNativeTarget;
			buildConfigurationList = CE6DABC91BD0FE8C00976127 /* Build configuration list for PBXNativeTarget "Tests" */;
			buildPhases = (
				CE6DABAE1BD0FE8C00976127 /* Sources */,
				CE6DABAF1BD0FE8C00976127 /* Frameworks */,
				CE6DABB01BD0FE8C00976127 /* Resources */,
			);
			buildRules = (
			);
			dependencies = (
				CE6DABB41BD0FE8C00976127 /* PBXTargetDependency */,
			);
			name = Tests;
			productName = Tests;
			productReference = CE6DABB21BD0FE8C00976127 /* Template1.xctest */;
			productType = "com.apple.product-type.bundle.unit-test";
		};
		CE6DABBC1BD0FE8C00976127 /* UITests */ = {
			isa = PBXNativeTarget;
			buildConfigurationList = CE6DABCC1BD0FE8C00976127 /* Build configuration list for PBXNativeTarget "UITests" */;
			buildPhases = (
				CE6DABB91BD0FE8C00976127 /* Sources */,
				CE6DABBA1BD0FE8C00976127 /* Frameworks */,
				CE6DABBB1BD0FE8C00976127 /* Resources */,
			);
			buildRules = (
			);
			dependencies = (
				CE6DABBF1BD0FE8C00976127 /* PBXTargetDependency */,
			);
			name = UITests;
			productName = UITests;
			productReference = CE6DABBD1BD0FE8C00976127 /* Template1.xctest */;
			productType = "com.apple.product-type.bundle.ui-testing";
		};
/* End PBXNativeTarget section */

/* Begin PBXProject section */
		CE6DAB961BD0FE8C00976127 /* Project object */ = {
			isa = PBXProject;
			attributes = {
				LastSwiftUpdateCheck = 0710;
				LastUpgradeCheck = 0700;
				ORGANIZATIONNAME = "Syerit Limited";
				TargetAttributes = {
					20A75BC01BDECC4E00EED682 = {
						CreatedOnToolsVersion = 7.1;
						DevelopmentTeam = J9VFE3KCBB;
					};
					20A75BCC1BDECC4F00EED682 = {
						CreatedOnToolsVersion = 7.1;
						DevelopmentTeam = J9VFE3KCBB;
					};
					CE6DAB9D1BD0FE8C00976127 = {
						CreatedOnToolsVersion = 7.0.1;
						DevelopmentTeam = J9VFE3KCBB;
					};
					CE6DABB11BD0FE8C00976127 = {
						CreatedOnToolsVersion = 7.0.1;
						TestTargetID = CE6DAB9D1BD0FE8C00976127;
					};
					CE6DABBC1BD0FE8C00976127 = {
						CreatedOnToolsVersion = 7.0.1;
						TestTargetID = CE6DAB9D1BD0FE8C00976127;
					};
				};
			};
			buildConfigurationList = CE6DAB991BD0FE8C00976127 /* Build configuration list for PBXProject "App-iOS" */;
			compatibilityVersion = "Xcode 3.2";
			developmentRegion = English;
			hasScannedForEncodings = 0;
			knownRegions = (
				en,
				Base,
			);
			mainGroup = CE6DAB951BD0FE8C00976127;
			productRefGroup = CE6DAB9F1BD0FE8C00976127 /* Products */;
			projectDirPath = "";
			projectRoot = "";
			targets = (
				CE6DAB9D1BD0FE8C00976127 /* Template1 */,
				CE6DABB11BD0FE8C00976127 /* Tests */,
				CE6DABBC1BD0FE8C00976127 /* UITests */,
				20A75BC01BDECC4E00EED682 /* Watch */,
				20A75BCC1BDECC4F00EED682 /* Watch Extension */,
			);
		};
/* End PBXProject section */

/* Begin PBXResourcesBuildPhase section */
		20A75BBF1BDECC4E00EED682 /* Resources */ = {
			isa = PBXResourcesBuildPhase;
			buildActionMask = 2147483647;
			files = (
				20A75BC71BDECC4F00EED682 /* Assets.xcassets in Resources */,
				20A75BEA1BDECD5500EED682 /* Assets.xcassets in Resources */,
				20A75BC51BDECC4F00EED682 /* Interface.storyboard in Resources */,
			);
			runOnlyForDeploymentPostprocessing = 0;
		};
		20A75BCB1BDECC4F00EED682 /* Resources */ = {
			isa = PBXResourcesBuildPhase;
			buildActionMask = 2147483647;
			files = (
				20A75BEB1BDECD5500EED682 /* Assets.xcassets in Resources */,
				20A75BDB1BDECC4F00EED682 /* Assets.xcassets in Resources */,
			);
			runOnlyForDeploymentPostprocessing = 0;
		};
		CE6DAB9C1BD0FE8C00976127 /* Resources */ = {
			isa = PBXResourcesBuildPhase;
			buildActionMask = 2147483647;
			files = (
				209092A61BD57C1C00E59A11 /* LaunchScreen.xib in Resources */,
				20A75C5F1BDF9E2D00EED682 /* TwitterKitResources.bundle in Resources */,
				20A75C311BDF84E400EED682 /* WikipediaSearchCell.xib in Resources */,
				209092A41BD57C1C00E59A11 /* Assets.xcassets in Resources */,
				209092A71BD57C1C00E59A11 /* Main.storyboard in Resources */,
				20A75C301BDF84E400EED682 /* WikipediaImageCell.xib in Resources */,
				20F764981BDE216200C98B1D /* Info.plist in Resources */,
				20A75C641BDF9EF600EED682 /* MoPub.bundle in Resources */,
			);
			runOnlyForDeploymentPostprocessing = 0;
		};
		CE6DABB01BD0FE8C00976127 /* Resources */ = {
			isa = PBXResourcesBuildPhase;
			buildActionMask = 2147483647;
			files = (
			);
			runOnlyForDeploymentPostprocessing = 0;
		};
		CE6DABBB1BD0FE8C00976127 /* Resources */ = {
			isa = PBXResourcesBuildPhase;
			buildActionMask = 2147483647;
			files = (
			);
			runOnlyForDeploymentPostprocessing = 0;
		};
/* End PBXResourcesBuildPhase section */

/* Begin PBXShellScriptBuildPhase section */
		20A75C561BDF981300EED682 /* ShellScript */ = {
			isa = PBXShellScriptBuildPhase;
			buildActionMask = 2147483647;
			files = (
			);
			inputPaths = (
			);
			outputPaths = (
			);
			runOnlyForDeploymentPostprocessing = 0;
			shellPath = /bin/sh;
			shellScript = "./Fabric.framework/run 2fd4e5361e810d659fa0bf5490388ee951d345a6 b015301063be99469649109666ff4a67b4a0aff0b12524cf7d711b033826625a";
		};
		20B231F11BD656E000FDA56B /* ShellScript */ = {
			isa = PBXShellScriptBuildPhase;
			buildActionMask = 2147483647;
			files = (
			);
			inputPaths = (
				"$(SRCROOT)/../Carthage/Carthage/Build/iOS/RxSwift.framework",
				"$(SRCROOT)/../Carthage/Carthage/Build/iOS/RxCocoa.framework",
			);
			outputPaths = (
			);
			runOnlyForDeploymentPostprocessing = 0;
			shellPath = /bin/sh;
			shellScript = "/usr/local/bin/carthage copy-frameworks";
		};
/* End PBXShellScriptBuildPhase section */

/* Begin PBXSourcesBuildPhase section */
		20A75BC91BDECC4F00EED682 /* Sources */ = {
			isa = PBXSourcesBuildPhase;
			buildActionMask = 2147483647;
			files = (
				20A75BD91BDECC4F00EED682 /* NotificationController.swift in Sources */,
				20A75BD71BDECC4F00EED682 /* ExtensionDelegate.swift in Sources */,
				20A75BD51BDECC4F00EED682 /* InterfaceController.swift in Sources */,
			);
			runOnlyForDeploymentPostprocessing = 0;
		};
		CE6DAB9A1BD0FE8C00976127 /* Sources */ = {
			isa = PBXSourcesBuildPhase;
			buildActionMask = 2147483647;
			files = (
				20B232111BD664D500FDA56B /* Wireframe.swift in Sources */,
				209092AB1BD57C1C00E59A11 /* MenuController.swift in Sources */,
				20B2320A1BD6644F00FDA56B /* WikipediaAPI.swift in Sources */,
				209092A91BD57C1C00E59A11 /* AppDelegate.swift in Sources */,
				20B232041BD6642800FDA56B /* WikipediaSearchViewController.swift in Sources */,
				20B2320F1BD664BD00FDA56B /* Dependencies.swift in Sources */,
				20B231F01BD656CA00FDA56B /* ViewController.swift in Sources */,
				209092A31BD57C1C00E59A11 /* App_iOS.xcdatamodeld in Sources */,
				20B232001BD6642800FDA56B /* CollectionViewImageCell.swift in Sources */,
				20B232021BD6642800FDA56B /* WikipediaSearchCell.swift in Sources */,
				20B231ED1BD64D9500FDA56B /* CollectionViewController.swift in Sources */,
				20B232141BD6650E00FDA56B /* ImageService.swift in Sources */,
				209092A81BD57C1C00E59A11 /* SWRevealViewController.m in Sources */,
				20B232161BD6655800FDA56B /* Example.swift in Sources */,
				20B2320C1BD6644F00FDA56B /* WikipediaSearchResult.swift in Sources */,
				20B231F91BD663F300FDA56B /* SearchViewModel.swift in Sources */,
				20B231EE1BD64D9500FDA56B /* GridCell.swift in Sources */,
				20B232181BD6659200FDA56B /* HtmlParsing.swift in Sources */,
				20B2320B1BD6644F00FDA56B /* WikipediaPage.swift in Sources */,
				20B231F81BD663F300FDA56B /* SearchResultViewModel.swift in Sources */,
			);
			runOnlyForDeploymentPostprocessing = 0;
		};
		CE6DABAE1BD0FE8C00976127 /* Sources */ = {
			isa = PBXSourcesBuildPhase;
			buildActionMask = 2147483647;
			files = (
				CE6DABB71BD0FE8C00976127 /* App_iOSTests.swift in Sources */,
			);
			runOnlyForDeploymentPostprocessing = 0;
		};
		CE6DABB91BD0FE8C00976127 /* Sources */ = {
			isa = PBXSourcesBuildPhase;
			buildActionMask = 2147483647;
			files = (
				CE6DABC21BD0FE8C00976127 /* App_iOSUITests.swift in Sources */,
			);
			runOnlyForDeploymentPostprocessing = 0;
		};
/* End PBXSourcesBuildPhase section */

/* Begin PBXTargetDependency section */
		20A75BD01BDECC4F00EED682 /* PBXTargetDependency */ = {
			isa = PBXTargetDependency;
			target = 20A75BCC1BDECC4F00EED682 /* Watch Extension */;
			targetProxy = 20A75BCF1BDECC4F00EED682 /* PBXContainerItemProxy */;
		};
		20A75BDE1BDECC4F00EED682 /* PBXTargetDependency */ = {
			isa = PBXTargetDependency;
			target = 20A75BC01BDECC4E00EED682 /* Watch */;
			targetProxy = 20A75BDD1BDECC4F00EED682 /* PBXContainerItemProxy */;
		};
		CE6DABB41BD0FE8C00976127 /* PBXTargetDependency */ = {
			isa = PBXTargetDependency;
			target = CE6DAB9D1BD0FE8C00976127 /* Template1 */;
			targetProxy = CE6DABB31BD0FE8C00976127 /* PBXContainerItemProxy */;
		};
		CE6DABBF1BD0FE8C00976127 /* PBXTargetDependency */ = {
			isa = PBXTargetDependency;
			target = CE6DAB9D1BD0FE8C00976127 /* Template1 */;
			targetProxy = CE6DABBE1BD0FE8C00976127 /* PBXContainerItemProxy */;
		};
/* End PBXTargetDependency section */

/* Begin PBXVariantGroup section */
		20A75BC31BDECC4F00EED682 /* Interface.storyboard */ = {
			isa = PBXVariantGroup;
			children = (
				20A75BC41BDECC4F00EED682 /* Base */,
			);
			name = Interface.storyboard;
			sourceTree = "<group>";
		};
/* End PBXVariantGroup section */

/* Begin XCBuildConfiguration section */
		20A75BE11BDECC4F00EED682 /* Debug */ = {
			isa = XCBuildConfiguration;
			buildSettings = {
				ALWAYS_SEARCH_USER_PATHS = NO;
				CLANG_CXX_LANGUAGE_STANDARD = "gnu++0x";
				CLANG_CXX_LIBRARY = "libc++";
				CLANG_ENABLE_MODULES = YES;
				CLANG_ENABLE_OBJC_ARC = YES;
				CLANG_WARN_BOOL_CONVERSION = YES;
				CLANG_WARN_CONSTANT_CONVERSION = YES;
				CLANG_WARN_DIRECT_OBJC_ISA_USAGE = YES_ERROR;
				CLANG_WARN_EMPTY_BODY = YES;
				CLANG_WARN_ENUM_CONVERSION = YES;
				CLANG_WARN_INT_CONVERSION = YES;
				CLANG_WARN_OBJC_ROOT_CLASS = YES_ERROR;
				CLANG_WARN_UNREACHABLE_CODE = YES;
				CLANG_WARN__DUPLICATE_METHOD_MATCH = YES;
				CODE_SIGN_IDENTITY = "iPhone Developer";
				"CODE_SIGN_IDENTITY[sdk=watchos*]" = "iPhone Developer";
				COPY_PHASE_STRIP = NO;
				DEBUG_INFORMATION_FORMAT = dwarf;
				ENABLE_STRICT_OBJC_MSGSEND = YES;
				ENABLE_TESTABILITY = YES;
				GCC_C_LANGUAGE_STANDARD = gnu99;
				GCC_DYNAMIC_NO_PIC = NO;
				GCC_NO_COMMON_BLOCKS = YES;
				GCC_OPTIMIZATION_LEVEL = 0;
				GCC_PREPROCESSOR_DEFINITIONS = (
					"DEBUG=1",
					"$(inherited)",
				);
				GCC_WARN_64_TO_32_BIT_CONVERSION = YES;
				GCC_WARN_ABOUT_RETURN_TYPE = YES_ERROR;
				GCC_WARN_UNDECLARED_SELECTOR = YES;
				GCC_WARN_UNINITIALIZED_AUTOS = YES_AGGRESSIVE;
				GCC_WARN_UNUSED_FUNCTION = YES;
				GCC_WARN_UNUSED_VARIABLE = YES;
				INFOPLIST_FILE = "App-Watch/Watch Extension/Info.plist";
				LD_RUNPATH_SEARCH_PATHS = "$(inherited) @executable_path/Frameworks @executable_path/../../Frameworks";
				MTL_ENABLE_DEBUG_INFO = YES;
				ONLY_ACTIVE_ARCH = YES;
				PRODUCT_BUNDLE_IDENTIFIER = com.syerit.template1.ios.watchkitapp.watchkitextension;
				PRODUCT_NAME = "${TARGET_NAME}";
				PROVISIONING_PROFILE = "";
				SDKROOT = watchos;
				SKIP_INSTALL = YES;
				SWIFT_OPTIMIZATION_LEVEL = "-Onone";
				TARGETED_DEVICE_FAMILY = 4;
				WATCHOS_DEPLOYMENT_TARGET = 2.0;
			};
			name = Debug;
		};
		20A75BE21BDECC4F00EED682 /* Release */ = {
			isa = XCBuildConfiguration;
			buildSettings = {
				ALWAYS_SEARCH_USER_PATHS = NO;
				CLANG_CXX_LANGUAGE_STANDARD = "gnu++0x";
				CLANG_CXX_LIBRARY = "libc++";
				CLANG_ENABLE_MODULES = YES;
				CLANG_ENABLE_OBJC_ARC = YES;
				CLANG_WARN_BOOL_CONVERSION = YES;
				CLANG_WARN_CONSTANT_CONVERSION = YES;
				CLANG_WARN_DIRECT_OBJC_ISA_USAGE = YES_ERROR;
				CLANG_WARN_EMPTY_BODY = YES;
				CLANG_WARN_ENUM_CONVERSION = YES;
				CLANG_WARN_INT_CONVERSION = YES;
				CLANG_WARN_OBJC_ROOT_CLASS = YES_ERROR;
				CLANG_WARN_UNREACHABLE_CODE = YES;
				CLANG_WARN__DUPLICATE_METHOD_MATCH = YES;
				CODE_SIGN_IDENTITY = "iPhone Developer";
				"CODE_SIGN_IDENTITY[sdk=watchos*]" = "iPhone Developer";
				COPY_PHASE_STRIP = NO;
				DEBUG_INFORMATION_FORMAT = "dwarf-with-dsym";
				ENABLE_NS_ASSERTIONS = NO;
				ENABLE_STRICT_OBJC_MSGSEND = YES;
				GCC_C_LANGUAGE_STANDARD = gnu99;
				GCC_NO_COMMON_BLOCKS = YES;
				GCC_WARN_64_TO_32_BIT_CONVERSION = YES;
				GCC_WARN_ABOUT_RETURN_TYPE = YES_ERROR;
				GCC_WARN_UNDECLARED_SELECTOR = YES;
				GCC_WARN_UNINITIALIZED_AUTOS = YES_AGGRESSIVE;
				GCC_WARN_UNUSED_FUNCTION = YES;
				GCC_WARN_UNUSED_VARIABLE = YES;
				INFOPLIST_FILE = "App-Watch/Watch Extension/Info.plist";
				LD_RUNPATH_SEARCH_PATHS = "$(inherited) @executable_path/Frameworks @executable_path/../../Frameworks";
				MTL_ENABLE_DEBUG_INFO = NO;
				PRODUCT_BUNDLE_IDENTIFIER = com.syerit.template1.ios.watchkitapp.watchkitextension;
				PRODUCT_NAME = "${TARGET_NAME}";
				PROVISIONING_PROFILE = "";
				SDKROOT = watchos;
				SKIP_INSTALL = YES;
				TARGETED_DEVICE_FAMILY = 4;
				VALIDATE_PRODUCT = YES;
				WATCHOS_DEPLOYMENT_TARGET = 2.0;
			};
			name = Release;
		};
		20A75BE51BDECC4F00EED682 /* Debug */ = {
			isa = XCBuildConfiguration;
			buildSettings = {
				ALWAYS_SEARCH_USER_PATHS = NO;
				ASSETCATALOG_COMPILER_APPICON_NAME = AppIcon;
				CLANG_CXX_LANGUAGE_STANDARD = "gnu++0x";
				CLANG_CXX_LIBRARY = "libc++";
				CLANG_ENABLE_MODULES = YES;
				CLANG_ENABLE_OBJC_ARC = YES;
				CLANG_WARN_BOOL_CONVERSION = YES;
				CLANG_WARN_CONSTANT_CONVERSION = YES;
				CLANG_WARN_DIRECT_OBJC_ISA_USAGE = YES_ERROR;
				CLANG_WARN_EMPTY_BODY = YES;
				CLANG_WARN_ENUM_CONVERSION = YES;
				CLANG_WARN_INT_CONVERSION = YES;
				CLANG_WARN_OBJC_ROOT_CLASS = YES_ERROR;
				CLANG_WARN_UNREACHABLE_CODE = YES;
				CLANG_WARN__DUPLICATE_METHOD_MATCH = YES;
				CODE_SIGN_IDENTITY = "iPhone Developer";
				COPY_PHASE_STRIP = NO;
				DEBUG_INFORMATION_FORMAT = dwarf;
				EMBEDDED_CONTENT_CONTAINS_SWIFT = YES;
				ENABLE_STRICT_OBJC_MSGSEND = YES;
				ENABLE_TESTABILITY = YES;
				GCC_C_LANGUAGE_STANDARD = gnu99;
				GCC_DYNAMIC_NO_PIC = NO;
				GCC_NO_COMMON_BLOCKS = YES;
				GCC_OPTIMIZATION_LEVEL = 0;
				GCC_PREPROCESSOR_DEFINITIONS = (
					"DEBUG=1",
					"$(inherited)",
				);
				GCC_WARN_64_TO_32_BIT_CONVERSION = YES;
				GCC_WARN_ABOUT_RETURN_TYPE = YES_ERROR;
				GCC_WARN_UNDECLARED_SELECTOR = YES;
				GCC_WARN_UNINITIALIZED_AUTOS = YES_AGGRESSIVE;
				GCC_WARN_UNUSED_FUNCTION = YES;
				GCC_WARN_UNUSED_VARIABLE = YES;
				IBSC_MODULE = Watch_Extension;
				INFOPLIST_FILE = "App-Watch/Watch/Info.plist";
				MTL_ENABLE_DEBUG_INFO = YES;
				ONLY_ACTIVE_ARCH = YES;
				PRODUCT_BUNDLE_IDENTIFIER = com.syerit.template1.ios.watchkitapp;
				PRODUCT_NAME = "$(TARGET_NAME)";
				SDKROOT = watchos;
				SKIP_INSTALL = YES;
				SWIFT_OPTIMIZATION_LEVEL = "-Onone";
				TARGETED_DEVICE_FAMILY = 4;
				WATCHOS_DEPLOYMENT_TARGET = 2.0;
			};
			name = Debug;
		};
		20A75BE61BDECC4F00EED682 /* Release */ = {
			isa = XCBuildConfiguration;
			buildSettings = {
				ALWAYS_SEARCH_USER_PATHS = NO;
				ASSETCATALOG_COMPILER_APPICON_NAME = AppIcon;
				CLANG_CXX_LANGUAGE_STANDARD = "gnu++0x";
				CLANG_CXX_LIBRARY = "libc++";
				CLANG_ENABLE_MODULES = YES;
				CLANG_ENABLE_OBJC_ARC = YES;
				CLANG_WARN_BOOL_CONVERSION = YES;
				CLANG_WARN_CONSTANT_CONVERSION = YES;
				CLANG_WARN_DIRECT_OBJC_ISA_USAGE = YES_ERROR;
				CLANG_WARN_EMPTY_BODY = YES;
				CLANG_WARN_ENUM_CONVERSION = YES;
				CLANG_WARN_INT_CONVERSION = YES;
				CLANG_WARN_OBJC_ROOT_CLASS = YES_ERROR;
				CLANG_WARN_UNREACHABLE_CODE = YES;
				CLANG_WARN__DUPLICATE_METHOD_MATCH = YES;
				CODE_SIGN_IDENTITY = "iPhone Developer";
				COPY_PHASE_STRIP = NO;
				DEBUG_INFORMATION_FORMAT = "dwarf-with-dsym";
				EMBEDDED_CONTENT_CONTAINS_SWIFT = YES;
				ENABLE_NS_ASSERTIONS = NO;
				ENABLE_STRICT_OBJC_MSGSEND = YES;
				GCC_C_LANGUAGE_STANDARD = gnu99;
				GCC_NO_COMMON_BLOCKS = YES;
				GCC_WARN_64_TO_32_BIT_CONVERSION = YES;
				GCC_WARN_ABOUT_RETURN_TYPE = YES_ERROR;
				GCC_WARN_UNDECLARED_SELECTOR = YES;
				GCC_WARN_UNINITIALIZED_AUTOS = YES_AGGRESSIVE;
				GCC_WARN_UNUSED_FUNCTION = YES;
				GCC_WARN_UNUSED_VARIABLE = YES;
				IBSC_MODULE = Watch_Extension;
				INFOPLIST_FILE = "App-Watch/Watch/Info.plist";
				MTL_ENABLE_DEBUG_INFO = NO;
				PRODUCT_BUNDLE_IDENTIFIER = com.syerit.template1.ios.watchkitapp;
				PRODUCT_NAME = "$(TARGET_NAME)";
				SDKROOT = watchos;
				SKIP_INSTALL = YES;
				TARGETED_DEVICE_FAMILY = 4;
				VALIDATE_PRODUCT = YES;
				WATCHOS_DEPLOYMENT_TARGET = 2.0;
			};
			name = Release;
		};
		CE6DABC41BD0FE8C00976127 /* Debug */ = {
			isa = XCBuildConfiguration;
			baseConfigurationReference = CEFD28E21BD12C6E000067CD /* App-iOS.xcconfig */;
			buildSettings = {
				EMBEDDED_CONTENT_CONTAINS_SWIFT = YES;
				ENABLE_BITCODE = YES;
			};
			name = Debug;
		};
		CE6DABC51BD0FE8C00976127 /* Release */ = {
			isa = XCBuildConfiguration;
			baseConfigurationReference = CEFD28E21BD12C6E000067CD /* App-iOS.xcconfig */;
			buildSettings = {
				EMBEDDED_CONTENT_CONTAINS_SWIFT = YES;
				ENABLE_BITCODE = YES;
			};
			name = Release;
		};
		CE6DABC71BD0FE8C00976127 /* Debug */ = {
			isa = XCBuildConfiguration;
			baseConfigurationReference = CEFD29381BD1316D000067CD /* App-iOS-Debug.xcconfig */;
			buildSettings = {
				CLANG_ENABLE_MODULES = YES;
				CODE_SIGN_IDENTITY = "iPhone Developer";
				"CODE_SIGN_IDENTITY[sdk=iphoneos*]" = "iPhone Developer";
				ENABLE_BITCODE = NO;
				FRAMEWORK_SEARCH_PATHS = (
					"$(inherited)",
					"$(PROJECT_DIR)",
				);
				INFOPLIST_FILE = "$(SRCROOT)/Code/Info.plist";
				IPHONEOS_DEPLOYMENT_TARGET = 8.0;
				LD_RUNPATH_SEARCH_PATHS = "$(inherited) @executable_path/Frameworks @loader_path/Frameworks @executable_path/../Frameworks @loader_path/../Frameworks @loader_path/../../Frameworks @executable_path/../../Frameworks";
				PRODUCT_BUNDLE_IDENTIFIER = com.syerit.template1.ios;
				PRODUCT_NAME = Template1;
				PROVISIONING_PROFILE = "";
				SWIFT_OBJC_BRIDGING_HEADER = "Code/Source/Objc/App-iOS-Bridging-Header.h";
				SWIFT_OPTIMIZATION_LEVEL = "-Onone";
			};
			name = Debug;
		};
		CE6DABC81BD0FE8C00976127 /* Release */ = {
			isa = XCBuildConfiguration;
			baseConfigurationReference = CEFD29391BD13177000067CD /* App-iOS-Release.xcconfig */;
			buildSettings = {
				CLANG_ENABLE_MODULES = YES;
				CODE_SIGN_IDENTITY = "iPhone Developer";
				"CODE_SIGN_IDENTITY[sdk=iphoneos*]" = "iPhone Developer";
				ENABLE_BITCODE = NO;
				FRAMEWORK_SEARCH_PATHS = (
					"$(inherited)",
					"$(PROJECT_DIR)",
				);
				INFOPLIST_FILE = "$(SRCROOT)/Code/Info.plist";
				IPHONEOS_DEPLOYMENT_TARGET = 8.0;
				LD_RUNPATH_SEARCH_PATHS = "$(inherited) @executable_path/Frameworks @loader_path/Frameworks @executable_path/../Frameworks @loader_path/../Frameworks @loader_path/../../Frameworks @executable_path/../../Frameworks";
				PRODUCT_BUNDLE_IDENTIFIER = com.syerit.template1.ios;
				PRODUCT_NAME = Template1;
				PROVISIONING_PROFILE = "";
				SWIFT_OBJC_BRIDGING_HEADER = "Code/Source/Objc/App-iOS-Bridging-Header.h";
			};
			name = Release;
		};
		CE6DABCA1BD0FE8C00976127 /* Debug */ = {
			isa = XCBuildConfiguration;
			buildSettings = {
				BUNDLE_LOADER = "$(TEST_HOST)";
				INFOPLIST_FILE = Tests/Info.plist;
				LD_RUNPATH_SEARCH_PATHS = "$(inherited) @executable_path/Frameworks @loader_path/Frameworks";
				PRODUCT_BUNDLE_IDENTIFIER = com.Tests;
				PRODUCT_NAME = Template1;
				TEST_HOST = "$(BUILT_PRODUCTS_DIR)/Template1.app/Template1";
			};
			name = Debug;
		};
		CE6DABCB1BD0FE8C00976127 /* Release */ = {
			isa = XCBuildConfiguration;
			buildSettings = {
				BUNDLE_LOADER = "$(TEST_HOST)";
				INFOPLIST_FILE = Tests/Info.plist;
				LD_RUNPATH_SEARCH_PATHS = "$(inherited) @executable_path/Frameworks @loader_path/Frameworks";
				PRODUCT_BUNDLE_IDENTIFIER = com.Tests;
				PRODUCT_NAME = Template1;
				TEST_HOST = "$(BUILT_PRODUCTS_DIR)/Template1.app/Template1";
			};
			name = Release;
		};
		CE6DABCD1BD0FE8C00976127 /* Debug */ = {
			isa = XCBuildConfiguration;
			buildSettings = {
				INFOPLIST_FILE = UITests/Info.plist;
				LD_RUNPATH_SEARCH_PATHS = "$(inherited) @executable_path/Frameworks @loader_path/Frameworks";
				PRODUCT_BUNDLE_IDENTIFIER = com.UITests;
				PRODUCT_NAME = Template1;
				TEST_TARGET_NAME = Template1;
				USES_XCTRUNNER = YES;
			};
			name = Debug;
		};
		CE6DABCE1BD0FE8C00976127 /* Release */ = {
			isa = XCBuildConfiguration;
			buildSettings = {
				INFOPLIST_FILE = UITests/Info.plist;
				LD_RUNPATH_SEARCH_PATHS = "$(inherited) @executable_path/Frameworks @loader_path/Frameworks";
				PRODUCT_BUNDLE_IDENTIFIER = com.UITests;
				PRODUCT_NAME = Template1;
				TEST_TARGET_NAME = Template1;
				USES_XCTRUNNER = YES;
			};
			name = Release;
		};
/* End XCBuildConfiguration section */

/* Begin XCConfigurationList section */
		20A75BE01BDECC4F00EED682 /* Build configuration list for PBXNativeTarget "Watch Extension" */ = {
			isa = XCConfigurationList;
			buildConfigurations = (
				20A75BE11BDECC4F00EED682 /* Debug */,
				20A75BE21BDECC4F00EED682 /* Release */,
			);
			defaultConfigurationIsVisible = 0;
			defaultConfigurationName = Release;
		};
		20A75BE41BDECC4F00EED682 /* Build configuration list for PBXNativeTarget "Watch" */ = {
			isa = XCConfigurationList;
			buildConfigurations = (
				20A75BE51BDECC4F00EED682 /* Debug */,
				20A75BE61BDECC4F00EED682 /* Release */,
			);
			defaultConfigurationIsVisible = 0;
			defaultConfigurationName = Release;
		};
		CE6DAB991BD0FE8C00976127 /* Build configuration list for PBXProject "App-iOS" */ = {
			isa = XCConfigurationList;
			buildConfigurations = (
				CE6DABC41BD0FE8C00976127 /* Debug */,
				CE6DABC51BD0FE8C00976127 /* Release */,
			);
			defaultConfigurationIsVisible = 0;
			defaultConfigurationName = Release;
		};
		CE6DABC61BD0FE8C00976127 /* Build configuration list for PBXNativeTarget "Template1" */ = {
			isa = XCConfigurationList;
			buildConfigurations = (
				CE6DABC71BD0FE8C00976127 /* Debug */,
				CE6DABC81BD0FE8C00976127 /* Release */,
			);
			defaultConfigurationIsVisible = 0;
			defaultConfigurationName = Release;
		};
		CE6DABC91BD0FE8C00976127 /* Build configuration list for PBXNativeTarget "Tests" */ = {
			isa = XCConfigurationList;
			buildConfigurations = (
				CE6DABCA1BD0FE8C00976127 /* Debug */,
				CE6DABCB1BD0FE8C00976127 /* Release */,
			);
			defaultConfigurationIsVisible = 0;
			defaultConfigurationName = Release;
		};
		CE6DABCC1BD0FE8C00976127 /* Build configuration list for PBXNativeTarget "UITests" */ = {
			isa = XCConfigurationList;
			buildConfigurations = (
				CE6DABCD1BD0FE8C00976127 /* Debug */,
				CE6DABCE1BD0FE8C00976127 /* Release */,
			);
			defaultConfigurationIsVisible = 0;
			defaultConfigurationName = Release;
		};
/* End XCConfigurationList section */

/* Begin XCVersionGroup section */
		2090928F1BD57C1C00E59A11 /* App_iOS.xcdatamodeld */ = {
			isa = XCVersionGroup;
			children = (
				209092901BD57C1C00E59A11 /* App_iOS.xcdatamodel */,
			);
			currentVersion = 209092901BD57C1C00E59A11 /* App_iOS.xcdatamodel */;
			path = App_iOS.xcdatamodeld;
			sourceTree = "<group>";
			versionGroupType = wrapper.xcdatamodel;
		};
/* End XCVersionGroup section */
	};
	rootObject = CE6DAB961BD0FE8C00976127 /* Project object */;
}
